// !$*UTF8*$!
{
	archiveVersion = 1;
	classes = {
	};
	objectVersion = 77;
	objects = {

/* Begin PBXBuildFile section */
		110D7C442DA827A20090280D /* LoginDataModel.swift in Sources */ = {isa = PBXBuildFile; fileRef = 110D7C432DA827A20090280D /* LoginDataModel.swift */; };
		110D9C272DA306E800492B46 /* Futurica.ttf in Resources */ = {isa = PBXBuildFile; fileRef = 110D9C212DA306E800492B46 /* Futurica.ttf */; };
		11273A3D2DAE832300E2FB47 /* GuestHelper.swift in Sources */ = {isa = PBXBuildFile; fileRef = 11273A3C2DAE831E00E2FB47 /* GuestHelper.swift */; };
		11273A3F2DAE832C00E2FB47 /* GuestAPIService.swift in Sources */ = {isa = PBXBuildFile; fileRef = 11273A3E2DAE832600E2FB47 /* GuestAPIService.swift */; };
		11273A412DAE833300E2FB47 /* GuestUseCase.swift in Sources */ = {isa = PBXBuildFile; fileRef = 11273A402DAE832F00E2FB47 /* GuestUseCase.swift */; };
		11273A442DAE840F00E2FB47 /* GuestDataModel.swift in Sources */ = {isa = PBXBuildFile; fileRef = 11273A432DAE840500E2FB47 /* GuestDataModel.swift */; };
		11273A462DAE898200E2FB47 /* ListCellProtocol.swift in Sources */ = {isa = PBXBuildFile; fileRef = 11273A452DAE897100E2FB47 /* ListCellProtocol.swift */; };
		11365C962D93209B0004A3F4 /* MeltingCircleBackgroundView.swift in Sources */ = {isa = PBXBuildFile; fileRef = 11365C952D93209B0004A3F4 /* MeltingCircleBackgroundView.swift */; };
		1147AF132DABEA28006D28CD /* MenuTableCell.swift in Sources */ = {isa = PBXBuildFile; fileRef = 1147AF122DABE9FE006D28CD /* MenuTableCell.swift */; };
		1147AF152DABF6B5006D28CD /* HomeTabBarNavigation.swift in Sources */ = {isa = PBXBuildFile; fileRef = 1147AF142DABF6AD006D28CD /* HomeTabBarNavigation.swift */; };
		1147AF182DAC0055006D28CD /* ListTableCell.swift in Sources */ = {isa = PBXBuildFile; fileRef = 1147AF172DAC004E006D28CD /* ListTableCell.swift */; };
		1147AF2C2DAC2F66006D28CD /* Montserrat-Light.ttf in Resources */ = {isa = PBXBuildFile; fileRef = 1147AF222DAC2F66006D28CD /* Montserrat-Light.ttf */; };
		1147AF302DAC2F66006D28CD /* Montserrat-Medium.ttf in Resources */ = {isa = PBXBuildFile; fileRef = 1147AF242DAC2F66006D28CD /* Montserrat-Medium.ttf */; };
		1147AF362DAC2F66006D28CD /* Montserrat-SemiBold.ttf in Resources */ = {isa = PBXBuildFile; fileRef = 1147AF272DAC2F66006D28CD /* Montserrat-SemiBold.ttf */; };
		1147AF3A2DAC2F66006D28CD /* Montserrat-Regular.ttf in Resources */ = {isa = PBXBuildFile; fileRef = 1147AF262DAC2F66006D28CD /* Montserrat-Regular.ttf */; };
		1147AF3C2DAC2F66006D28CD /* Montserrat-Bold.ttf in Resources */ = {isa = PBXBuildFile; fileRef = 1147AF1B2DAC2F66006D28CD /* Montserrat-Bold.ttf */; };
		1147AF462DAC3ECA006D28CD /* TaskViewController.swift in Sources */ = {isa = PBXBuildFile; fileRef = 1147AF452DAC3EC3006D28CD /* TaskViewController.swift */; };
		1147AF482DAC3ED2006D28CD /* TaskViewModel.swift in Sources */ = {isa = PBXBuildFile; fileRef = 1147AF472DAC3ECE006D28CD /* TaskViewModel.swift */; };
		1147AF4A2DAC3EDE006D28CD /* AddTaskViewController.swift in Sources */ = {isa = PBXBuildFile; fileRef = 1147AF492DAC3ED8006D28CD /* AddTaskViewController.swift */; };
		1147AF4C2DAC3EEA006D28CD /* AddTaskViewModel.swift in Sources */ = {isa = PBXBuildFile; fileRef = 1147AF4B2DAC3EE2006D28CD /* AddTaskViewModel.swift */; };
		11529D722D95E03700AAD720 /* CoreAPIHelper.swift in Sources */ = {isa = PBXBuildFile; fileRef = 11529D712D95E03700AAD720 /* CoreAPIHelper.swift */; };
		11529D742D95E04600AAD720 /* CoreAPIManager.swift in Sources */ = {isa = PBXBuildFile; fileRef = 11529D732D95E04600AAD720 /* CoreAPIManager.swift */; };
		11529D762D95E05400AAD720 /* CoreErrorModel.swift in Sources */ = {isa = PBXBuildFile; fileRef = 11529D752D95E05400AAD720 /* CoreErrorModel.swift */; };
		11529D782D95E34700AAD720 /* RegisterDataModel.swift in Sources */ = {isa = PBXBuildFile; fileRef = 11529D772D95E34700AAD720 /* RegisterDataModel.swift */; };
		11529D7B2D95E4BB00AAD720 /* AuthSessionHelper.swift in Sources */ = {isa = PBXBuildFile; fileRef = 11529D7A2D95E4BB00AAD720 /* AuthSessionHelper.swift */; };
		11529D7D2D95E4C600AAD720 /* AuthSessionUseCase.swift in Sources */ = {isa = PBXBuildFile; fileRef = 11529D7C2D95E4C600AAD720 /* AuthSessionUseCase.swift */; };
		11529D7F2D95E4D400AAD720 /* AuthSessionAPIService.swift in Sources */ = {isa = PBXBuildFile; fileRef = 11529D7E2D95E4D400AAD720 /* AuthSessionAPIService.swift */; };
		116248672DC13BCC00DFFA01 /* EmailOrTokenDataModel.swift in Sources */ = {isa = PBXBuildFile; fileRef = 116248662DC13BC400DFFA01 /* EmailOrTokenDataModel.swift */; };
		11630E992DB0179200C277AE /* SDWebImage in Frameworks */ = {isa = PBXBuildFile; productRef = 11630E982DB0179200C277AE /* SDWebImage */; };
		11630E9C2DB019D700C277AE /* SVGKit in Frameworks */ = {isa = PBXBuildFile; productRef = 11630E9B2DB019D700C277AE /* SVGKit */; };
		11630E9E2DB019D700C277AE /* SVGKitSwift in Frameworks */ = {isa = PBXBuildFile; productRef = 11630E9D2DB019D700C277AE /* SVGKitSwift */; };
		11630EA12DB0242D00C277AE /* SwiftSVG in Frameworks */ = {isa = PBXBuildFile; productRef = 11630EA02DB0242D00C277AE /* SwiftSVG */; };
		11630EA42DB02FBD00C277AE /* Macaw in Frameworks */ = {isa = PBXBuildFile; productRef = 11630EA32DB02FBD00C277AE /* Macaw */; };
		11630EA92DB03CF000C277AE /* PlanningHelper.swift in Sources */ = {isa = PBXBuildFile; fileRef = 11630EA52DB03CEF00C277AE /* PlanningHelper.swift */; };
		11630EAA2DB03CF000C277AE /* PlanningUseCase.swift in Sources */ = {isa = PBXBuildFile; fileRef = 11630EA62DB03CEF00C277AE /* PlanningUseCase.swift */; };
		11630EAB2DB03CF000C277AE /* PlanningAPIService.swift in Sources */ = {isa = PBXBuildFile; fileRef = 11630EA72DB03CEF00C277AE /* PlanningAPIService.swift */; };
		11630EAF2DB03EA200C277AE /* PlanDataModel.swift in Sources */ = {isa = PBXBuildFile; fileRef = 11630EAD2DB03EA200C277AE /* PlanDataModel.swift */; };
		1164A9872DC2855D0061B57D /* MockAtuhSessionUseCase.swift in Sources */ = {isa = PBXBuildFile; fileRef = 1164A9862DC285530061B57D /* MockAtuhSessionUseCase.swift */; };
		1174DF922DAAC31600DC1CCC /* HomeTabBarCoordinator.swift in Sources */ = {isa = PBXBuildFile; fileRef = 1174DF912DAAC31600DC1CCC /* HomeTabBarCoordinator.swift */; };
		1174DF942DAAC32200DC1CCC /* TabBarController.swift in Sources */ = {isa = PBXBuildFile; fileRef = 1174DF932DAAC32200DC1CCC /* TabBarController.swift */; };
		1174DF982DAAC45B00DC1CCC /* GoogleSignIn in Frameworks */ = {isa = PBXBuildFile; productRef = 1174DF972DAAC45B00DC1CCC /* GoogleSignIn */; };
		1174DF9A2DAAC45B00DC1CCC /* GoogleSignInSwift in Frameworks */ = {isa = PBXBuildFile; productRef = 1174DF992DAAC45B00DC1CCC /* GoogleSignInSwift */; };
		1174DFA42DAAD23800DC1CCC /* HomeNavigation.swift in Sources */ = {isa = PBXBuildFile; fileRef = 1174DFA32DAAD22C00DC1CCC /* HomeNavigation.swift */; };
		1174DFA62DAAD24700DC1CCC /* HomeCoordinator.swift in Sources */ = {isa = PBXBuildFile; fileRef = 1174DFA52DAAD23D00DC1CCC /* HomeCoordinator.swift */; };
		1174DFAC2DAAD2E800DC1CCC /* PlanningNavigation.swift in Sources */ = {isa = PBXBuildFile; fileRef = 1174DFAB2DAAD2E100DC1CCC /* PlanningNavigation.swift */; };
		1174DFAE2DAAD2F700DC1CCC /* PlanningCoordinator.swift in Sources */ = {isa = PBXBuildFile; fileRef = 1174DFAD2DAAD2EB00DC1CCC /* PlanningCoordinator.swift */; };
		1174DFB12DAAD31600DC1CCC /* GuestsCoordinator.swift in Sources */ = {isa = PBXBuildFile; fileRef = 1174DFB02DAAD30E00DC1CCC /* GuestsCoordinator.swift */; };
		1174DFB32DAAD32300DC1CCC /* GuestsNavigation.swift in Sources */ = {isa = PBXBuildFile; fileRef = 1174DFB22DAAD31900DC1CCC /* GuestsNavigation.swift */; };
		1174DFB62DAAD50100DC1CCC /* HomeViewController.swift in Sources */ = {isa = PBXBuildFile; fileRef = 1174DFB52DAAD4FB00DC1CCC /* HomeViewController.swift */; };
		1174DFB82DAAD50A00DC1CCC /* HomeViewModel.swift in Sources */ = {isa = PBXBuildFile; fileRef = 1174DFB72DAAD50500DC1CCC /* HomeViewModel.swift */; };
		1174DFBA2DAAD51400DC1CCC /* PlanningViewController.swift in Sources */ = {isa = PBXBuildFile; fileRef = 1174DFB92DAAD50E00DC1CCC /* PlanningViewController.swift */; };
		1174DFBC2DAAD51C00DC1CCC /* PlanningViewModel.swift in Sources */ = {isa = PBXBuildFile; fileRef = 1174DFBB2DAAD51700DC1CCC /* PlanningViewModel.swift */; };
		1174DFBE2DAAD52D00DC1CCC /* GuestsViewController.swift in Sources */ = {isa = PBXBuildFile; fileRef = 1174DFBD2DAAD51F00DC1CCC /* GuestsViewController.swift */; };
		1174DFC02DAAD53600DC1CCC /* GuestsViewModel.swift in Sources */ = {isa = PBXBuildFile; fileRef = 1174DFBF2DAAD53000DC1CCC /* GuestsViewModel.swift */; };
		1174DFC22DAAE55000DC1CCC /* GoogleHelper.swift in Sources */ = {isa = PBXBuildFile; fileRef = 1174DFC12DAAE54A00DC1CCC /* GoogleHelper.swift */; };
		1174DFC42DAAE87900DC1CCC /* Icons.xcassets in Resources */ = {isa = PBXBuildFile; fileRef = 1174DFC32DAAE87900DC1CCC /* Icons.xcassets */; };
		118AFB8E2DAD9DC000FAC4F0 /* GuestDetailViewModel.swift in Sources */ = {isa = PBXBuildFile; fileRef = 118AFB8B2DAD9DC000FAC4F0 /* GuestDetailViewModel.swift */; };
		118AFB8F2DAD9DC000FAC4F0 /* GuestDetailViewController.swift in Sources */ = {isa = PBXBuildFile; fileRef = 118AFB8A2DAD9DC000FAC4F0 /* GuestDetailViewController.swift */; };
		118AFB9B2DAD9F0C00FAC4F0 /* AddGuestViewModel.swift in Sources */ = {isa = PBXBuildFile; fileRef = 118AFB992DAD9F0C00FAC4F0 /* AddGuestViewModel.swift */; };
		118AFB9C2DAD9F0C00FAC4F0 /* AddGuestViewController.swift in Sources */ = {isa = PBXBuildFile; fileRef = 118AFB982DAD9F0C00FAC4F0 /* AddGuestViewController.swift */; };
		11A7E35F2D8B361500D82AF2 /* AppDelegate.swift in Sources */ = {isa = PBXBuildFile; fileRef = 11A7E3592D8B361500D82AF2 /* AppDelegate.swift */; };
		11A7E3602D8B361500D82AF2 /* SceneDelegate.swift in Sources */ = {isa = PBXBuildFile; fileRef = 11A7E35C2D8B361500D82AF2 /* SceneDelegate.swift */; };
		11A7E3622D8B361500D82AF2 /* Assets.xcassets in Resources */ = {isa = PBXBuildFile; fileRef = 11A7E35A2D8B361500D82AF2 /* Assets.xcassets */; };
		11A7E3662D8B361700D82AF2 /* LoginViewModelTests.swift in Sources */ = {isa = PBXBuildFile; fileRef = 11A7E3642D8B361700D82AF2 /* LoginViewModelTests.swift */; };
		11A7E36B2D8B361A00D82AF2 /* OLSUNUITestsLaunchTests.swift in Sources */ = {isa = PBXBuildFile; fileRef = 11A7E3682D8B361A00D82AF2 /* OLSUNUITestsLaunchTests.swift */; };
		11A7E3722D8B36D100D82AF2 /* Colors.xcassets in Resources */ = {isa = PBXBuildFile; fileRef = 11A7E3712D8B36D100D82AF2 /* Colors.xcassets */; };
		11A7E3772D8B373600D82AF2 /* UserDefaultsHelper.swift in Sources */ = {isa = PBXBuildFile; fileRef = 11A7E3762D8B373600D82AF2 /* UserDefaultsHelper.swift */; };
		11A7E3792D8B374300D82AF2 /* UserDefaultsKey.swift in Sources */ = {isa = PBXBuildFile; fileRef = 11A7E3782D8B374300D82AF2 /* UserDefaultsKey.swift */; };
		11A7E37B2D8B375600D82AF2 /* NotificationNameExtensions.swift in Sources */ = {isa = PBXBuildFile; fileRef = 11A7E37A2D8B375600D82AF2 /* NotificationNameExtensions.swift */; };
		11A7E37D2D8B376000D82AF2 /* Extensions.swift in Sources */ = {isa = PBXBuildFile; fileRef = 11A7E37C2D8B376000D82AF2 /* Extensions.swift */; };
		11A7E37F2D8B376E00D82AF2 /* LayoutExtensions.swift in Sources */ = {isa = PBXBuildFile; fileRef = 11A7E37E2D8B376E00D82AF2 /* LayoutExtensions.swift */; };
		11A7E3832D8B37A000D82AF2 /* Coordinator.swift in Sources */ = {isa = PBXBuildFile; fileRef = 11A7E3822D8B37A000D82AF2 /* Coordinator.swift */; };
		11A7E3852D8B37AA00D82AF2 /* AppCoordinator.swift in Sources */ = {isa = PBXBuildFile; fileRef = 11A7E3842D8B37AA00D82AF2 /* AppCoordinator.swift */; };
		11A7E3872D8B37C000D82AF2 /* BaseViewController.swift in Sources */ = {isa = PBXBuildFile; fileRef = 11A7E3862D8B37C000D82AF2 /* BaseViewController.swift */; };
		11A7E38B2D8B37FD00D82AF2 /* ReusableButton.swift in Sources */ = {isa = PBXBuildFile; fileRef = 11A7E38A2D8B37FD00D82AF2 /* ReusableButton.swift */; };
		11A7E38D2D8B380600D82AF2 /* ReusableLabel.swift in Sources */ = {isa = PBXBuildFile; fileRef = 11A7E38C2D8B380600D82AF2 /* ReusableLabel.swift */; };
		11A7E38F2D8B381000D82AF2 /* ReusableTextField.swift in Sources */ = {isa = PBXBuildFile; fileRef = 11A7E38E2D8B381000D82AF2 /* ReusableTextField.swift */; };
		11A7E3912D8B38EA00D82AF2 /* FontsKeys.swift in Sources */ = {isa = PBXBuildFile; fileRef = 11A7E3902D8B38EA00D82AF2 /* FontsKeys.swift */; };
		11A7E3932D8B39C700D82AF2 /* AuthNavigation.swift in Sources */ = {isa = PBXBuildFile; fileRef = 11A7E3922D8B39C700D82AF2 /* AuthNavigation.swift */; };
		11A7E3952D8B39D200D82AF2 /* AuthCoordinator.swift in Sources */ = {isa = PBXBuildFile; fileRef = 11A7E3942D8B39D200D82AF2 /* AuthCoordinator.swift */; };
		11A7E39E2D8B3A8800D82AF2 /* LoginViewController.swift in Sources */ = {isa = PBXBuildFile; fileRef = 11A7E39D2D8B3A8800D82AF2 /* LoginViewController.swift */; };
		11A7E3A02D8B3A9C00D82AF2 /* LoginViewModel.swift in Sources */ = {isa = PBXBuildFile; fileRef = 11A7E39F2D8B3A9C00D82AF2 /* LoginViewModel.swift */; };
		11B4136E2DC28A9E006FF14F /* SignUpViewModelTests.swift in Sources */ = {isa = PBXBuildFile; fileRef = 11B4136D2DC28A89006FF14F /* SignUpViewModelTests.swift */; };
		11B413702DC3D9A1006FF14F /* HomeViewControllerUITests.swift in Sources */ = {isa = PBXBuildFile; fileRef = 11B4136F2DC3D999006FF14F /* HomeViewControllerUITests.swift */; };
		11B413722DC3E983006FF14F /* PlanningViewControllerUITests.swift in Sources */ = {isa = PBXBuildFile; fileRef = 11B413712DC3E978006FF14F /* PlanningViewControllerUITests.swift */; };
		11B413742DC3ED78006FF14F /* GuestsViewControllerUITests.swift in Sources */ = {isa = PBXBuildFile; fileRef = 11B413732DC3ED6D006FF14F /* GuestsViewControllerUITests.swift */; };
		11B413762DC3F10F006FF14F /* Logger.swift in Sources */ = {isa = PBXBuildFile; fileRef = 11B413752DC3F10D006FF14F /* Logger.swift */; };
		11B413792DC3F68B006FF14F /* KeychainHelper.swift in Sources */ = {isa = PBXBuildFile; fileRef = 11B413782DC3F687006FF14F /* KeychainHelper.swift */; };
		11B4137B2DC3F89B006FF14F /* KeychainKeys.swift in Sources */ = {isa = PBXBuildFile; fileRef = 11B4137A2DC3F895006FF14F /* KeychainKeys.swift */; };
		11B413BB2DCB9E45006FF14F /* NetworkMonitor.swift in Sources */ = {isa = PBXBuildFile; fileRef = 11B413B92DCB9E45006FF14F /* NetworkMonitor.swift */; };
		11B413C12DCBA126006FF14F /* SkeletonView in Frameworks */ = {isa = PBXBuildFile; productRef = 11B413C02DCBA126006FF14F /* SkeletonView */; };
		11B413C92DCBED0F006FF14F /* Localizable.xcstrings in Resources */ = {isa = PBXBuildFile; fileRef = 11B413C82DCBED0F006FF14F /* Localizable.xcstrings */; };
		11B413CC2DCBF733006FF14F /* OlsunStrings.swift in Sources */ = {isa = PBXBuildFile; fileRef = 11B413CB2DCBF72F006FF14F /* OlsunStrings.swift */; };
		11B413CF2DCBFFCF006FF14F /* LocalizationManager.swift in Sources */ = {isa = PBXBuildFile; fileRef = 11B413CE2DCBFFC9006FF14F /* LocalizationManager.swift */; };
		11B677082DAFE8D700B42579 /* Montserrat-ExtraLight.ttf in Resources */ = {isa = PBXBuildFile; fileRef = 11B677072DAFE8D700B42579 /* Montserrat-ExtraLight.ttf */; };
		11BB9E352D8C8F4E00008DD7 /* WorkSans-ExtraLight.ttf in Resources */ = {isa = PBXBuildFile; fileRef = 11BB9E272D8C8F4E00008DD7 /* WorkSans-ExtraLight.ttf */; };
		11BB9E382D8C8F4E00008DD7 /* WorkSans-Light.ttf in Resources */ = {isa = PBXBuildFile; fileRef = 11BB9E2A2D8C8F4E00008DD7 /* WorkSans-Light.ttf */; };
		11BB9E3A2D8C8F4E00008DD7 /* WorkSans-Bold.ttf in Resources */ = {isa = PBXBuildFile; fileRef = 11BB9E232D8C8F4E00008DD7 /* WorkSans-Bold.ttf */; };
		11BB9E3C2D8C8F4E00008DD7 /* WorkSans-Medium.ttf in Resources */ = {isa = PBXBuildFile; fileRef = 11BB9E2C2D8C8F4E00008DD7 /* WorkSans-Medium.ttf */; };
		11BB9E422D8C8F4E00008DD7 /* WorkSans-SemiBold.ttf in Resources */ = {isa = PBXBuildFile; fileRef = 11BB9E2F2D8C8F4E00008DD7 /* WorkSans-SemiBold.ttf */; };
		11BB9E432D8C8F4E00008DD7 /* WorkSans-Regular.ttf in Resources */ = {isa = PBXBuildFile; fileRef = 11BB9E2E2D8C8F4E00008DD7 /* WorkSans-Regular.ttf */; };
		11BB9E972D8C8F5D00008DD7 /* Roboto-Medium.ttf in Resources */ = {isa = PBXBuildFile; fileRef = 11BB9E752D8C8F5D00008DD7 /* Roboto-Medium.ttf */; };
		11BB9EA02D8C8F5D00008DD7 /* Roboto-Light.ttf in Resources */ = {isa = PBXBuildFile; fileRef = 11BB9E732D8C8F5D00008DD7 /* Roboto-Light.ttf */; };
		11BB9EA12D8C8F5D00008DD7 /* Roboto-ExtraLight.ttf in Resources */ = {isa = PBXBuildFile; fileRef = 11BB9E702D8C8F5D00008DD7 /* Roboto-ExtraLight.ttf */; };
		11BB9EA22D8C8F5D00008DD7 /* Roboto-Bold.ttf in Resources */ = {isa = PBXBuildFile; fileRef = 11BB9E6C2D8C8F5D00008DD7 /* Roboto-Bold.ttf */; };
		11BB9EB32D8C8F5D00008DD7 /* Roboto-Regular.ttf in Resources */ = {isa = PBXBuildFile; fileRef = 11BB9E772D8C8F5D00008DD7 /* Roboto-Regular.ttf */; };
		11BB9EB82D8C8F5D00008DD7 /* Roboto-SemiBold.ttf in Resources */ = {isa = PBXBuildFile; fileRef = 11BB9E782D8C8F5D00008DD7 /* Roboto-SemiBold.ttf */; };
		11BB9EF82D8C8F7D00008DD7 /* Inter_18pt-Regular.ttf in Resources */ = {isa = PBXBuildFile; fileRef = 11BB9EC92D8C8F7D00008DD7 /* Inter_18pt-Regular.ttf */; };
		11BB9F002D8C8F7D00008DD7 /* Inter_18pt-SemiBold.ttf in Resources */ = {isa = PBXBuildFile; fileRef = 11BB9ECA2D8C8F7D00008DD7 /* Inter_18pt-SemiBold.ttf */; };
		11BB9F032D8C8F7D00008DD7 /* Inter_18pt-Light.ttf in Resources */ = {isa = PBXBuildFile; fileRef = 11BB9EC52D8C8F7D00008DD7 /* Inter_18pt-Light.ttf */; };
		11BB9F0D2D8C8F7D00008DD7 /* Inter_18pt-Bold.ttf in Resources */ = {isa = PBXBuildFile; fileRef = 11BB9EBE2D8C8F7D00008DD7 /* Inter_18pt-Bold.ttf */; };
		11BB9F192D8C8F7D00008DD7 /* Inter_18pt-ExtraLight.ttf in Resources */ = {isa = PBXBuildFile; fileRef = 11BB9EC22D8C8F7D00008DD7 /* Inter_18pt-ExtraLight.ttf */; };
		11BB9F202D8C8F7D00008DD7 /* Inter_18pt-Medium.ttf in Resources */ = {isa = PBXBuildFile; fileRef = 11BB9EC72D8C8F7D00008DD7 /* Inter_18pt-Medium.ttf */; };
		11BB9F2C2D8C956E00008DD7 /* OnboardingViewController.swift in Sources */ = {isa = PBXBuildFile; fileRef = 11BB9F2B2D8C956E00008DD7 /* OnboardingViewController.swift */; };
		11BB9F2E2D8C957E00008DD7 /* OnboardingViewModel.swift in Sources */ = {isa = PBXBuildFile; fileRef = 11BB9F2D2D8C957E00008DD7 /* OnboardingViewModel.swift */; };
		11BB9F302D8C958B00008DD7 /* LaunchViewController.swift in Sources */ = {isa = PBXBuildFile; fileRef = 11BB9F2F2D8C958B00008DD7 /* LaunchViewController.swift */; };
		11BB9F322D8C959600008DD7 /* LaunchViewModel.swift in Sources */ = {isa = PBXBuildFile; fileRef = 11BB9F312D8C959600008DD7 /* LaunchViewModel.swift */; };
		11BB9F342D8C95A900008DD7 /* SignUpViewController.swift in Sources */ = {isa = PBXBuildFile; fileRef = 11BB9F332D8C95A900008DD7 /* SignUpViewController.swift */; };
		11BB9F362D8C95B500008DD7 /* SignUpViewModel.swift in Sources */ = {isa = PBXBuildFile; fileRef = 11BB9F352D8C95B500008DD7 /* SignUpViewModel.swift */; };
		11F41BA72DA557FF00C16224 /* CustomPageControl.swift in Sources */ = {isa = PBXBuildFile; fileRef = 11F41BA62DA557FF00C16224 /* CustomPageControl.swift */; };
		11F41BAE2DA564FF00C16224 /* FuturicaL.ttf in Resources */ = {isa = PBXBuildFile; fileRef = 11F41BAD2DA564FF00C16224 /* FuturicaL.ttf */; };
		11F41BAF2DA564FF00C16224 /* FuturicaB.ttf in Resources */ = {isa = PBXBuildFile; fileRef = 11F41BAC2DA564FF00C16224 /* FuturicaB.ttf */; };
		11F41BB22DA5718E00C16224 /* DeviceSizeClass.swift in Sources */ = {isa = PBXBuildFile; fileRef = 11F41BB12DA5718E00C16224 /* DeviceSizeClass.swift */; };
/* End PBXBuildFile section */

/* Begin PBXContainerItemProxy section */
		11A7E33C2D8B35C200D82AF2 /* PBXContainerItemProxy */ = {
			isa = PBXContainerItemProxy;
			containerPortal = 11A7E31D2D8B35BF00D82AF2 /* Project object */;
			proxyType = 1;
			remoteGlobalIDString = 11A7E3242D8B35BF00D82AF2;
			remoteInfo = OLSUN;
		};
		11A7E3462D8B35C200D82AF2 /* PBXContainerItemProxy */ = {
			isa = PBXContainerItemProxy;
			containerPortal = 11A7E31D2D8B35BF00D82AF2 /* Project object */;
			proxyType = 1;
			remoteGlobalIDString = 11A7E3242D8B35BF00D82AF2;
			remoteInfo = OLSUN;
		};
/* End PBXContainerItemProxy section */

/* Begin PBXFileReference section */
		110D7C432DA827A20090280D /* LoginDataModel.swift */ = {isa = PBXFileReference; lastKnownFileType = sourcecode.swift; path = LoginDataModel.swift; sourceTree = "<group>"; };
		110D9C212DA306E800492B46 /* Futurica.ttf */ = {isa = PBXFileReference; lastKnownFileType = file; path = Futurica.ttf; sourceTree = "<group>"; };
		11273A3C2DAE831E00E2FB47 /* GuestHelper.swift */ = {isa = PBXFileReference; lastKnownFileType = sourcecode.swift; path = GuestHelper.swift; sourceTree = "<group>"; };
		11273A3E2DAE832600E2FB47 /* GuestAPIService.swift */ = {isa = PBXFileReference; lastKnownFileType = sourcecode.swift; path = GuestAPIService.swift; sourceTree = "<group>"; };
		11273A402DAE832F00E2FB47 /* GuestUseCase.swift */ = {isa = PBXFileReference; lastKnownFileType = sourcecode.swift; path = GuestUseCase.swift; sourceTree = "<group>"; };
		11273A432DAE840500E2FB47 /* GuestDataModel.swift */ = {isa = PBXFileReference; lastKnownFileType = sourcecode.swift; path = GuestDataModel.swift; sourceTree = "<group>"; };
		11273A452DAE897100E2FB47 /* ListCellProtocol.swift */ = {isa = PBXFileReference; lastKnownFileType = sourcecode.swift; path = ListCellProtocol.swift; sourceTree = "<group>"; };
		11365C952D93209B0004A3F4 /* MeltingCircleBackgroundView.swift */ = {isa = PBXFileReference; lastKnownFileType = sourcecode.swift; path = MeltingCircleBackgroundView.swift; sourceTree = "<group>"; };
		1147AF122DABE9FE006D28CD /* MenuTableCell.swift */ = {isa = PBXFileReference; lastKnownFileType = sourcecode.swift; path = MenuTableCell.swift; sourceTree = "<group>"; };
		1147AF142DABF6AD006D28CD /* HomeTabBarNavigation.swift */ = {isa = PBXFileReference; lastKnownFileType = sourcecode.swift; path = HomeTabBarNavigation.swift; sourceTree = "<group>"; };
		1147AF172DAC004E006D28CD /* ListTableCell.swift */ = {isa = PBXFileReference; lastKnownFileType = sourcecode.swift; path = ListTableCell.swift; sourceTree = "<group>"; };
		1147AF1B2DAC2F66006D28CD /* Montserrat-Bold.ttf */ = {isa = PBXFileReference; lastKnownFileType = file; path = "Montserrat-Bold.ttf"; sourceTree = "<group>"; };
		1147AF222DAC2F66006D28CD /* Montserrat-Light.ttf */ = {isa = PBXFileReference; lastKnownFileType = file; path = "Montserrat-Light.ttf"; sourceTree = "<group>"; };
		1147AF242DAC2F66006D28CD /* Montserrat-Medium.ttf */ = {isa = PBXFileReference; lastKnownFileType = file; path = "Montserrat-Medium.ttf"; sourceTree = "<group>"; };
		1147AF262DAC2F66006D28CD /* Montserrat-Regular.ttf */ = {isa = PBXFileReference; lastKnownFileType = file; path = "Montserrat-Regular.ttf"; sourceTree = "<group>"; };
		1147AF272DAC2F66006D28CD /* Montserrat-SemiBold.ttf */ = {isa = PBXFileReference; lastKnownFileType = file; path = "Montserrat-SemiBold.ttf"; sourceTree = "<group>"; };
		1147AF452DAC3EC3006D28CD /* TaskViewController.swift */ = {isa = PBXFileReference; lastKnownFileType = sourcecode.swift; path = TaskViewController.swift; sourceTree = "<group>"; };
		1147AF472DAC3ECE006D28CD /* TaskViewModel.swift */ = {isa = PBXFileReference; lastKnownFileType = sourcecode.swift; path = TaskViewModel.swift; sourceTree = "<group>"; };
		1147AF492DAC3ED8006D28CD /* AddTaskViewController.swift */ = {isa = PBXFileReference; lastKnownFileType = sourcecode.swift; path = AddTaskViewController.swift; sourceTree = "<group>"; };
		1147AF4B2DAC3EE2006D28CD /* AddTaskViewModel.swift */ = {isa = PBXFileReference; lastKnownFileType = sourcecode.swift; path = AddTaskViewModel.swift; sourceTree = "<group>"; };
		11529D712D95E03700AAD720 /* CoreAPIHelper.swift */ = {isa = PBXFileReference; lastKnownFileType = sourcecode.swift; path = CoreAPIHelper.swift; sourceTree = "<group>"; };
		11529D732D95E04600AAD720 /* CoreAPIManager.swift */ = {isa = PBXFileReference; lastKnownFileType = sourcecode.swift; path = CoreAPIManager.swift; sourceTree = "<group>"; };
		11529D752D95E05400AAD720 /* CoreErrorModel.swift */ = {isa = PBXFileReference; lastKnownFileType = sourcecode.swift; path = CoreErrorModel.swift; sourceTree = "<group>"; };
		11529D772D95E34700AAD720 /* RegisterDataModel.swift */ = {isa = PBXFileReference; lastKnownFileType = sourcecode.swift; path = RegisterDataModel.swift; sourceTree = "<group>"; };
		11529D7A2D95E4BB00AAD720 /* AuthSessionHelper.swift */ = {isa = PBXFileReference; lastKnownFileType = sourcecode.swift; path = AuthSessionHelper.swift; sourceTree = "<group>"; };
		11529D7C2D95E4C600AAD720 /* AuthSessionUseCase.swift */ = {isa = PBXFileReference; lastKnownFileType = sourcecode.swift; path = AuthSessionUseCase.swift; sourceTree = "<group>"; };
		11529D7E2D95E4D400AAD720 /* AuthSessionAPIService.swift */ = {isa = PBXFileReference; lastKnownFileType = sourcecode.swift; path = AuthSessionAPIService.swift; sourceTree = "<group>"; };
		116248662DC13BC400DFFA01 /* EmailOrTokenDataModel.swift */ = {isa = PBXFileReference; lastKnownFileType = sourcecode.swift; path = EmailOrTokenDataModel.swift; sourceTree = "<group>"; };
		11630EA52DB03CEF00C277AE /* PlanningHelper.swift */ = {isa = PBXFileReference; lastKnownFileType = sourcecode.swift; path = PlanningHelper.swift; sourceTree = "<group>"; };
		11630EA62DB03CEF00C277AE /* PlanningUseCase.swift */ = {isa = PBXFileReference; lastKnownFileType = sourcecode.swift; path = PlanningUseCase.swift; sourceTree = "<group>"; };
		11630EA72DB03CEF00C277AE /* PlanningAPIService.swift */ = {isa = PBXFileReference; lastKnownFileType = sourcecode.swift; path = PlanningAPIService.swift; sourceTree = "<group>"; };
		11630EAD2DB03EA200C277AE /* PlanDataModel.swift */ = {isa = PBXFileReference; lastKnownFileType = sourcecode.swift; path = PlanDataModel.swift; sourceTree = "<group>"; };
		1164A9862DC285530061B57D /* MockAtuhSessionUseCase.swift */ = {isa = PBXFileReference; lastKnownFileType = sourcecode.swift; path = MockAtuhSessionUseCase.swift; sourceTree = "<group>"; };
		1174DF912DAAC31600DC1CCC /* HomeTabBarCoordinator.swift */ = {isa = PBXFileReference; lastKnownFileType = sourcecode.swift; path = HomeTabBarCoordinator.swift; sourceTree = "<group>"; };
		1174DF932DAAC32200DC1CCC /* TabBarController.swift */ = {isa = PBXFileReference; lastKnownFileType = sourcecode.swift; path = TabBarController.swift; sourceTree = "<group>"; };
		1174DFA32DAAD22C00DC1CCC /* HomeNavigation.swift */ = {isa = PBXFileReference; lastKnownFileType = sourcecode.swift; path = HomeNavigation.swift; sourceTree = "<group>"; };
		1174DFA52DAAD23D00DC1CCC /* HomeCoordinator.swift */ = {isa = PBXFileReference; lastKnownFileType = sourcecode.swift; path = HomeCoordinator.swift; sourceTree = "<group>"; };
		1174DFAB2DAAD2E100DC1CCC /* PlanningNavigation.swift */ = {isa = PBXFileReference; lastKnownFileType = sourcecode.swift; path = PlanningNavigation.swift; sourceTree = "<group>"; };
		1174DFAD2DAAD2EB00DC1CCC /* PlanningCoordinator.swift */ = {isa = PBXFileReference; lastKnownFileType = sourcecode.swift; path = PlanningCoordinator.swift; sourceTree = "<group>"; };
		1174DFB02DAAD30E00DC1CCC /* GuestsCoordinator.swift */ = {isa = PBXFileReference; lastKnownFileType = sourcecode.swift; path = GuestsCoordinator.swift; sourceTree = "<group>"; };
		1174DFB22DAAD31900DC1CCC /* GuestsNavigation.swift */ = {isa = PBXFileReference; lastKnownFileType = sourcecode.swift; path = GuestsNavigation.swift; sourceTree = "<group>"; };
		1174DFB52DAAD4FB00DC1CCC /* HomeViewController.swift */ = {isa = PBXFileReference; lastKnownFileType = sourcecode.swift; path = HomeViewController.swift; sourceTree = "<group>"; };
		1174DFB72DAAD50500DC1CCC /* HomeViewModel.swift */ = {isa = PBXFileReference; lastKnownFileType = sourcecode.swift; path = HomeViewModel.swift; sourceTree = "<group>"; };
		1174DFB92DAAD50E00DC1CCC /* PlanningViewController.swift */ = {isa = PBXFileReference; lastKnownFileType = sourcecode.swift; path = PlanningViewController.swift; sourceTree = "<group>"; };
		1174DFBB2DAAD51700DC1CCC /* PlanningViewModel.swift */ = {isa = PBXFileReference; lastKnownFileType = sourcecode.swift; path = PlanningViewModel.swift; sourceTree = "<group>"; };
		1174DFBD2DAAD51F00DC1CCC /* GuestsViewController.swift */ = {isa = PBXFileReference; lastKnownFileType = sourcecode.swift; path = GuestsViewController.swift; sourceTree = "<group>"; };
		1174DFBF2DAAD53000DC1CCC /* GuestsViewModel.swift */ = {isa = PBXFileReference; lastKnownFileType = sourcecode.swift; path = GuestsViewModel.swift; sourceTree = "<group>"; };
		1174DFC12DAAE54A00DC1CCC /* GoogleHelper.swift */ = {isa = PBXFileReference; lastKnownFileType = sourcecode.swift; path = GoogleHelper.swift; sourceTree = "<group>"; };
		1174DFC32DAAE87900DC1CCC /* Icons.xcassets */ = {isa = PBXFileReference; lastKnownFileType = folder.assetcatalog; path = Icons.xcassets; sourceTree = "<group>"; };
		118AFB8A2DAD9DC000FAC4F0 /* GuestDetailViewController.swift */ = {isa = PBXFileReference; lastKnownFileType = sourcecode.swift; path = GuestDetailViewController.swift; sourceTree = "<group>"; };
		118AFB8B2DAD9DC000FAC4F0 /* GuestDetailViewModel.swift */ = {isa = PBXFileReference; lastKnownFileType = sourcecode.swift; path = GuestDetailViewModel.swift; sourceTree = "<group>"; };
		118AFB982DAD9F0C00FAC4F0 /* AddGuestViewController.swift */ = {isa = PBXFileReference; lastKnownFileType = sourcecode.swift; path = AddGuestViewController.swift; sourceTree = "<group>"; };
		118AFB992DAD9F0C00FAC4F0 /* AddGuestViewModel.swift */ = {isa = PBXFileReference; lastKnownFileType = sourcecode.swift; path = AddGuestViewModel.swift; sourceTree = "<group>"; };
		11A7E3252D8B35BF00D82AF2 /* OLSUN.app */ = {isa = PBXFileReference; explicitFileType = wrapper.application; includeInIndex = 0; path = OLSUN.app; sourceTree = BUILT_PRODUCTS_DIR; };
		11A7E33B2D8B35C200D82AF2 /* OLSUNTests.xctest */ = {isa = PBXFileReference; explicitFileType = wrapper.cfbundle; includeInIndex = 0; path = OLSUNTests.xctest; sourceTree = BUILT_PRODUCTS_DIR; };
		11A7E3452D8B35C200D82AF2 /* OLSUNUITests.xctest */ = {isa = PBXFileReference; explicitFileType = wrapper.cfbundle; includeInIndex = 0; path = OLSUNUITests.xctest; sourceTree = BUILT_PRODUCTS_DIR; };
		11A7E3592D8B361500D82AF2 /* AppDelegate.swift */ = {isa = PBXFileReference; lastKnownFileType = sourcecode.swift; path = AppDelegate.swift; sourceTree = "<group>"; };
		11A7E35A2D8B361500D82AF2 /* Assets.xcassets */ = {isa = PBXFileReference; lastKnownFileType = folder.assetcatalog; path = Assets.xcassets; sourceTree = "<group>"; };
		11A7E35B2D8B361500D82AF2 /* Info.plist */ = {isa = PBXFileReference; lastKnownFileType = text.plist.xml; path = Info.plist; sourceTree = "<group>"; };
		11A7E35C2D8B361500D82AF2 /* SceneDelegate.swift */ = {isa = PBXFileReference; lastKnownFileType = sourcecode.swift; path = SceneDelegate.swift; sourceTree = "<group>"; };
		11A7E3642D8B361700D82AF2 /* LoginViewModelTests.swift */ = {isa = PBXFileReference; lastKnownFileType = sourcecode.swift; path = LoginViewModelTests.swift; sourceTree = "<group>"; };
		11A7E3682D8B361A00D82AF2 /* OLSUNUITestsLaunchTests.swift */ = {isa = PBXFileReference; lastKnownFileType = sourcecode.swift; path = OLSUNUITestsLaunchTests.swift; sourceTree = "<group>"; };
		11A7E3712D8B36D100D82AF2 /* Colors.xcassets */ = {isa = PBXFileReference; lastKnownFileType = folder.assetcatalog; path = Colors.xcassets; sourceTree = "<group>"; };
		11A7E3762D8B373600D82AF2 /* UserDefaultsHelper.swift */ = {isa = PBXFileReference; lastKnownFileType = sourcecode.swift; path = UserDefaultsHelper.swift; sourceTree = "<group>"; };
		11A7E3782D8B374300D82AF2 /* UserDefaultsKey.swift */ = {isa = PBXFileReference; lastKnownFileType = sourcecode.swift; path = UserDefaultsKey.swift; sourceTree = "<group>"; };
		11A7E37A2D8B375600D82AF2 /* NotificationNameExtensions.swift */ = {isa = PBXFileReference; lastKnownFileType = sourcecode.swift; path = NotificationNameExtensions.swift; sourceTree = "<group>"; };
		11A7E37C2D8B376000D82AF2 /* Extensions.swift */ = {isa = PBXFileReference; lastKnownFileType = sourcecode.swift; path = Extensions.swift; sourceTree = "<group>"; };
		11A7E37E2D8B376E00D82AF2 /* LayoutExtensions.swift */ = {isa = PBXFileReference; lastKnownFileType = sourcecode.swift; path = LayoutExtensions.swift; sourceTree = "<group>"; };
		11A7E3822D8B37A000D82AF2 /* Coordinator.swift */ = {isa = PBXFileReference; lastKnownFileType = sourcecode.swift; path = Coordinator.swift; sourceTree = "<group>"; };
		11A7E3842D8B37AA00D82AF2 /* AppCoordinator.swift */ = {isa = PBXFileReference; lastKnownFileType = sourcecode.swift; path = AppCoordinator.swift; sourceTree = "<group>"; };
		11A7E3862D8B37C000D82AF2 /* BaseViewController.swift */ = {isa = PBXFileReference; lastKnownFileType = sourcecode.swift; path = BaseViewController.swift; sourceTree = "<group>"; };
		11A7E38A2D8B37FD00D82AF2 /* ReusableButton.swift */ = {isa = PBXFileReference; lastKnownFileType = sourcecode.swift; path = ReusableButton.swift; sourceTree = "<group>"; };
		11A7E38C2D8B380600D82AF2 /* ReusableLabel.swift */ = {isa = PBXFileReference; lastKnownFileType = sourcecode.swift; path = ReusableLabel.swift; sourceTree = "<group>"; };
		11A7E38E2D8B381000D82AF2 /* ReusableTextField.swift */ = {isa = PBXFileReference; lastKnownFileType = sourcecode.swift; path = ReusableTextField.swift; sourceTree = "<group>"; };
		11A7E3902D8B38EA00D82AF2 /* FontsKeys.swift */ = {isa = PBXFileReference; lastKnownFileType = sourcecode.swift; path = FontsKeys.swift; sourceTree = "<group>"; };
		11A7E3922D8B39C700D82AF2 /* AuthNavigation.swift */ = {isa = PBXFileReference; lastKnownFileType = sourcecode.swift; path = AuthNavigation.swift; sourceTree = "<group>"; };
		11A7E3942D8B39D200D82AF2 /* AuthCoordinator.swift */ = {isa = PBXFileReference; lastKnownFileType = sourcecode.swift; path = AuthCoordinator.swift; sourceTree = "<group>"; };
		11A7E39D2D8B3A8800D82AF2 /* LoginViewController.swift */ = {isa = PBXFileReference; lastKnownFileType = sourcecode.swift; path = LoginViewController.swift; sourceTree = "<group>"; };
		11A7E39F2D8B3A9C00D82AF2 /* LoginViewModel.swift */ = {isa = PBXFileReference; lastKnownFileType = sourcecode.swift; path = LoginViewModel.swift; sourceTree = "<group>"; };
		11B4136D2DC28A89006FF14F /* SignUpViewModelTests.swift */ = {isa = PBXFileReference; lastKnownFileType = sourcecode.swift; path = SignUpViewModelTests.swift; sourceTree = "<group>"; };
		11B4136F2DC3D999006FF14F /* HomeViewControllerUITests.swift */ = {isa = PBXFileReference; lastKnownFileType = sourcecode.swift; path = HomeViewControllerUITests.swift; sourceTree = "<group>"; };
		11B413712DC3E978006FF14F /* PlanningViewControllerUITests.swift */ = {isa = PBXFileReference; lastKnownFileType = sourcecode.swift; path = PlanningViewControllerUITests.swift; sourceTree = "<group>"; };
		11B413732DC3ED6D006FF14F /* GuestsViewControllerUITests.swift */ = {isa = PBXFileReference; lastKnownFileType = sourcecode.swift; path = GuestsViewControllerUITests.swift; sourceTree = "<group>"; };
		11B413752DC3F10D006FF14F /* Logger.swift */ = {isa = PBXFileReference; lastKnownFileType = sourcecode.swift; path = Logger.swift; sourceTree = "<group>"; };
		11B413782DC3F687006FF14F /* KeychainHelper.swift */ = {isa = PBXFileReference; lastKnownFileType = sourcecode.swift; path = KeychainHelper.swift; sourceTree = "<group>"; };
		11B4137A2DC3F895006FF14F /* KeychainKeys.swift */ = {isa = PBXFileReference; lastKnownFileType = sourcecode.swift; path = KeychainKeys.swift; sourceTree = "<group>"; };
		11B413B92DCB9E45006FF14F /* NetworkMonitor.swift */ = {isa = PBXFileReference; lastKnownFileType = sourcecode.swift; path = NetworkMonitor.swift; sourceTree = "<group>"; };
		11B413C82DCBED0F006FF14F /* Localizable.xcstrings */ = {isa = PBXFileReference; lastKnownFileType = text.json.xcstrings; path = Localizable.xcstrings; sourceTree = "<group>"; };
		11B413CB2DCBF72F006FF14F /* OlsunStrings.swift */ = {isa = PBXFileReference; lastKnownFileType = sourcecode.swift; path = OlsunStrings.swift; sourceTree = "<group>"; };
		11B413CE2DCBFFC9006FF14F /* LocalizationManager.swift */ = {isa = PBXFileReference; lastKnownFileType = sourcecode.swift; path = LocalizationManager.swift; sourceTree = "<group>"; };
		11B677072DAFE8D700B42579 /* Montserrat-ExtraLight.ttf */ = {isa = PBXFileReference; lastKnownFileType = file; path = "Montserrat-ExtraLight.ttf"; sourceTree = "<group>"; };
		11BB9E232D8C8F4E00008DD7 /* WorkSans-Bold.ttf */ = {isa = PBXFileReference; lastKnownFileType = file; path = "WorkSans-Bold.ttf"; sourceTree = "<group>"; };
		11BB9E272D8C8F4E00008DD7 /* WorkSans-ExtraLight.ttf */ = {isa = PBXFileReference; lastKnownFileType = file; path = "WorkSans-ExtraLight.ttf"; sourceTree = "<group>"; };
		11BB9E2A2D8C8F4E00008DD7 /* WorkSans-Light.ttf */ = {isa = PBXFileReference; lastKnownFileType = file; path = "WorkSans-Light.ttf"; sourceTree = "<group>"; };
		11BB9E2C2D8C8F4E00008DD7 /* WorkSans-Medium.ttf */ = {isa = PBXFileReference; lastKnownFileType = file; path = "WorkSans-Medium.ttf"; sourceTree = "<group>"; };
		11BB9E2E2D8C8F4E00008DD7 /* WorkSans-Regular.ttf */ = {isa = PBXFileReference; lastKnownFileType = file; path = "WorkSans-Regular.ttf"; sourceTree = "<group>"; };
		11BB9E2F2D8C8F4E00008DD7 /* WorkSans-SemiBold.ttf */ = {isa = PBXFileReference; lastKnownFileType = file; path = "WorkSans-SemiBold.ttf"; sourceTree = "<group>"; };
		11BB9E6C2D8C8F5D00008DD7 /* Roboto-Bold.ttf */ = {isa = PBXFileReference; lastKnownFileType = file; path = "Roboto-Bold.ttf"; sourceTree = "<group>"; };
		11BB9E702D8C8F5D00008DD7 /* Roboto-ExtraLight.ttf */ = {isa = PBXFileReference; lastKnownFileType = file; path = "Roboto-ExtraLight.ttf"; sourceTree = "<group>"; };
		11BB9E732D8C8F5D00008DD7 /* Roboto-Light.ttf */ = {isa = PBXFileReference; lastKnownFileType = file; path = "Roboto-Light.ttf"; sourceTree = "<group>"; };
		11BB9E752D8C8F5D00008DD7 /* Roboto-Medium.ttf */ = {isa = PBXFileReference; lastKnownFileType = file; path = "Roboto-Medium.ttf"; sourceTree = "<group>"; };
		11BB9E772D8C8F5D00008DD7 /* Roboto-Regular.ttf */ = {isa = PBXFileReference; lastKnownFileType = file; path = "Roboto-Regular.ttf"; sourceTree = "<group>"; };
		11BB9E782D8C8F5D00008DD7 /* Roboto-SemiBold.ttf */ = {isa = PBXFileReference; lastKnownFileType = file; path = "Roboto-SemiBold.ttf"; sourceTree = "<group>"; };
		11BB9EBE2D8C8F7D00008DD7 /* Inter_18pt-Bold.ttf */ = {isa = PBXFileReference; lastKnownFileType = file; path = "Inter_18pt-Bold.ttf"; sourceTree = "<group>"; };
		11BB9EC22D8C8F7D00008DD7 /* Inter_18pt-ExtraLight.ttf */ = {isa = PBXFileReference; lastKnownFileType = file; path = "Inter_18pt-ExtraLight.ttf"; sourceTree = "<group>"; };
		11BB9EC52D8C8F7D00008DD7 /* Inter_18pt-Light.ttf */ = {isa = PBXFileReference; lastKnownFileType = file; path = "Inter_18pt-Light.ttf"; sourceTree = "<group>"; };
		11BB9EC72D8C8F7D00008DD7 /* Inter_18pt-Medium.ttf */ = {isa = PBXFileReference; lastKnownFileType = file; path = "Inter_18pt-Medium.ttf"; sourceTree = "<group>"; };
		11BB9EC92D8C8F7D00008DD7 /* Inter_18pt-Regular.ttf */ = {isa = PBXFileReference; lastKnownFileType = file; path = "Inter_18pt-Regular.ttf"; sourceTree = "<group>"; };
		11BB9ECA2D8C8F7D00008DD7 /* Inter_18pt-SemiBold.ttf */ = {isa = PBXFileReference; lastKnownFileType = file; path = "Inter_18pt-SemiBold.ttf"; sourceTree = "<group>"; };
		11BB9F2B2D8C956E00008DD7 /* OnboardingViewController.swift */ = {isa = PBXFileReference; lastKnownFileType = sourcecode.swift; path = OnboardingViewController.swift; sourceTree = "<group>"; };
		11BB9F2D2D8C957E00008DD7 /* OnboardingViewModel.swift */ = {isa = PBXFileReference; lastKnownFileType = sourcecode.swift; path = OnboardingViewModel.swift; sourceTree = "<group>"; };
		11BB9F2F2D8C958B00008DD7 /* LaunchViewController.swift */ = {isa = PBXFileReference; lastKnownFileType = sourcecode.swift; path = LaunchViewController.swift; sourceTree = "<group>"; };
		11BB9F312D8C959600008DD7 /* LaunchViewModel.swift */ = {isa = PBXFileReference; lastKnownFileType = sourcecode.swift; path = LaunchViewModel.swift; sourceTree = "<group>"; };
		11BB9F332D8C95A900008DD7 /* SignUpViewController.swift */ = {isa = PBXFileReference; lastKnownFileType = sourcecode.swift; path = SignUpViewController.swift; sourceTree = "<group>"; };
		11BB9F352D8C95B500008DD7 /* SignUpViewModel.swift */ = {isa = PBXFileReference; lastKnownFileType = sourcecode.swift; path = SignUpViewModel.swift; sourceTree = "<group>"; };
		11F41BA62DA557FF00C16224 /* CustomPageControl.swift */ = {isa = PBXFileReference; lastKnownFileType = sourcecode.swift; path = CustomPageControl.swift; sourceTree = "<group>"; };
		11F41BAC2DA564FF00C16224 /* FuturicaB.ttf */ = {isa = PBXFileReference; lastKnownFileType = file; path = FuturicaB.ttf; sourceTree = "<group>"; };
		11F41BAD2DA564FF00C16224 /* FuturicaL.ttf */ = {isa = PBXFileReference; lastKnownFileType = file; path = FuturicaL.ttf; sourceTree = "<group>"; };
		11F41BB12DA5718E00C16224 /* DeviceSizeClass.swift */ = {isa = PBXFileReference; lastKnownFileType = sourcecode.swift; path = DeviceSizeClass.swift; sourceTree = "<group>"; };
/* End PBXFileReference section */

/* Begin PBXFrameworksBuildPhase section */
		11A7E3222D8B35BF00D82AF2 /* Frameworks */ = {
			isa = PBXFrameworksBuildPhase;
			buildActionMask = 2147483647;
			files = (
				11630E992DB0179200C277AE /* SDWebImage in Frameworks */,
				1174DF982DAAC45B00DC1CCC /* GoogleSignIn in Frameworks */,
				11630EA42DB02FBD00C277AE /* Macaw in Frameworks */,
				11630E9E2DB019D700C277AE /* SVGKitSwift in Frameworks */,
				11B413C12DCBA126006FF14F /* SkeletonView in Frameworks */,
				11630E9C2DB019D700C277AE /* SVGKit in Frameworks */,
				1174DF9A2DAAC45B00DC1CCC /* GoogleSignInSwift in Frameworks */,
				11630EA12DB0242D00C277AE /* SwiftSVG in Frameworks */,
			);
			runOnlyForDeploymentPostprocessing = 0;
		};
		11A7E3382D8B35C200D82AF2 /* Frameworks */ = {
			isa = PBXFrameworksBuildPhase;
			buildActionMask = 2147483647;
			files = (
			);
			runOnlyForDeploymentPostprocessing = 0;
		};
		11A7E3422D8B35C200D82AF2 /* Frameworks */ = {
			isa = PBXFrameworksBuildPhase;
			buildActionMask = 2147483647;
			files = (
			);
			runOnlyForDeploymentPostprocessing = 0;
		};
/* End PBXFrameworksBuildPhase section */

/* Begin PBXGroup section */
		110D9C242DA306E800492B46 /* Futurica */ = {
			isa = PBXGroup;
			children = (
				110D9C212DA306E800492B46 /* Futurica.ttf */,
				11F41BAC2DA564FF00C16224 /* FuturicaB.ttf */,
				11F41BAD2DA564FF00C16224 /* FuturicaL.ttf */,
			);
			path = Futurica;
			sourceTree = "<group>";
		};
		11273A422DAE83F100E2FB47 /* Models */ = {
			isa = PBXGroup;
			children = (
				11273A452DAE897100E2FB47 /* ListCellProtocol.swift */,
				11273A432DAE840500E2FB47 /* GuestDataModel.swift */,
			);
			path = Models;
			sourceTree = "<group>";
		};
		11365C942D93207A0004A3F4 /* Views */ = {
			isa = PBXGroup;
			children = (
				11365C952D93209B0004A3F4 /* MeltingCircleBackgroundView.swift */,
				11F41BA62DA557FF00C16224 /* CustomPageControl.swift */,
			);
			path = Views;
			sourceTree = "<group>";
		};
		1147AF162DAC0044006D28CD /* Views */ = {
			isa = PBXGroup;
			children = (
				1147AF172DAC004E006D28CD /* ListTableCell.swift */,
			);
			path = Views;
			sourceTree = "<group>";
		};
		1147AF2B2DAC2F66006D28CD /* Montserrat */ = {
			isa = PBXGroup;
			children = (
				1147AF1B2DAC2F66006D28CD /* Montserrat-Bold.ttf */,
				1147AF222DAC2F66006D28CD /* Montserrat-Light.ttf */,
				11B677072DAFE8D700B42579 /* Montserrat-ExtraLight.ttf */,
				1147AF242DAC2F66006D28CD /* Montserrat-Medium.ttf */,
				1147AF262DAC2F66006D28CD /* Montserrat-Regular.ttf */,
				1147AF272DAC2F66006D28CD /* Montserrat-SemiBold.ttf */,
			);
			path = Montserrat;
			sourceTree = "<group>";
		};
		1147AF3E2DAC3E71006D28CD /* SubPages */ = {
			isa = PBXGroup;
			children = (
				1147AF402DAC3E8D006D28CD /* Task */,
				1147AF3F2DAC3E86006D28CD /* AddTask */,
			);
			path = SubPages;
			sourceTree = "<group>";
		};
		1147AF3F2DAC3E86006D28CD /* AddTask */ = {
			isa = PBXGroup;
			children = (
				1147AF442DAC3EBC006D28CD /* ViewModules */,
			);
			path = AddTask;
			sourceTree = "<group>";
		};
		1147AF402DAC3E8D006D28CD /* Task */ = {
			isa = PBXGroup;
			children = (
				1147AF432DAC3EB6006D28CD /* ViewModules */,
			);
			path = Task;
			sourceTree = "<group>";
		};
		1147AF432DAC3EB6006D28CD /* ViewModules */ = {
			isa = PBXGroup;
			children = (
				1147AF452DAC3EC3006D28CD /* TaskViewController.swift */,
				1147AF472DAC3ECE006D28CD /* TaskViewModel.swift */,
			);
			path = ViewModules;
			sourceTree = "<group>";
		};
		1147AF442DAC3EBC006D28CD /* ViewModules */ = {
			isa = PBXGroup;
			children = (
				1147AF492DAC3ED8006D28CD /* AddTaskViewController.swift */,
				1147AF4B2DAC3EE2006D28CD /* AddTaskViewModel.swift */,
			);
			path = ViewModules;
			sourceTree = "<group>";
		};
		11529D6F2D95E01500AAD720 /* Network */ = {
			isa = PBXGroup;
			children = (
				11B413BA2DCB9E45006FF14F /* NetworkCheck */,
				11630EA82DB03CEF00C277AE /* Planning */,
				1175A3C72DAE81B9003F5307 /* Guest */,
				11529D792D95E49700AAD720 /* AuthSession */,
				11529D702D95E02100AAD720 /* Core */,
			);
			path = Network;
			sourceTree = "<group>";
		};
		11529D702D95E02100AAD720 /* Core */ = {
			isa = PBXGroup;
			children = (
				11529D712D95E03700AAD720 /* CoreAPIHelper.swift */,
				11529D732D95E04600AAD720 /* CoreAPIManager.swift */,
				11529D752D95E05400AAD720 /* CoreErrorModel.swift */,
			);
			path = Core;
			sourceTree = "<group>";
		};
		11529D792D95E49700AAD720 /* AuthSession */ = {
			isa = PBXGroup;
			children = (
				11529D7A2D95E4BB00AAD720 /* AuthSessionHelper.swift */,
				11529D7C2D95E4C600AAD720 /* AuthSessionUseCase.swift */,
				11529D7E2D95E4D400AAD720 /* AuthSessionAPIService.swift */,
			);
			path = AuthSession;
			sourceTree = "<group>";
		};
		11630EA82DB03CEF00C277AE /* Planning */ = {
			isa = PBXGroup;
			children = (
				11630EA52DB03CEF00C277AE /* PlanningHelper.swift */,
				11630EA62DB03CEF00C277AE /* PlanningUseCase.swift */,
				11630EA72DB03CEF00C277AE /* PlanningAPIService.swift */,
			);
			path = Planning;
			sourceTree = "<group>";
		};
		11630EAE2DB03EA200C277AE /* Models */ = {
			isa = PBXGroup;
			children = (
				11630EAD2DB03EA200C277AE /* PlanDataModel.swift */,
			);
			path = Models;
			sourceTree = "<group>";
		};
		1164A9852DC285430061B57D /* MockAuthSession */ = {
			isa = PBXGroup;
			children = (
				1164A9862DC285530061B57D /* MockAtuhSessionUseCase.swift */,
				11B4136D2DC28A89006FF14F /* SignUpViewModelTests.swift */,
				11A7E3642D8B361700D82AF2 /* LoginViewModelTests.swift */,
			);
			path = MockAuthSession;
			sourceTree = "<group>";
		};
		1174DF902DAAC2F800DC1CCC /* HomeTabBar */ = {
			isa = PBXGroup;
			children = (
				1174DF912DAAC31600DC1CCC /* HomeTabBarCoordinator.swift */,
				1147AF142DABF6AD006D28CD /* HomeTabBarNavigation.swift */,
				1174DF932DAAC32200DC1CCC /* TabBarController.swift */,
				1174DF952DAAC32E00DC1CCC /* Home */,
				1174DFA92DAAD2B400DC1CCC /* Planning */,
				1174DFAA2DAAD2D000DC1CCC /* Guests */,
			);
			path = HomeTabBar;
			sourceTree = "<group>";
		};
		1174DF952DAAC32E00DC1CCC /* Home */ = {
			isa = PBXGroup;
			children = (
				1174DFA32DAAD22C00DC1CCC /* HomeNavigation.swift */,
				1174DFA52DAAD23D00DC1CCC /* HomeCoordinator.swift */,
				1174DFA72DAAD25300DC1CCC /* ViewModules */,
				1174DFA82DAAD26700DC1CCC /* Views */,
			);
			path = Home;
			sourceTree = "<group>";
		};
		1174DFA72DAAD25300DC1CCC /* ViewModules */ = {
			isa = PBXGroup;
			children = (
				1174DFB52DAAD4FB00DC1CCC /* HomeViewController.swift */,
				1174DFB72DAAD50500DC1CCC /* HomeViewModel.swift */,
			);
			path = ViewModules;
			sourceTree = "<group>";
		};
		1174DFA82DAAD26700DC1CCC /* Views */ = {
			isa = PBXGroup;
			children = (
				1147AF122DABE9FE006D28CD /* MenuTableCell.swift */,
			);
			path = Views;
			sourceTree = "<group>";
		};
		1174DFA92DAAD2B400DC1CCC /* Planning */ = {
			isa = PBXGroup;
			children = (
				1174DFAB2DAAD2E100DC1CCC /* PlanningNavigation.swift */,
				1174DFAD2DAAD2EB00DC1CCC /* PlanningCoordinator.swift */,
				1174DFAF2DAAD30000DC1CCC /* ViewModules */,
				11630EAE2DB03EA200C277AE /* Models */,
				1147AF162DAC0044006D28CD /* Views */,
				1147AF3E2DAC3E71006D28CD /* SubPages */,
			);
			path = Planning;
			sourceTree = "<group>";
		};
		1174DFAA2DAAD2D000DC1CCC /* Guests */ = {
			isa = PBXGroup;
			children = (
				1174DFB22DAAD31900DC1CCC /* GuestsNavigation.swift */,
				1174DFB02DAAD30E00DC1CCC /* GuestsCoordinator.swift */,
				1174DFB42DAAD32800DC1CCC /* ViewModules */,
				11273A422DAE83F100E2FB47 /* Models */,
				118AFB872DAD9D0C00FAC4F0 /* SubPages */,
			);
			path = Guests;
			sourceTree = "<group>";
		};
		1174DFAF2DAAD30000DC1CCC /* ViewModules */ = {
			isa = PBXGroup;
			children = (
				1174DFB92DAAD50E00DC1CCC /* PlanningViewController.swift */,
				1174DFBB2DAAD51700DC1CCC /* PlanningViewModel.swift */,
			);
			path = ViewModules;
			sourceTree = "<group>";
		};
		1174DFB42DAAD32800DC1CCC /* ViewModules */ = {
			isa = PBXGroup;
			children = (
				1174DFBD2DAAD51F00DC1CCC /* GuestsViewController.swift */,
				1174DFBF2DAAD53000DC1CCC /* GuestsViewModel.swift */,
			);
			path = ViewModules;
			sourceTree = "<group>";
		};
		1175A3C72DAE81B9003F5307 /* Guest */ = {
			isa = PBXGroup;
			children = (
				11273A3C2DAE831E00E2FB47 /* GuestHelper.swift */,
				11273A402DAE832F00E2FB47 /* GuestUseCase.swift */,
				11273A3E2DAE832600E2FB47 /* GuestAPIService.swift */,
			);
			path = Guest;
			sourceTree = "<group>";
		};
		118AFB872DAD9D0C00FAC4F0 /* SubPages */ = {
			isa = PBXGroup;
			children = (
				118AFB8D2DAD9DC000FAC4F0 /* GuestDetail */,
				118AFB972DAD9EF400FAC4F0 /* AddGuest */,
			);
			path = SubPages;
			sourceTree = "<group>";
		};
		118AFB8C2DAD9DC000FAC4F0 /* ViewModules */ = {
			isa = PBXGroup;
			children = (
				118AFB8A2DAD9DC000FAC4F0 /* GuestDetailViewController.swift */,
				118AFB8B2DAD9DC000FAC4F0 /* GuestDetailViewModel.swift */,
			);
			path = ViewModules;
			sourceTree = "<group>";
		};
		118AFB8D2DAD9DC000FAC4F0 /* GuestDetail */ = {
			isa = PBXGroup;
			children = (
				118AFB8C2DAD9DC000FAC4F0 /* ViewModules */,
			);
			path = GuestDetail;
			sourceTree = "<group>";
		};
		118AFB972DAD9EF400FAC4F0 /* AddGuest */ = {
			isa = PBXGroup;
			children = (
				118AFB9A2DAD9F0C00FAC4F0 /* ViewModules */,
			);
			path = AddGuest;
			sourceTree = "<group>";
		};
		118AFB9A2DAD9F0C00FAC4F0 /* ViewModules */ = {
			isa = PBXGroup;
			children = (
				118AFB982DAD9F0C00FAC4F0 /* AddGuestViewController.swift */,
				118AFB992DAD9F0C00FAC4F0 /* AddGuestViewModel.swift */,
			);
			path = ViewModules;
			sourceTree = "<group>";
		};
		11A7E31C2D8B35BF00D82AF2 = {
			isa = PBXGroup;
			children = (
				11B413C82DCBED0F006FF14F /* Localizable.xcstrings */,
				11A7E35E2D8B361500D82AF2 /* OLSUN */,
				11A7E3652D8B361700D82AF2 /* OLSUNTests */,
				11A7E3692D8B361A00D82AF2 /* OLSUNUITests */,
				11A7E3262D8B35BF00D82AF2 /* Products */,
			);
			sourceTree = "<group>";
		};
		11A7E3262D8B35BF00D82AF2 /* Products */ = {
			isa = PBXGroup;
			children = (
				11A7E3252D8B35BF00D82AF2 /* OLSUN.app */,
				11A7E33B2D8B35C200D82AF2 /* OLSUNTests.xctest */,
				11A7E3452D8B35C200D82AF2 /* OLSUNUITests.xctest */,
			);
			name = Products;
			sourceTree = "<group>";
		};
		11A7E35E2D8B361500D82AF2 /* OLSUN */ = {
			isa = PBXGroup;
			children = (
				11A7E36C2D8B364300D82AF2 /* App */,
				11529D6F2D95E01500AAD720 /* Network */,
				11A7E36F2D8B366A00D82AF2 /* Presentation */,
				11A7E36E2D8B366300D82AF2 /* Helpers */,
				11A7E36D2D8B365B00D82AF2 /* Resources */,
				11A7E35B2D8B361500D82AF2 /* Info.plist */,
			);
			path = OLSUN;
			sourceTree = "<group>";
		};
		11A7E3652D8B361700D82AF2 /* OLSUNTests */ = {
			isa = PBXGroup;
			children = (
				1164A9852DC285430061B57D /* MockAuthSession */,
			);
			path = OLSUNTests;
			sourceTree = "<group>";
		};
		11A7E3692D8B361A00D82AF2 /* OLSUNUITests */ = {
			isa = PBXGroup;
			children = (
				11B413732DC3ED6D006FF14F /* GuestsViewControllerUITests.swift */,
				11B413712DC3E978006FF14F /* PlanningViewControllerUITests.swift */,
				11B4136F2DC3D999006FF14F /* HomeViewControllerUITests.swift */,
				11A7E3682D8B361A00D82AF2 /* OLSUNUITestsLaunchTests.swift */,
			);
			path = OLSUNUITests;
			sourceTree = "<group>";
		};
		11A7E36C2D8B364300D82AF2 /* App */ = {
			isa = PBXGroup;
			children = (
				11A7E3592D8B361500D82AF2 /* AppDelegate.swift */,
				11A7E35C2D8B361500D82AF2 /* SceneDelegate.swift */,
				11A7E3822D8B37A000D82AF2 /* Coordinator.swift */,
				11A7E3842D8B37AA00D82AF2 /* AppCoordinator.swift */,
			);
			path = App;
			sourceTree = "<group>";
		};
		11A7E36D2D8B365B00D82AF2 /* Resources */ = {
			isa = PBXGroup;
			children = (
				11B413CA2DCBF724006FF14F /* OlsunStrings */,
				11A7E3702D8B36A100D82AF2 /* Fonts */,
				11A7E35A2D8B361500D82AF2 /* Assets.xcassets */,
				11A7E3712D8B36D100D82AF2 /* Colors.xcassets */,
				1174DFC32DAAE87900DC1CCC /* Icons.xcassets */,
			);
			path = Resources;
			sourceTree = "<group>";
		};
		11A7E36E2D8B366300D82AF2 /* Helpers */ = {
			isa = PBXGroup;
			children = (
				11B413CD2DCBFFC0006FF14F /* LocalizationManager */,
				11F41BB02DA5718400C16224 /* Helpers */,
				11A7E3732D8B36F300D82AF2 /* Managers */,
				11A7E3752D8B370900D82AF2 /* Extensions */,
			);
			path = Helpers;
			sourceTree = "<group>";
		};
		11A7E36F2D8B366A00D82AF2 /* Presentation */ = {
			isa = PBXGroup;
			children = (
				11A7E3812D8B378100D82AF2 /* Auth */,
				1174DF902DAAC2F800DC1CCC /* HomeTabBar */,
				11A7E3802D8B377C00D82AF2 /* Core */,
			);
			path = Presentation;
			sourceTree = "<group>";
		};
		11A7E3702D8B36A100D82AF2 /* Fonts */ = {
			isa = PBXGroup;
			children = (
				1147AF2B2DAC2F66006D28CD /* Montserrat */,
				110D9C242DA306E800492B46 /* Futurica */,
				11BB9E332D8C8F4E00008DD7 /* WorkSans */,
				11BB9E7C2D8C8F5D00008DD7 /* Roboto */,
				11BB9EF22D8C8F7D00008DD7 /* Inter */,
				11A7E3902D8B38EA00D82AF2 /* FontsKeys.swift */,
			);
			path = Fonts;
			sourceTree = "<group>";
		};
		11A7E3732D8B36F300D82AF2 /* Managers */ = {
			isa = PBXGroup;
			children = (
				11B413772DC3F67F006FF14F /* Keychain */,
				11A7E3742D8B36FC00D82AF2 /* UserDefaults */,
			);
			path = Managers;
			sourceTree = "<group>";
		};
		11A7E3742D8B36FC00D82AF2 /* UserDefaults */ = {
			isa = PBXGroup;
			children = (
				11A7E3762D8B373600D82AF2 /* UserDefaultsHelper.swift */,
				11A7E3782D8B374300D82AF2 /* UserDefaultsKey.swift */,
			);
			path = UserDefaults;
			sourceTree = "<group>";
		};
		11A7E3752D8B370900D82AF2 /* Extensions */ = {
			isa = PBXGroup;
			children = (
				11B413752DC3F10D006FF14F /* Logger.swift */,
				11A7E37A2D8B375600D82AF2 /* NotificationNameExtensions.swift */,
				11A7E37C2D8B376000D82AF2 /* Extensions.swift */,
				11A7E37E2D8B376E00D82AF2 /* LayoutExtensions.swift */,
			);
			path = Extensions;
			sourceTree = "<group>";
		};
		11A7E3802D8B377C00D82AF2 /* Core */ = {
			isa = PBXGroup;
			children = (
				11A7E3862D8B37C000D82AF2 /* BaseViewController.swift */,
				11A7E3882D8B37C600D82AF2 /* ReusableViews */,
			);
			path = Core;
			sourceTree = "<group>";
		};
		11A7E3812D8B378100D82AF2 /* Auth */ = {
			isa = PBXGroup;
			children = (
				11A7E3922D8B39C700D82AF2 /* AuthNavigation.swift */,
				11A7E3942D8B39D200D82AF2 /* AuthCoordinator.swift */,
				11A7E3962D8B39D700D82AF2 /* Onboarding */,
				11BB9F292D8C954400008DD7 /* Launch */,
				11A7E3972D8B39E000D82AF2 /* Login */,
				11A7E3982D8B39E500D82AF2 /* SignUp */,
				11A7E3992D8B39F700D82AF2 /* Models */,
				11365C942D93207A0004A3F4 /* Views */,
			);
			path = Auth;
			sourceTree = "<group>";
		};
		11A7E3882D8B37C600D82AF2 /* ReusableViews */ = {
			isa = PBXGroup;
			children = (
				11A7E3892D8B37D100D82AF2 /* Views */,
			);
			path = ReusableViews;
			sourceTree = "<group>";
		};
		11A7E3892D8B37D100D82AF2 /* Views */ = {
			isa = PBXGroup;
			children = (
				11A7E38A2D8B37FD00D82AF2 /* ReusableButton.swift */,
				11A7E38C2D8B380600D82AF2 /* ReusableLabel.swift */,
				11A7E38E2D8B381000D82AF2 /* ReusableTextField.swift */,
			);
			path = Views;
			sourceTree = "<group>";
		};
		11A7E3962D8B39D700D82AF2 /* Onboarding */ = {
			isa = PBXGroup;
			children = (
				11A7E39A2D8B3A5D00D82AF2 /* ViewModules */,
			);
			path = Onboarding;
			sourceTree = "<group>";
		};
		11A7E3972D8B39E000D82AF2 /* Login */ = {
			isa = PBXGroup;
			children = (
				11A7E39B2D8B3A6300D82AF2 /* ViewModules */,
			);
			path = Login;
			sourceTree = "<group>";
		};
		11A7E3982D8B39E500D82AF2 /* SignUp */ = {
			isa = PBXGroup;
			children = (
				11A7E39C2D8B3A6C00D82AF2 /* ViewModels */,
			);
			path = SignUp;
			sourceTree = "<group>";
		};
		11A7E3992D8B39F700D82AF2 /* Models */ = {
			isa = PBXGroup;
			children = (
				116248662DC13BC400DFFA01 /* EmailOrTokenDataModel.swift */,
				11529D772D95E34700AAD720 /* RegisterDataModel.swift */,
				110D7C432DA827A20090280D /* LoginDataModel.swift */,
			);
			path = Models;
			sourceTree = "<group>";
		};
		11A7E39A2D8B3A5D00D82AF2 /* ViewModules */ = {
			isa = PBXGroup;
			children = (
				11BB9F2B2D8C956E00008DD7 /* OnboardingViewController.swift */,
				11BB9F2D2D8C957E00008DD7 /* OnboardingViewModel.swift */,
			);
			path = ViewModules;
			sourceTree = "<group>";
		};
		11A7E39B2D8B3A6300D82AF2 /* ViewModules */ = {
			isa = PBXGroup;
			children = (
				11A7E39D2D8B3A8800D82AF2 /* LoginViewController.swift */,
				11A7E39F2D8B3A9C00D82AF2 /* LoginViewModel.swift */,
			);
			path = ViewModules;
			sourceTree = "<group>";
		};
		11A7E39C2D8B3A6C00D82AF2 /* ViewModels */ = {
			isa = PBXGroup;
			children = (
				11BB9F332D8C95A900008DD7 /* SignUpViewController.swift */,
				11BB9F352D8C95B500008DD7 /* SignUpViewModel.swift */,
			);
			path = ViewModels;
			sourceTree = "<group>";
		};
		11B413772DC3F67F006FF14F /* Keychain */ = {
			isa = PBXGroup;
			children = (
				11B4137A2DC3F895006FF14F /* KeychainKeys.swift */,
				11B413782DC3F687006FF14F /* KeychainHelper.swift */,
			);
			path = Keychain;
			sourceTree = "<group>";
		};
		11B413BA2DCB9E45006FF14F /* NetworkCheck */ = {
			isa = PBXGroup;
			children = (
				11B413B92DCB9E45006FF14F /* NetworkMonitor.swift */,
			);
			path = NetworkCheck;
			sourceTree = "<group>";
		};
		11B413CA2DCBF724006FF14F /* OlsunStrings */ = {
			isa = PBXGroup;
			children = (
				11B413CB2DCBF72F006FF14F /* OlsunStrings.swift */,
			);
			path = OlsunStrings;
			sourceTree = "<group>";
		};
		11B413CD2DCBFFC0006FF14F /* LocalizationManager */ = {
			isa = PBXGroup;
			children = (
				11B413CE2DCBFFC9006FF14F /* LocalizationManager.swift */,
			);
			path = LocalizationManager;
			sourceTree = "<group>";
		};
		11BB9E332D8C8F4E00008DD7 /* WorkSans */ = {
			isa = PBXGroup;
			children = (
				11BB9E232D8C8F4E00008DD7 /* WorkSans-Bold.ttf */,
				11BB9E272D8C8F4E00008DD7 /* WorkSans-ExtraLight.ttf */,
				11BB9E2A2D8C8F4E00008DD7 /* WorkSans-Light.ttf */,
				11BB9E2C2D8C8F4E00008DD7 /* WorkSans-Medium.ttf */,
				11BB9E2E2D8C8F4E00008DD7 /* WorkSans-Regular.ttf */,
				11BB9E2F2D8C8F4E00008DD7 /* WorkSans-SemiBold.ttf */,
			);
			path = WorkSans;
			sourceTree = "<group>";
		};
		11BB9E7C2D8C8F5D00008DD7 /* Roboto */ = {
			isa = PBXGroup;
			children = (
				11BB9E6C2D8C8F5D00008DD7 /* Roboto-Bold.ttf */,
				11BB9E702D8C8F5D00008DD7 /* Roboto-ExtraLight.ttf */,
				11BB9E732D8C8F5D00008DD7 /* Roboto-Light.ttf */,
				11BB9E752D8C8F5D00008DD7 /* Roboto-Medium.ttf */,
				11BB9E772D8C8F5D00008DD7 /* Roboto-Regular.ttf */,
				11BB9E782D8C8F5D00008DD7 /* Roboto-SemiBold.ttf */,
			);
			path = Roboto;
			sourceTree = "<group>";
		};
		11BB9EF22D8C8F7D00008DD7 /* Inter */ = {
			isa = PBXGroup;
			children = (
				11BB9EBE2D8C8F7D00008DD7 /* Inter_18pt-Bold.ttf */,
				11BB9EC22D8C8F7D00008DD7 /* Inter_18pt-ExtraLight.ttf */,
				11BB9EC52D8C8F7D00008DD7 /* Inter_18pt-Light.ttf */,
				11BB9EC72D8C8F7D00008DD7 /* Inter_18pt-Medium.ttf */,
				11BB9EC92D8C8F7D00008DD7 /* Inter_18pt-Regular.ttf */,
				11BB9ECA2D8C8F7D00008DD7 /* Inter_18pt-SemiBold.ttf */,
			);
			path = Inter;
			sourceTree = "<group>";
		};
		11BB9F292D8C954400008DD7 /* Launch */ = {
			isa = PBXGroup;
			children = (
				11BB9F2A2D8C955500008DD7 /* ViewModules */,
			);
			path = Launch;
			sourceTree = "<group>";
		};
		11BB9F2A2D8C955500008DD7 /* ViewModules */ = {
			isa = PBXGroup;
			children = (
				11BB9F2F2D8C958B00008DD7 /* LaunchViewController.swift */,
				11BB9F312D8C959600008DD7 /* LaunchViewModel.swift */,
			);
			path = ViewModules;
			sourceTree = "<group>";
		};
		11F41BB02DA5718400C16224 /* Helpers */ = {
			isa = PBXGroup;
			children = (
				1174DFC12DAAE54A00DC1CCC /* GoogleHelper.swift */,
				11F41BB12DA5718E00C16224 /* DeviceSizeClass.swift */,
			);
			path = Helpers;
			sourceTree = "<group>";
		};
/* End PBXGroup section */

/* Begin PBXNativeTarget section */
		11A7E3242D8B35BF00D82AF2 /* OLSUN */ = {
			isa = PBXNativeTarget;
			buildConfigurationList = 11A7E34E2D8B35C200D82AF2 /* Build configuration list for PBXNativeTarget "OLSUN" */;
			buildPhases = (
				11A7E3212D8B35BF00D82AF2 /* Sources */,
				11A7E3222D8B35BF00D82AF2 /* Frameworks */,
				11A7E3232D8B35BF00D82AF2 /* Resources */,
			);
			buildRules = (
			);
			dependencies = (
			);
			name = OLSUN;
			packageProductDependencies = (
				1174DF972DAAC45B00DC1CCC /* GoogleSignIn */,
				1174DF992DAAC45B00DC1CCC /* GoogleSignInSwift */,
				11630E982DB0179200C277AE /* SDWebImage */,
				11630E9B2DB019D700C277AE /* SVGKit */,
				11630E9D2DB019D700C277AE /* SVGKitSwift */,
				11630EA02DB0242D00C277AE /* SwiftSVG */,
				11630EA32DB02FBD00C277AE /* Macaw */,
				11B413C02DCBA126006FF14F /* SkeletonView */,
			);
			productName = OLSUN;
			productReference = 11A7E3252D8B35BF00D82AF2 /* OLSUN.app */;
			productType = "com.apple.product-type.application";
		};
		11A7E33A2D8B35C200D82AF2 /* OLSUNTests */ = {
			isa = PBXNativeTarget;
			buildConfigurationList = 11A7E3532D8B35C200D82AF2 /* Build configuration list for PBXNativeTarget "OLSUNTests" */;
			buildPhases = (
				11A7E3372D8B35C200D82AF2 /* Sources */,
				11A7E3382D8B35C200D82AF2 /* Frameworks */,
				11A7E3392D8B35C200D82AF2 /* Resources */,
			);
			buildRules = (
			);
			dependencies = (
				11A7E33D2D8B35C200D82AF2 /* PBXTargetDependency */,
			);
			name = OLSUNTests;
			packageProductDependencies = (
			);
			productName = OLSUNTests;
			productReference = 11A7E33B2D8B35C200D82AF2 /* OLSUNTests.xctest */;
			productType = "com.apple.product-type.bundle.unit-test";
		};
		11A7E3442D8B35C200D82AF2 /* OLSUNUITests */ = {
			isa = PBXNativeTarget;
			buildConfigurationList = 11A7E3562D8B35C200D82AF2 /* Build configuration list for PBXNativeTarget "OLSUNUITests" */;
			buildPhases = (
				11A7E3412D8B35C200D82AF2 /* Sources */,
				11A7E3422D8B35C200D82AF2 /* Frameworks */,
				11A7E3432D8B35C200D82AF2 /* Resources */,
			);
			buildRules = (
			);
			dependencies = (
				11A7E3472D8B35C200D82AF2 /* PBXTargetDependency */,
			);
			name = OLSUNUITests;
			packageProductDependencies = (
			);
			productName = OLSUNUITests;
			productReference = 11A7E3452D8B35C200D82AF2 /* OLSUNUITests.xctest */;
			productType = "com.apple.product-type.bundle.ui-testing";
		};
/* End PBXNativeTarget section */

/* Begin PBXProject section */
		11A7E31D2D8B35BF00D82AF2 /* Project object */ = {
			isa = PBXProject;
			attributes = {
				BuildIndependentTargetsInParallel = 1;
				LastSwiftUpdateCheck = 1620;
				LastUpgradeCheck = 1620;
				TargetAttributes = {
					11A7E3242D8B35BF00D82AF2 = {
						CreatedOnToolsVersion = 16.2;
					};
					11A7E33A2D8B35C200D82AF2 = {
						CreatedOnToolsVersion = 16.2;
						TestTargetID = 11A7E3242D8B35BF00D82AF2;
					};
					11A7E3442D8B35C200D82AF2 = {
						CreatedOnToolsVersion = 16.2;
						TestTargetID = 11A7E3242D8B35BF00D82AF2;
					};
				};
			};
			buildConfigurationList = 11A7E3202D8B35BF00D82AF2 /* Build configuration list for PBXProject "OLSUN" */;
			developmentRegion = az;
			hasScannedForEncodings = 0;
			knownRegions = (
				en,
				az,
			);
			mainGroup = 11A7E31C2D8B35BF00D82AF2;
			minimizedProjectReferenceProxies = 1;
			packageReferences = (
				1174DF962DAAC45B00DC1CCC /* XCRemoteSwiftPackageReference "GoogleSignIn-iOS" */,
				11630E972DB0179200C277AE /* XCRemoteSwiftPackageReference "SDWebImage" */,
				11630E9A2DB019D700C277AE /* XCRemoteSwiftPackageReference "SVGKit" */,
				11630E9F2DB0242D00C277AE /* XCRemoteSwiftPackageReference "SwiftSVG" */,
				11630EA22DB02FBD00C277AE /* XCRemoteSwiftPackageReference "Macaw" */,
				11B413BF2DCBA126006FF14F /* XCRemoteSwiftPackageReference "SkeletonView" */,
			);
			preferredProjectObjectVersion = 77;
			productRefGroup = 11A7E3262D8B35BF00D82AF2 /* Products */;
			projectDirPath = "";
			projectRoot = "";
			targets = (
				11A7E3242D8B35BF00D82AF2 /* OLSUN */,
				11A7E33A2D8B35C200D82AF2 /* OLSUNTests */,
				11A7E3442D8B35C200D82AF2 /* OLSUNUITests */,
			);
		};
/* End PBXProject section */

/* Begin PBXResourcesBuildPhase section */
		11A7E3232D8B35BF00D82AF2 /* Resources */ = {
			isa = PBXResourcesBuildPhase;
			buildActionMask = 2147483647;
			files = (
				11BB9E352D8C8F4E00008DD7 /* WorkSans-ExtraLight.ttf in Resources */,
				11BB9E382D8C8F4E00008DD7 /* WorkSans-Light.ttf in Resources */,
				11BB9E3A2D8C8F4E00008DD7 /* WorkSans-Bold.ttf in Resources */,
				11BB9E3C2D8C8F4E00008DD7 /* WorkSans-Medium.ttf in Resources */,
				1174DFC42DAAE87900DC1CCC /* Icons.xcassets in Resources */,
				11F41BAE2DA564FF00C16224 /* FuturicaL.ttf in Resources */,
				11B413C92DCBED0F006FF14F /* Localizable.xcstrings in Resources */,
				11F41BAF2DA564FF00C16224 /* FuturicaB.ttf in Resources */,
				11BB9E422D8C8F4E00008DD7 /* WorkSans-SemiBold.ttf in Resources */,
				11BB9E432D8C8F4E00008DD7 /* WorkSans-Regular.ttf in Resources */,
				11BB9EF82D8C8F7D00008DD7 /* Inter_18pt-Regular.ttf in Resources */,
				11BB9F002D8C8F7D00008DD7 /* Inter_18pt-SemiBold.ttf in Resources */,
				11BB9F032D8C8F7D00008DD7 /* Inter_18pt-Light.ttf in Resources */,
				11B677082DAFE8D700B42579 /* Montserrat-ExtraLight.ttf in Resources */,
				11BB9F0D2D8C8F7D00008DD7 /* Inter_18pt-Bold.ttf in Resources */,
				110D9C272DA306E800492B46 /* Futurica.ttf in Resources */,
				11BB9F192D8C8F7D00008DD7 /* Inter_18pt-ExtraLight.ttf in Resources */,
				11BB9F202D8C8F7D00008DD7 /* Inter_18pt-Medium.ttf in Resources */,
				1147AF2C2DAC2F66006D28CD /* Montserrat-Light.ttf in Resources */,
				1147AF302DAC2F66006D28CD /* Montserrat-Medium.ttf in Resources */,
				1147AF362DAC2F66006D28CD /* Montserrat-SemiBold.ttf in Resources */,
				1147AF3A2DAC2F66006D28CD /* Montserrat-Regular.ttf in Resources */,
				1147AF3C2DAC2F66006D28CD /* Montserrat-Bold.ttf in Resources */,
				11BB9E972D8C8F5D00008DD7 /* Roboto-Medium.ttf in Resources */,
				11BB9EA02D8C8F5D00008DD7 /* Roboto-Light.ttf in Resources */,
				11BB9EA12D8C8F5D00008DD7 /* Roboto-ExtraLight.ttf in Resources */,
				11BB9EA22D8C8F5D00008DD7 /* Roboto-Bold.ttf in Resources */,
				11BB9EB32D8C8F5D00008DD7 /* Roboto-Regular.ttf in Resources */,
				11BB9EB82D8C8F5D00008DD7 /* Roboto-SemiBold.ttf in Resources */,
				11A7E3622D8B361500D82AF2 /* Assets.xcassets in Resources */,
				11A7E3722D8B36D100D82AF2 /* Colors.xcassets in Resources */,
			);
			runOnlyForDeploymentPostprocessing = 0;
		};
		11A7E3392D8B35C200D82AF2 /* Resources */ = {
			isa = PBXResourcesBuildPhase;
			buildActionMask = 2147483647;
			files = (
			);
			runOnlyForDeploymentPostprocessing = 0;
		};
		11A7E3432D8B35C200D82AF2 /* Resources */ = {
			isa = PBXResourcesBuildPhase;
			buildActionMask = 2147483647;
			files = (
			);
			runOnlyForDeploymentPostprocessing = 0;
		};
/* End PBXResourcesBuildPhase section */

/* Begin PBXSourcesBuildPhase section */
		11A7E3212D8B35BF00D82AF2 /* Sources */ = {
			isa = PBXSourcesBuildPhase;
			buildActionMask = 2147483647;
			files = (
				11A7E39E2D8B3A8800D82AF2 /* LoginViewController.swift in Sources */,
				11A7E37B2D8B375600D82AF2 /* NotificationNameExtensions.swift in Sources */,
				11F41BA72DA557FF00C16224 /* CustomPageControl.swift in Sources */,
				11A7E3932D8B39C700D82AF2 /* AuthNavigation.swift in Sources */,
				11630EA92DB03CF000C277AE /* PlanningHelper.swift in Sources */,
				11273A3D2DAE832300E2FB47 /* GuestHelper.swift in Sources */,
				1174DFAC2DAAD2E800DC1CCC /* PlanningNavigation.swift in Sources */,
				1174DFB82DAAD50A00DC1CCC /* HomeViewModel.swift in Sources */,
				1174DFB62DAAD50100DC1CCC /* HomeViewController.swift in Sources */,
				11273A442DAE840F00E2FB47 /* GuestDataModel.swift in Sources */,
				1174DFC02DAAD53600DC1CCC /* GuestsViewModel.swift in Sources */,
				11A7E35F2D8B361500D82AF2 /* AppDelegate.swift in Sources */,
				11B413792DC3F68B006FF14F /* KeychainHelper.swift in Sources */,
				11BB9F2C2D8C956E00008DD7 /* OnboardingViewController.swift in Sources */,
				1174DFBA2DAAD51400DC1CCC /* PlanningViewController.swift in Sources */,
				116248672DC13BCC00DFFA01 /* EmailOrTokenDataModel.swift in Sources */,
				11A7E38B2D8B37FD00D82AF2 /* ReusableButton.swift in Sources */,
				11F41BB22DA5718E00C16224 /* DeviceSizeClass.swift in Sources */,
				11529D762D95E05400AAD720 /* CoreErrorModel.swift in Sources */,
				11BB9F342D8C95A900008DD7 /* SignUpViewController.swift in Sources */,
				11A7E3952D8B39D200D82AF2 /* AuthCoordinator.swift in Sources */,
				118AFB8E2DAD9DC000FAC4F0 /* GuestDetailViewModel.swift in Sources */,
				118AFB8F2DAD9DC000FAC4F0 /* GuestDetailViewController.swift in Sources */,
				11529D7D2D95E4C600AAD720 /* AuthSessionUseCase.swift in Sources */,
				1174DFC22DAAE55000DC1CCC /* GoogleHelper.swift in Sources */,
				11529D742D95E04600AAD720 /* CoreAPIManager.swift in Sources */,
				11BB9F322D8C959600008DD7 /* LaunchViewModel.swift in Sources */,
				11630EAF2DB03EA200C277AE /* PlanDataModel.swift in Sources */,
				1174DFB32DAAD32300DC1CCC /* GuestsNavigation.swift in Sources */,
				11A7E3872D8B37C000D82AF2 /* BaseViewController.swift in Sources */,
				1147AF4C2DAC3EEA006D28CD /* AddTaskViewModel.swift in Sources */,
				1174DFBC2DAAD51C00DC1CCC /* PlanningViewModel.swift in Sources */,
				11B413762DC3F10F006FF14F /* Logger.swift in Sources */,
				1174DFA42DAAD23800DC1CCC /* HomeNavigation.swift in Sources */,
				11BB9F362D8C95B500008DD7 /* SignUpViewModel.swift in Sources */,
				1147AF132DABEA28006D28CD /* MenuTableCell.swift in Sources */,
				11273A412DAE833300E2FB47 /* GuestUseCase.swift in Sources */,
				11B413BB2DCB9E45006FF14F /* NetworkMonitor.swift in Sources */,
				11A7E3852D8B37AA00D82AF2 /* AppCoordinator.swift in Sources */,
				11529D7F2D95E4D400AAD720 /* AuthSessionAPIService.swift in Sources */,
				1174DFAE2DAAD2F700DC1CCC /* PlanningCoordinator.swift in Sources */,
				11A7E3A02D8B3A9C00D82AF2 /* LoginViewModel.swift in Sources */,
				11A7E38D2D8B380600D82AF2 /* ReusableLabel.swift in Sources */,
				11A7E38F2D8B381000D82AF2 /* ReusableTextField.swift in Sources */,
				11B413CF2DCBFFCF006FF14F /* LocalizationManager.swift in Sources */,
				11529D782D95E34700AAD720 /* RegisterDataModel.swift in Sources */,
				1147AF482DAC3ED2006D28CD /* TaskViewModel.swift in Sources */,
				11A7E3912D8B38EA00D82AF2 /* FontsKeys.swift in Sources */,
				118AFB9B2DAD9F0C00FAC4F0 /* AddGuestViewModel.swift in Sources */,
				118AFB9C2DAD9F0C00FAC4F0 /* AddGuestViewController.swift in Sources */,
				11273A462DAE898200E2FB47 /* ListCellProtocol.swift in Sources */,
				1174DFB12DAAD31600DC1CCC /* GuestsCoordinator.swift in Sources */,
				1147AF462DAC3ECA006D28CD /* TaskViewController.swift in Sources */,
				11B413CC2DCBF733006FF14F /* OlsunStrings.swift in Sources */,
				11273A3F2DAE832C00E2FB47 /* GuestAPIService.swift in Sources */,
				11A7E3602D8B361500D82AF2 /* SceneDelegate.swift in Sources */,
				110D7C442DA827A20090280D /* LoginDataModel.swift in Sources */,
				1174DFBE2DAAD52D00DC1CCC /* GuestsViewController.swift in Sources */,
				1147AF152DABF6B5006D28CD /* HomeTabBarNavigation.swift in Sources */,
				1147AF4A2DAC3EDE006D28CD /* AddTaskViewController.swift in Sources */,
				11A7E3772D8B373600D82AF2 /* UserDefaultsHelper.swift in Sources */,
				11BB9F2E2D8C957E00008DD7 /* OnboardingViewModel.swift in Sources */,
				1174DF922DAAC31600DC1CCC /* HomeTabBarCoordinator.swift in Sources */,
				11A7E3792D8B374300D82AF2 /* UserDefaultsKey.swift in Sources */,
				1147AF182DAC0055006D28CD /* ListTableCell.swift in Sources */,
				11630EAB2DB03CF000C277AE /* PlanningAPIService.swift in Sources */,
				11630EAA2DB03CF000C277AE /* PlanningUseCase.swift in Sources */,
				11365C962D93209B0004A3F4 /* MeltingCircleBackgroundView.swift in Sources */,
				11A7E37D2D8B376000D82AF2 /* Extensions.swift in Sources */,
				11529D722D95E03700AAD720 /* CoreAPIHelper.swift in Sources */,
				1174DF942DAAC32200DC1CCC /* TabBarController.swift in Sources */,
				11A7E37F2D8B376E00D82AF2 /* LayoutExtensions.swift in Sources */,
				11BB9F302D8C958B00008DD7 /* LaunchViewController.swift in Sources */,
				1174DFA62DAAD24700DC1CCC /* HomeCoordinator.swift in Sources */,
				11529D7B2D95E4BB00AAD720 /* AuthSessionHelper.swift in Sources */,
				11A7E3832D8B37A000D82AF2 /* Coordinator.swift in Sources */,
				11B4137B2DC3F89B006FF14F /* KeychainKeys.swift in Sources */,
			);
			runOnlyForDeploymentPostprocessing = 0;
		};
		11A7E3372D8B35C200D82AF2 /* Sources */ = {
			isa = PBXSourcesBuildPhase;
			buildActionMask = 2147483647;
			files = (
				1164A9872DC2855D0061B57D /* MockAtuhSessionUseCase.swift in Sources */,
				11A7E3662D8B361700D82AF2 /* LoginViewModelTests.swift in Sources */,
				11B4136E2DC28A9E006FF14F /* SignUpViewModelTests.swift in Sources */,
			);
			runOnlyForDeploymentPostprocessing = 0;
		};
		11A7E3412D8B35C200D82AF2 /* Sources */ = {
			isa = PBXSourcesBuildPhase;
			buildActionMask = 2147483647;
			files = (
				11B413722DC3E983006FF14F /* PlanningViewControllerUITests.swift in Sources */,
				11B413702DC3D9A1006FF14F /* HomeViewControllerUITests.swift in Sources */,
				11B413742DC3ED78006FF14F /* GuestsViewControllerUITests.swift in Sources */,
				11A7E36B2D8B361A00D82AF2 /* OLSUNUITestsLaunchTests.swift in Sources */,
			);
			runOnlyForDeploymentPostprocessing = 0;
		};
/* End PBXSourcesBuildPhase section */

/* Begin PBXTargetDependency section */
		11A7E33D2D8B35C200D82AF2 /* PBXTargetDependency */ = {
			isa = PBXTargetDependency;
			target = 11A7E3242D8B35BF00D82AF2 /* OLSUN */;
			targetProxy = 11A7E33C2D8B35C200D82AF2 /* PBXContainerItemProxy */;
		};
		11A7E3472D8B35C200D82AF2 /* PBXTargetDependency */ = {
			isa = PBXTargetDependency;
			target = 11A7E3242D8B35BF00D82AF2 /* OLSUN */;
			targetProxy = 11A7E3462D8B35C200D82AF2 /* PBXContainerItemProxy */;
		};
/* End PBXTargetDependency section */

/* Begin XCBuildConfiguration section */
		11A7E34F2D8B35C200D82AF2 /* Debug */ = {
			isa = XCBuildConfiguration;
			buildSettings = {
				ASSETCATALOG_COMPILER_APPICON_NAME = AppIcon;
				ASSETCATALOG_COMPILER_GLOBAL_ACCENT_COLOR_NAME = AccentColor;
				CODE_SIGN_STYLE = Automatic;
				CURRENT_PROJECT_VERSION = 1;
				DEVELOPMENT_TEAM = 5V565SJ9S9;
				GENERATE_INFOPLIST_FILE = YES;
				INFOPLIST_FILE = OLSUN/Info.plist;
				INFOPLIST_KEY_UIApplicationSupportsIndirectInputEvents = YES;
				INFOPLIST_KEY_UILaunchStoryboardName = LaunchScreen;
				INFOPLIST_KEY_UISupportedInterfaceOrientations = UIInterfaceOrientationPortrait;
				INFOPLIST_KEY_UISupportedInterfaceOrientations_iPad = "UIInterfaceOrientationPortrait UIInterfaceOrientationPortraitUpsideDown";
				IPHONEOS_DEPLOYMENT_TARGET = 17.6;
				LD_RUNPATH_SEARCH_PATHS = (
					"$(inherited)",
					"@executable_path/Frameworks",
				);
				MARKETING_VERSION = 1.0;
				PRODUCT_BUNDLE_IDENTIFIER = com.example.personal.OLSUN;
				PRODUCT_NAME = "$(TARGET_NAME)";
				SUPPORTED_PLATFORMS = "iphoneos iphonesimulator";
				SUPPORTS_MACCATALYST = NO;
				SUPPORTS_MAC_DESIGNED_FOR_IPHONE_IPAD = NO;
				SUPPORTS_XR_DESIGNED_FOR_IPHONE_IPAD = NO;
				SWIFT_EMIT_LOC_STRINGS = YES;
				SWIFT_VERSION = 5.0;
				TARGETED_DEVICE_FAMILY = "1,2";
			};
			name = Debug;
		};
		11A7E3502D8B35C200D82AF2 /* Release */ = {
			isa = XCBuildConfiguration;
			buildSettings = {
				ASSETCATALOG_COMPILER_APPICON_NAME = AppIcon;
				ASSETCATALOG_COMPILER_GLOBAL_ACCENT_COLOR_NAME = AccentColor;
				CODE_SIGN_STYLE = Automatic;
				CURRENT_PROJECT_VERSION = 1;
				DEVELOPMENT_TEAM = 5V565SJ9S9;
				GENERATE_INFOPLIST_FILE = YES;
				INFOPLIST_FILE = OLSUN/Info.plist;
				INFOPLIST_KEY_UIApplicationSupportsIndirectInputEvents = YES;
				INFOPLIST_KEY_UILaunchStoryboardName = LaunchScreen;
				INFOPLIST_KEY_UISupportedInterfaceOrientations = UIInterfaceOrientationPortrait;
				INFOPLIST_KEY_UISupportedInterfaceOrientations_iPad = "UIInterfaceOrientationPortrait UIInterfaceOrientationPortraitUpsideDown";
				IPHONEOS_DEPLOYMENT_TARGET = 17.6;
				LD_RUNPATH_SEARCH_PATHS = (
					"$(inherited)",
					"@executable_path/Frameworks",
				);
				MARKETING_VERSION = 1.0;
				PRODUCT_BUNDLE_IDENTIFIER = com.example.personal.OLSUN;
				PRODUCT_NAME = "$(TARGET_NAME)";
				SUPPORTED_PLATFORMS = "iphoneos iphonesimulator";
				SUPPORTS_MACCATALYST = NO;
				SUPPORTS_MAC_DESIGNED_FOR_IPHONE_IPAD = NO;
				SUPPORTS_XR_DESIGNED_FOR_IPHONE_IPAD = NO;
				SWIFT_EMIT_LOC_STRINGS = YES;
				SWIFT_VERSION = 5.0;
				TARGETED_DEVICE_FAMILY = "1,2";
			};
			name = Release;
		};
		11A7E3512D8B35C200D82AF2 /* Debug */ = {
			isa = XCBuildConfiguration;
			buildSettings = {
				ALWAYS_SEARCH_USER_PATHS = NO;
				ASSETCATALOG_COMPILER_GENERATE_SWIFT_ASSET_SYMBOL_EXTENSIONS = YES;
				CLANG_ANALYZER_NONNULL = YES;
				CLANG_ANALYZER_NUMBER_OBJECT_CONVERSION = YES_AGGRESSIVE;
				CLANG_CXX_LANGUAGE_STANDARD = "gnu++20";
				CLANG_ENABLE_MODULES = YES;
				CLANG_ENABLE_OBJC_ARC = YES;
				CLANG_ENABLE_OBJC_WEAK = YES;
				CLANG_WARN_BLOCK_CAPTURE_AUTORELEASING = YES;
				CLANG_WARN_BOOL_CONVERSION = YES;
				CLANG_WARN_COMMA = YES;
				CLANG_WARN_CONSTANT_CONVERSION = YES;
				CLANG_WARN_DEPRECATED_OBJC_IMPLEMENTATIONS = YES;
				CLANG_WARN_DIRECT_OBJC_ISA_USAGE = YES_ERROR;
				CLANG_WARN_DOCUMENTATION_COMMENTS = YES;
				CLANG_WARN_EMPTY_BODY = YES;
				CLANG_WARN_ENUM_CONVERSION = YES;
				CLANG_WARN_INFINITE_RECURSION = YES;
				CLANG_WARN_INT_CONVERSION = YES;
				CLANG_WARN_NON_LITERAL_NULL_CONVERSION = YES;
				CLANG_WARN_OBJC_IMPLICIT_RETAIN_SELF = YES;
				CLANG_WARN_OBJC_LITERAL_CONVERSION = YES;
				CLANG_WARN_OBJC_ROOT_CLASS = YES_ERROR;
				CLANG_WARN_QUOTED_INCLUDE_IN_FRAMEWORK_HEADER = YES;
				CLANG_WARN_RANGE_LOOP_ANALYSIS = YES;
				CLANG_WARN_STRICT_PROTOTYPES = YES;
				CLANG_WARN_SUSPICIOUS_MOVE = YES;
				CLANG_WARN_UNGUARDED_AVAILABILITY = YES_AGGRESSIVE;
				CLANG_WARN_UNREACHABLE_CODE = YES;
				CLANG_WARN__DUPLICATE_METHOD_MATCH = YES;
				COPY_PHASE_STRIP = NO;
				DEBUG_INFORMATION_FORMAT = dwarf;
				ENABLE_STRICT_OBJC_MSGSEND = YES;
				ENABLE_TESTABILITY = YES;
				ENABLE_USER_SCRIPT_SANDBOXING = YES;
				GCC_C_LANGUAGE_STANDARD = gnu17;
				GCC_DYNAMIC_NO_PIC = NO;
				GCC_NO_COMMON_BLOCKS = YES;
				GCC_OPTIMIZATION_LEVEL = 0;
				GCC_PREPROCESSOR_DEFINITIONS = (
					"DEBUG=1",
					"$(inherited)",
				);
				GCC_WARN_64_TO_32_BIT_CONVERSION = YES;
				GCC_WARN_ABOUT_RETURN_TYPE = YES_ERROR;
				GCC_WARN_UNDECLARED_SELECTOR = YES;
				GCC_WARN_UNINITIALIZED_AUTOS = YES_AGGRESSIVE;
				GCC_WARN_UNUSED_FUNCTION = YES;
				GCC_WARN_UNUSED_VARIABLE = YES;
				IPHONEOS_DEPLOYMENT_TARGET = 18.2;
				LOCALIZATION_PREFERS_STRING_CATALOGS = YES;
				MTL_ENABLE_DEBUG_INFO = INCLUDE_SOURCE;
				MTL_FAST_MATH = YES;
				ONLY_ACTIVE_ARCH = YES;
				SDKROOT = iphoneos;
				SWIFT_ACTIVE_COMPILATION_CONDITIONS = "DEBUG $(inherited)";
				SWIFT_EMIT_LOC_STRINGS = YES;
				SWIFT_OPTIMIZATION_LEVEL = "-Onone";
			};
			name = Debug;
		};
		11A7E3522D8B35C200D82AF2 /* Release */ = {
			isa = XCBuildConfiguration;
			buildSettings = {
				ALWAYS_SEARCH_USER_PATHS = NO;
				ASSETCATALOG_COMPILER_GENERATE_SWIFT_ASSET_SYMBOL_EXTENSIONS = YES;
				CLANG_ANALYZER_NONNULL = YES;
				CLANG_ANALYZER_NUMBER_OBJECT_CONVERSION = YES_AGGRESSIVE;
				CLANG_CXX_LANGUAGE_STANDARD = "gnu++20";
				CLANG_ENABLE_MODULES = YES;
				CLANG_ENABLE_OBJC_ARC = YES;
				CLANG_ENABLE_OBJC_WEAK = YES;
				CLANG_WARN_BLOCK_CAPTURE_AUTORELEASING = YES;
				CLANG_WARN_BOOL_CONVERSION = YES;
				CLANG_WARN_COMMA = YES;
				CLANG_WARN_CONSTANT_CONVERSION = YES;
				CLANG_WARN_DEPRECATED_OBJC_IMPLEMENTATIONS = YES;
				CLANG_WARN_DIRECT_OBJC_ISA_USAGE = YES_ERROR;
				CLANG_WARN_DOCUMENTATION_COMMENTS = YES;
				CLANG_WARN_EMPTY_BODY = YES;
				CLANG_WARN_ENUM_CONVERSION = YES;
				CLANG_WARN_INFINITE_RECURSION = YES;
				CLANG_WARN_INT_CONVERSION = YES;
				CLANG_WARN_NON_LITERAL_NULL_CONVERSION = YES;
				CLANG_WARN_OBJC_IMPLICIT_RETAIN_SELF = YES;
				CLANG_WARN_OBJC_LITERAL_CONVERSION = YES;
				CLANG_WARN_OBJC_ROOT_CLASS = YES_ERROR;
				CLANG_WARN_QUOTED_INCLUDE_IN_FRAMEWORK_HEADER = YES;
				CLANG_WARN_RANGE_LOOP_ANALYSIS = YES;
				CLANG_WARN_STRICT_PROTOTYPES = YES;
				CLANG_WARN_SUSPICIOUS_MOVE = YES;
				CLANG_WARN_UNGUARDED_AVAILABILITY = YES_AGGRESSIVE;
				CLANG_WARN_UNREACHABLE_CODE = YES;
				CLANG_WARN__DUPLICATE_METHOD_MATCH = YES;
				COPY_PHASE_STRIP = NO;
				DEBUG_INFORMATION_FORMAT = "dwarf-with-dsym";
				ENABLE_NS_ASSERTIONS = NO;
				ENABLE_STRICT_OBJC_MSGSEND = YES;
				ENABLE_USER_SCRIPT_SANDBOXING = YES;
				GCC_C_LANGUAGE_STANDARD = gnu17;
				GCC_NO_COMMON_BLOCKS = YES;
				GCC_WARN_64_TO_32_BIT_CONVERSION = YES;
				GCC_WARN_ABOUT_RETURN_TYPE = YES_ERROR;
				GCC_WARN_UNDECLARED_SELECTOR = YES;
				GCC_WARN_UNINITIALIZED_AUTOS = YES_AGGRESSIVE;
				GCC_WARN_UNUSED_FUNCTION = YES;
				GCC_WARN_UNUSED_VARIABLE = YES;
				IPHONEOS_DEPLOYMENT_TARGET = 18.2;
				LOCALIZATION_PREFERS_STRING_CATALOGS = YES;
				MTL_ENABLE_DEBUG_INFO = NO;
				MTL_FAST_MATH = YES;
				SDKROOT = iphoneos;
				SWIFT_COMPILATION_MODE = wholemodule;
				SWIFT_EMIT_LOC_STRINGS = YES;
				VALIDATE_PRODUCT = YES;
			};
			name = Release;
		};
		11A7E3542D8B35C200D82AF2 /* Debug */ = {
			isa = XCBuildConfiguration;
			buildSettings = {
				BUNDLE_LOADER = "$(TEST_HOST)";
				CODE_SIGN_STYLE = Automatic;
				CURRENT_PROJECT_VERSION = 1;
				DEVELOPMENT_TEAM = 5V565SJ9S9;
				GENERATE_INFOPLIST_FILE = YES;
				IPHONEOS_DEPLOYMENT_TARGET = 18.2;
				MARKETING_VERSION = 1.0;
				PRODUCT_BUNDLE_IDENTIFIER = com.example.personal.OLSUNTests;
				PRODUCT_NAME = "$(TARGET_NAME)";
				SWIFT_EMIT_LOC_STRINGS = NO;
				SWIFT_VERSION = 5.0;
				TARGETED_DEVICE_FAMILY = "1,2";
				TEST_HOST = "$(BUILT_PRODUCTS_DIR)/OLSUN.app/$(BUNDLE_EXECUTABLE_FOLDER_PATH)/OLSUN";
			};
			name = Debug;
		};
		11A7E3552D8B35C200D82AF2 /* Release */ = {
			isa = XCBuildConfiguration;
			buildSettings = {
				BUNDLE_LOADER = "$(TEST_HOST)";
				CODE_SIGN_STYLE = Automatic;
				CURRENT_PROJECT_VERSION = 1;
				DEVELOPMENT_TEAM = 5V565SJ9S9;
				GENERATE_INFOPLIST_FILE = YES;
				IPHONEOS_DEPLOYMENT_TARGET = 18.2;
				MARKETING_VERSION = 1.0;
				PRODUCT_BUNDLE_IDENTIFIER = com.example.personal.OLSUNTests;
				PRODUCT_NAME = "$(TARGET_NAME)";
				SWIFT_EMIT_LOC_STRINGS = NO;
				SWIFT_VERSION = 5.0;
				TARGETED_DEVICE_FAMILY = "1,2";
				TEST_HOST = "$(BUILT_PRODUCTS_DIR)/OLSUN.app/$(BUNDLE_EXECUTABLE_FOLDER_PATH)/OLSUN";
			};
			name = Release;
		};
		11A7E3572D8B35C200D82AF2 /* Debug */ = {
			isa = XCBuildConfiguration;
			buildSettings = {
				CODE_SIGN_STYLE = Automatic;
				CURRENT_PROJECT_VERSION = 1;
				DEVELOPMENT_TEAM = 5V565SJ9S9;
				GENERATE_INFOPLIST_FILE = YES;
				MARKETING_VERSION = 1.0;
				PRODUCT_BUNDLE_IDENTIFIER = com.example.personal.OLSUNUITests;
				PRODUCT_NAME = "$(TARGET_NAME)";
				SWIFT_EMIT_LOC_STRINGS = NO;
				SWIFT_VERSION = 5.0;
				TARGETED_DEVICE_FAMILY = "1,2";
				TEST_TARGET_NAME = OLSUN;
			};
			name = Debug;
		};
		11A7E3582D8B35C200D82AF2 /* Release */ = {
			isa = XCBuildConfiguration;
			buildSettings = {
				CODE_SIGN_STYLE = Automatic;
				CURRENT_PROJECT_VERSION = 1;
				DEVELOPMENT_TEAM = 5V565SJ9S9;
				GENERATE_INFOPLIST_FILE = YES;
				MARKETING_VERSION = 1.0;
				PRODUCT_BUNDLE_IDENTIFIER = com.example.personal.OLSUNUITests;
				PRODUCT_NAME = "$(TARGET_NAME)";
				SWIFT_EMIT_LOC_STRINGS = NO;
				SWIFT_VERSION = 5.0;
				TARGETED_DEVICE_FAMILY = "1,2";
				TEST_TARGET_NAME = OLSUN;
			};
			name = Release;
		};
/* End XCBuildConfiguration section */

/* Begin XCConfigurationList section */
		11A7E3202D8B35BF00D82AF2 /* Build configuration list for PBXProject "OLSUN" */ = {
			isa = XCConfigurationList;
			buildConfigurations = (
				11A7E3512D8B35C200D82AF2 /* Debug */,
				11A7E3522D8B35C200D82AF2 /* Release */,
			);
			defaultConfigurationIsVisible = 0;
			defaultConfigurationName = Release;
		};
		11A7E34E2D8B35C200D82AF2 /* Build configuration list for PBXNativeTarget "OLSUN" */ = {
			isa = XCConfigurationList;
			buildConfigurations = (
				11A7E34F2D8B35C200D82AF2 /* Debug */,
				11A7E3502D8B35C200D82AF2 /* Release */,
			);
			defaultConfigurationIsVisible = 0;
			defaultConfigurationName = Release;
		};
		11A7E3532D8B35C200D82AF2 /* Build configuration list for PBXNativeTarget "OLSUNTests" */ = {
			isa = XCConfigurationList;
			buildConfigurations = (
				11A7E3542D8B35C200D82AF2 /* Debug */,
				11A7E3552D8B35C200D82AF2 /* Release */,
			);
			defaultConfigurationIsVisible = 0;
			defaultConfigurationName = Release;
		};
		11A7E3562D8B35C200D82AF2 /* Build configuration list for PBXNativeTarget "OLSUNUITests" */ = {
			isa = XCConfigurationList;
			buildConfigurations = (
				11A7E3572D8B35C200D82AF2 /* Debug */,
				11A7E3582D8B35C200D82AF2 /* Release */,
			);
			defaultConfigurationIsVisible = 0;
			defaultConfigurationName = Release;
		};
/* End XCConfigurationList section */

/* Begin XCRemoteSwiftPackageReference section */
		11630E972DB0179200C277AE /* XCRemoteSwiftPackageReference "SDWebImage" */ = {
			isa = XCRemoteSwiftPackageReference;
			repositoryURL = "https://github.com/SDWebImage/SDWebImage.git";
			requirement = {
				kind = upToNextMajorVersion;
				minimumVersion = 5.21.0;
			};
		};
		11630E9A2DB019D700C277AE /* XCRemoteSwiftPackageReference "SVGKit" */ = {
			isa = XCRemoteSwiftPackageReference;
			repositoryURL = "https://github.com/SVGKit/SVGKit.git";
			requirement = {
				kind = upToNextMajorVersion;
				minimumVersion = 3.0.0;
			};
		};
		11630E9F2DB0242D00C277AE /* XCRemoteSwiftPackageReference "SwiftSVG" */ = {
			isa = XCRemoteSwiftPackageReference;
			repositoryURL = "https://github.com/mchoe/SwiftSVG.git";
			requirement = {
				branch = master;
				kind = branch;
			};
		};
		11630EA22DB02FBD00C277AE /* XCRemoteSwiftPackageReference "Macaw" */ = {
			isa = XCRemoteSwiftPackageReference;
			repositoryURL = "https://github.com/exyte/Macaw";
			requirement = {
				kind = upToNextMajorVersion;
				minimumVersion = 0.9.10;
			};
		};
		1174DF962DAAC45B00DC1CCC /* XCRemoteSwiftPackageReference "GoogleSignIn-iOS" */ = {
			isa = XCRemoteSwiftPackageReference;
			repositoryURL = "https://github.com/google/GoogleSignIn-iOS";
			requirement = {
				kind = upToNextMajorVersion;
				minimumVersion = 8.0.0;
			};
		};
		11B413BF2DCBA126006FF14F /* XCRemoteSwiftPackageReference "SkeletonView" */ = {
			isa = XCRemoteSwiftPackageReference;
			repositoryURL = "https://github.com/Juanpe/SkeletonView.git";
			requirement = {
				kind = upToNextMajorVersion;
				minimumVersion = 1.31.0;
			};
		};
/* End XCRemoteSwiftPackageReference section */

/* Begin XCSwiftPackageProductDependency section */
		11630E982DB0179200C277AE /* SDWebImage */ = {
			isa = XCSwiftPackageProductDependency;
			package = 11630E972DB0179200C277AE /* XCRemoteSwiftPackageReference "SDWebImage" */;
			productName = SDWebImage;
		};
		11630E9B2DB019D700C277AE /* SVGKit */ = {
			isa = XCSwiftPackageProductDependency;
			package = 11630E9A2DB019D700C277AE /* XCRemoteSwiftPackageReference "SVGKit" */;
			productName = SVGKit;
		};
		11630E9D2DB019D700C277AE /* SVGKitSwift */ = {
			isa = XCSwiftPackageProductDependency;
			package = 11630E9A2DB019D700C277AE /* XCRemoteSwiftPackageReference "SVGKit" */;
			productName = SVGKitSwift;
		};
		11630EA02DB0242D00C277AE /* SwiftSVG */ = {
			isa = XCSwiftPackageProductDependency;
			package = 11630E9F2DB0242D00C277AE /* XCRemoteSwiftPackageReference "SwiftSVG" */;
			productName = SwiftSVG;
		};
		11630EA32DB02FBD00C277AE /* Macaw */ = {
			isa = XCSwiftPackageProductDependency;
			package = 11630EA22DB02FBD00C277AE /* XCRemoteSwiftPackageReference "Macaw" */;
			productName = Macaw;
		};
		1174DF972DAAC45B00DC1CCC /* GoogleSignIn */ = {
			isa = XCSwiftPackageProductDependency;
			package = 1174DF962DAAC45B00DC1CCC /* XCRemoteSwiftPackageReference "GoogleSignIn-iOS" */;
			productName = GoogleSignIn;
		};
		1174DF992DAAC45B00DC1CCC /* GoogleSignInSwift */ = {
			isa = XCSwiftPackageProductDependency;
			package = 1174DF962DAAC45B00DC1CCC /* XCRemoteSwiftPackageReference "GoogleSignIn-iOS" */;
			productName = GoogleSignInSwift;
		};
		11B413C02DCBA126006FF14F /* SkeletonView */ = {
			isa = XCSwiftPackageProductDependency;
			package = 11B413BF2DCBA126006FF14F /* XCRemoteSwiftPackageReference "SkeletonView" */;
			productName = SkeletonView;
		};
/* End XCSwiftPackageProductDependency section */
	};
	rootObject = 11A7E31D2D8B35BF00D82AF2 /* Project object */;
}
