// !$*UTF8*$!
{
	archiveVersion = 1;
	classes = {
	};
	objectVersion = 77;
	objects = {

/* Begin PBXBuildFile section */
		11A7E35F2D8B361500D82AF2 /* AppDelegate.swift in Sources */ = {isa = PBXBuildFile; fileRef = 11A7E3592D8B361500D82AF2 /* AppDelegate.swift */; };
		11A7E3602D8B361500D82AF2 /* SceneDelegate.swift in Sources */ = {isa = PBXBuildFile; fileRef = 11A7E35C2D8B361500D82AF2 /* SceneDelegate.swift */; };
		11A7E3622D8B361500D82AF2 /* Assets.xcassets in Resources */ = {isa = PBXBuildFile; fileRef = 11A7E35A2D8B361500D82AF2 /* Assets.xcassets */; };
		11A7E3662D8B361700D82AF2 /* OLSUNTests.swift in Sources */ = {isa = PBXBuildFile; fileRef = 11A7E3642D8B361700D82AF2 /* OLSUNTests.swift */; };
		11A7E36A2D8B361A00D82AF2 /* OLSUNUITests.swift in Sources */ = {isa = PBXBuildFile; fileRef = 11A7E3672D8B361A00D82AF2 /* OLSUNUITests.swift */; };
		11A7E36B2D8B361A00D82AF2 /* OLSUNUITestsLaunchTests.swift in Sources */ = {isa = PBXBuildFile; fileRef = 11A7E3682D8B361A00D82AF2 /* OLSUNUITestsLaunchTests.swift */; };
		11A7E3722D8B36D100D82AF2 /* Colors.xcassets in Resources */ = {isa = PBXBuildFile; fileRef = 11A7E3712D8B36D100D82AF2 /* Colors.xcassets */; };
		11A7E3772D8B373600D82AF2 /* UserDefaultsHelper.swift in Sources */ = {isa = PBXBuildFile; fileRef = 11A7E3762D8B373600D82AF2 /* UserDefaultsHelper.swift */; };
		11A7E3792D8B374300D82AF2 /* UserDefaultsKey.swift in Sources */ = {isa = PBXBuildFile; fileRef = 11A7E3782D8B374300D82AF2 /* UserDefaultsKey.swift */; };
		11A7E37B2D8B375600D82AF2 /* NotificationNameExtensions.swift in Sources */ = {isa = PBXBuildFile; fileRef = 11A7E37A2D8B375600D82AF2 /* NotificationNameExtensions.swift */; };
		11A7E37D2D8B376000D82AF2 /* Extensions.swift in Sources */ = {isa = PBXBuildFile; fileRef = 11A7E37C2D8B376000D82AF2 /* Extensions.swift */; };
		11A7E37F2D8B376E00D82AF2 /* LayoutExtensions.swift in Sources */ = {isa = PBXBuildFile; fileRef = 11A7E37E2D8B376E00D82AF2 /* LayoutExtensions.swift */; };
		11A7E3832D8B37A000D82AF2 /* Coordinator.swift in Sources */ = {isa = PBXBuildFile; fileRef = 11A7E3822D8B37A000D82AF2 /* Coordinator.swift */; };
		11A7E3852D8B37AA00D82AF2 /* AppCoordinator.swift in Sources */ = {isa = PBXBuildFile; fileRef = 11A7E3842D8B37AA00D82AF2 /* AppCoordinator.swift */; };
		11A7E3872D8B37C000D82AF2 /* BaseViewController.swift in Sources */ = {isa = PBXBuildFile; fileRef = 11A7E3862D8B37C000D82AF2 /* BaseViewController.swift */; };
		11A7E38B2D8B37FD00D82AF2 /* ReusableButton.swift in Sources */ = {isa = PBXBuildFile; fileRef = 11A7E38A2D8B37FD00D82AF2 /* ReusableButton.swift */; };
		11A7E38D2D8B380600D82AF2 /* ReusableLabel.swift in Sources */ = {isa = PBXBuildFile; fileRef = 11A7E38C2D8B380600D82AF2 /* ReusableLabel.swift */; };
		11A7E38F2D8B381000D82AF2 /* ReusableTextField.swift in Sources */ = {isa = PBXBuildFile; fileRef = 11A7E38E2D8B381000D82AF2 /* ReusableTextField.swift */; };
		11A7E3912D8B38EA00D82AF2 /* FontsKeys.swift in Sources */ = {isa = PBXBuildFile; fileRef = 11A7E3902D8B38EA00D82AF2 /* FontsKeys.swift */; };
		11A7E3932D8B39C700D82AF2 /* AuthNavigation.swift in Sources */ = {isa = PBXBuildFile; fileRef = 11A7E3922D8B39C700D82AF2 /* AuthNavigation.swift */; };
		11A7E3952D8B39D200D82AF2 /* AuthCoordinator.swift in Sources */ = {isa = PBXBuildFile; fileRef = 11A7E3942D8B39D200D82AF2 /* AuthCoordinator.swift */; };
		11A7E39E2D8B3A8800D82AF2 /* LoginViewController.swift in Sources */ = {isa = PBXBuildFile; fileRef = 11A7E39D2D8B3A8800D82AF2 /* LoginViewController.swift */; };
		11A7E3A02D8B3A9C00D82AF2 /* LoginViewModel.swift in Sources */ = {isa = PBXBuildFile; fileRef = 11A7E39F2D8B3A9C00D82AF2 /* LoginViewModel.swift */; };
		11BB9E342D8C8F4E00008DD7 /* WorkSans-BlackItalic.ttf in Resources */ = {isa = PBXBuildFile; fileRef = 11BB9E222D8C8F4E00008DD7 /* WorkSans-BlackItalic.ttf */; };
		11BB9E352D8C8F4E00008DD7 /* WorkSans-ExtraLight.ttf in Resources */ = {isa = PBXBuildFile; fileRef = 11BB9E272D8C8F4E00008DD7 /* WorkSans-ExtraLight.ttf */; };
		11BB9E362D8C8F4E00008DD7 /* WorkSans-Black.ttf in Resources */ = {isa = PBXBuildFile; fileRef = 11BB9E212D8C8F4E00008DD7 /* WorkSans-Black.ttf */; };
		11BB9E372D8C8F4E00008DD7 /* WorkSans-Italic.ttf in Resources */ = {isa = PBXBuildFile; fileRef = 11BB9E292D8C8F4E00008DD7 /* WorkSans-Italic.ttf */; };
		11BB9E382D8C8F4E00008DD7 /* WorkSans-Light.ttf in Resources */ = {isa = PBXBuildFile; fileRef = 11BB9E2A2D8C8F4E00008DD7 /* WorkSans-Light.ttf */; };
		11BB9E392D8C8F4E00008DD7 /* WorkSans-MediumItalic.ttf in Resources */ = {isa = PBXBuildFile; fileRef = 11BB9E2D2D8C8F4E00008DD7 /* WorkSans-MediumItalic.ttf */; };
		11BB9E3A2D8C8F4E00008DD7 /* WorkSans-Bold.ttf in Resources */ = {isa = PBXBuildFile; fileRef = 11BB9E232D8C8F4E00008DD7 /* WorkSans-Bold.ttf */; };
		11BB9E3B2D8C8F4E00008DD7 /* WorkSans-ExtraBold.ttf in Resources */ = {isa = PBXBuildFile; fileRef = 11BB9E252D8C8F4E00008DD7 /* WorkSans-ExtraBold.ttf */; };
		11BB9E3C2D8C8F4E00008DD7 /* WorkSans-Medium.ttf in Resources */ = {isa = PBXBuildFile; fileRef = 11BB9E2C2D8C8F4E00008DD7 /* WorkSans-Medium.ttf */; };
		11BB9E3D2D8C8F4E00008DD7 /* WorkSans-ThinItalic.ttf in Resources */ = {isa = PBXBuildFile; fileRef = 11BB9E322D8C8F4E00008DD7 /* WorkSans-ThinItalic.ttf */; };
		11BB9E3E2D8C8F4E00008DD7 /* WorkSans-ExtraLightItalic.ttf in Resources */ = {isa = PBXBuildFile; fileRef = 11BB9E282D8C8F4E00008DD7 /* WorkSans-ExtraLightItalic.ttf */; };
		11BB9E3F2D8C8F4E00008DD7 /* WorkSans-LightItalic.ttf in Resources */ = {isa = PBXBuildFile; fileRef = 11BB9E2B2D8C8F4E00008DD7 /* WorkSans-LightItalic.ttf */; };
		11BB9E402D8C8F4E00008DD7 /* WorkSans-BoldItalic.ttf in Resources */ = {isa = PBXBuildFile; fileRef = 11BB9E242D8C8F4E00008DD7 /* WorkSans-BoldItalic.ttf */; };
		11BB9E412D8C8F4E00008DD7 /* WorkSans-ExtraBoldItalic.ttf in Resources */ = {isa = PBXBuildFile; fileRef = 11BB9E262D8C8F4E00008DD7 /* WorkSans-ExtraBoldItalic.ttf */; };
		11BB9E422D8C8F4E00008DD7 /* WorkSans-SemiBold.ttf in Resources */ = {isa = PBXBuildFile; fileRef = 11BB9E2F2D8C8F4E00008DD7 /* WorkSans-SemiBold.ttf */; };
		11BB9E432D8C8F4E00008DD7 /* WorkSans-Regular.ttf in Resources */ = {isa = PBXBuildFile; fileRef = 11BB9E2E2D8C8F4E00008DD7 /* WorkSans-Regular.ttf */; };
		11BB9E442D8C8F4E00008DD7 /* WorkSans-SemiBoldItalic.ttf in Resources */ = {isa = PBXBuildFile; fileRef = 11BB9E302D8C8F4E00008DD7 /* WorkSans-SemiBoldItalic.ttf */; };
		11BB9E452D8C8F4E00008DD7 /* WorkSans-Thin.ttf in Resources */ = {isa = PBXBuildFile; fileRef = 11BB9E312D8C8F4E00008DD7 /* WorkSans-Thin.ttf */; };
		11BB9E822D8C8F5D00008DD7 /* Roboto_Condensed-Italic.ttf in Resources */ = {isa = PBXBuildFile; fileRef = 11BB9E4E2D8C8F5D00008DD7 /* Roboto_Condensed-Italic.ttf */; };
		11BB9E832D8C8F5D00008DD7 /* Roboto-ExtraBold.ttf in Resources */ = {isa = PBXBuildFile; fileRef = 11BB9E6E2D8C8F5D00008DD7 /* Roboto-ExtraBold.ttf */; };
		11BB9E842D8C8F5D00008DD7 /* Roboto_SemiCondensed-ExtraLightItalic.ttf in Resources */ = {isa = PBXBuildFile; fileRef = 11BB9E5F2D8C8F5D00008DD7 /* Roboto_SemiCondensed-ExtraLightItalic.ttf */; };
		11BB9E852D8C8F5D00008DD7 /* Roboto_Condensed-SemiBold.ttf in Resources */ = {isa = PBXBuildFile; fileRef = 11BB9E542D8C8F5D00008DD7 /* Roboto_Condensed-SemiBold.ttf */; };
		11BB9E862D8C8F5D00008DD7 /* Roboto_SemiCondensed-Medium.ttf in Resources */ = {isa = PBXBuildFile; fileRef = 11BB9E632D8C8F5D00008DD7 /* Roboto_SemiCondensed-Medium.ttf */; };
		11BB9E872D8C8F5D00008DD7 /* Roboto_SemiCondensed-SemiBold.ttf in Resources */ = {isa = PBXBuildFile; fileRef = 11BB9E662D8C8F5D00008DD7 /* Roboto_SemiCondensed-SemiBold.ttf */; };
		11BB9E882D8C8F5D00008DD7 /* Roboto_SemiCondensed-BoldItalic.ttf in Resources */ = {isa = PBXBuildFile; fileRef = 11BB9E5B2D8C8F5D00008DD7 /* Roboto_SemiCondensed-BoldItalic.ttf */; };
		11BB9E892D8C8F5D00008DD7 /* Roboto_SemiCondensed-ExtraBold.ttf in Resources */ = {isa = PBXBuildFile; fileRef = 11BB9E5C2D8C8F5D00008DD7 /* Roboto_SemiCondensed-ExtraBold.ttf */; };
		11BB9E8A2D8C8F5D00008DD7 /* Roboto-ThinItalic.ttf in Resources */ = {isa = PBXBuildFile; fileRef = 11BB9E7B2D8C8F5D00008DD7 /* Roboto-ThinItalic.ttf */; };
		11BB9E8B2D8C8F5D00008DD7 /* Roboto_Condensed-Bold.ttf in Resources */ = {isa = PBXBuildFile; fileRef = 11BB9E482D8C8F5D00008DD7 /* Roboto_Condensed-Bold.ttf */; };
		11BB9E8C2D8C8F5D00008DD7 /* Roboto-ExtraLightItalic.ttf in Resources */ = {isa = PBXBuildFile; fileRef = 11BB9E712D8C8F5D00008DD7 /* Roboto-ExtraLightItalic.ttf */; };
		11BB9E8D2D8C8F5D00008DD7 /* Roboto_Condensed-MediumItalic.ttf in Resources */ = {isa = PBXBuildFile; fileRef = 11BB9E522D8C8F5D00008DD7 /* Roboto_Condensed-MediumItalic.ttf */; };
		11BB9E8E2D8C8F5D00008DD7 /* Roboto_Condensed-BlackItalic.ttf in Resources */ = {isa = PBXBuildFile; fileRef = 11BB9E472D8C8F5D00008DD7 /* Roboto_Condensed-BlackItalic.ttf */; };
		11BB9E8F2D8C8F5D00008DD7 /* Roboto_Condensed-BoldItalic.ttf in Resources */ = {isa = PBXBuildFile; fileRef = 11BB9E492D8C8F5D00008DD7 /* Roboto_Condensed-BoldItalic.ttf */; };
		11BB9E912D8C8F5D00008DD7 /* Roboto_SemiCondensed-Light.ttf in Resources */ = {isa = PBXBuildFile; fileRef = 11BB9E612D8C8F5D00008DD7 /* Roboto_SemiCondensed-Light.ttf */; };
		11BB9E922D8C8F5D00008DD7 /* Roboto_Condensed-ExtraBoldItalic.ttf in Resources */ = {isa = PBXBuildFile; fileRef = 11BB9E4B2D8C8F5D00008DD7 /* Roboto_Condensed-ExtraBoldItalic.ttf */; };
		11BB9E932D8C8F5D00008DD7 /* Roboto_Condensed-Light.ttf in Resources */ = {isa = PBXBuildFile; fileRef = 11BB9E4F2D8C8F5D00008DD7 /* Roboto_Condensed-Light.ttf */; };
		11BB9E942D8C8F5D00008DD7 /* Roboto-MediumItalic.ttf in Resources */ = {isa = PBXBuildFile; fileRef = 11BB9E762D8C8F5D00008DD7 /* Roboto-MediumItalic.ttf */; };
		11BB9E952D8C8F5D00008DD7 /* Roboto_SemiCondensed-LightItalic.ttf in Resources */ = {isa = PBXBuildFile; fileRef = 11BB9E622D8C8F5D00008DD7 /* Roboto_SemiCondensed-LightItalic.ttf */; };
		11BB9E962D8C8F5D00008DD7 /* Roboto_SemiCondensed-Italic.ttf in Resources */ = {isa = PBXBuildFile; fileRef = 11BB9E602D8C8F5D00008DD7 /* Roboto_SemiCondensed-Italic.ttf */; };
		11BB9E972D8C8F5D00008DD7 /* Roboto-Medium.ttf in Resources */ = {isa = PBXBuildFile; fileRef = 11BB9E752D8C8F5D00008DD7 /* Roboto-Medium.ttf */; };
		11BB9E982D8C8F5D00008DD7 /* Roboto_SemiCondensed-Bold.ttf in Resources */ = {isa = PBXBuildFile; fileRef = 11BB9E5A2D8C8F5D00008DD7 /* Roboto_SemiCondensed-Bold.ttf */; };
		11BB9E992D8C8F5D00008DD7 /* Roboto_Condensed-ExtraBold.ttf in Resources */ = {isa = PBXBuildFile; fileRef = 11BB9E4A2D8C8F5D00008DD7 /* Roboto_Condensed-ExtraBold.ttf */; };
		11BB9E9A2D8C8F5D00008DD7 /* Roboto_SemiCondensed-ExtraBoldItalic.ttf in Resources */ = {isa = PBXBuildFile; fileRef = 11BB9E5D2D8C8F5D00008DD7 /* Roboto_SemiCondensed-ExtraBoldItalic.ttf */; };
		11BB9E9B2D8C8F5D00008DD7 /* Roboto_SemiCondensed-BlackItalic.ttf in Resources */ = {isa = PBXBuildFile; fileRef = 11BB9E592D8C8F5D00008DD7 /* Roboto_SemiCondensed-BlackItalic.ttf */; };
		11BB9E9C2D8C8F5D00008DD7 /* Roboto-LightItalic.ttf in Resources */ = {isa = PBXBuildFile; fileRef = 11BB9E742D8C8F5D00008DD7 /* Roboto-LightItalic.ttf */; };
		11BB9E9D2D8C8F5D00008DD7 /* Roboto_SemiCondensed-MediumItalic.ttf in Resources */ = {isa = PBXBuildFile; fileRef = 11BB9E642D8C8F5D00008DD7 /* Roboto_SemiCondensed-MediumItalic.ttf */; };
		11BB9E9E2D8C8F5D00008DD7 /* Roboto-ExtraBoldItalic.ttf in Resources */ = {isa = PBXBuildFile; fileRef = 11BB9E6F2D8C8F5D00008DD7 /* Roboto-ExtraBoldItalic.ttf */; };
		11BB9E9F2D8C8F5D00008DD7 /* Roboto-Italic.ttf in Resources */ = {isa = PBXBuildFile; fileRef = 11BB9E722D8C8F5D00008DD7 /* Roboto-Italic.ttf */; };
		11BB9EA02D8C8F5D00008DD7 /* Roboto-Light.ttf in Resources */ = {isa = PBXBuildFile; fileRef = 11BB9E732D8C8F5D00008DD7 /* Roboto-Light.ttf */; };
		11BB9EA12D8C8F5D00008DD7 /* Roboto-ExtraLight.ttf in Resources */ = {isa = PBXBuildFile; fileRef = 11BB9E702D8C8F5D00008DD7 /* Roboto-ExtraLight.ttf */; };
		11BB9EA22D8C8F5D00008DD7 /* Roboto-Bold.ttf in Resources */ = {isa = PBXBuildFile; fileRef = 11BB9E6C2D8C8F5D00008DD7 /* Roboto-Bold.ttf */; };
		11BB9EA32D8C8F5D00008DD7 /* Roboto_SemiCondensed-SemiBoldItalic.ttf in Resources */ = {isa = PBXBuildFile; fileRef = 11BB9E672D8C8F5D00008DD7 /* Roboto_SemiCondensed-SemiBoldItalic.ttf */; };
		11BB9EA42D8C8F5D00008DD7 /* Roboto_Condensed-ExtraLight.ttf in Resources */ = {isa = PBXBuildFile; fileRef = 11BB9E4C2D8C8F5D00008DD7 /* Roboto_Condensed-ExtraLight.ttf */; };
		11BB9EA52D8C8F5D00008DD7 /* Roboto-Black.ttf in Resources */ = {isa = PBXBuildFile; fileRef = 11BB9E6A2D8C8F5D00008DD7 /* Roboto-Black.ttf */; };
		11BB9EA62D8C8F5D00008DD7 /* Roboto_Condensed-Black.ttf in Resources */ = {isa = PBXBuildFile; fileRef = 11BB9E462D8C8F5D00008DD7 /* Roboto_Condensed-Black.ttf */; };
		11BB9EA82D8C8F5D00008DD7 /* Roboto-BlackItalic.ttf in Resources */ = {isa = PBXBuildFile; fileRef = 11BB9E6B2D8C8F5D00008DD7 /* Roboto-BlackItalic.ttf */; };
		11BB9EA92D8C8F5D00008DD7 /* Roboto_Condensed-ExtraLightItalic.ttf in Resources */ = {isa = PBXBuildFile; fileRef = 11BB9E4D2D8C8F5D00008DD7 /* Roboto_Condensed-ExtraLightItalic.ttf */; };
		11BB9EAA2D8C8F5D00008DD7 /* Roboto-BoldItalic.ttf in Resources */ = {isa = PBXBuildFile; fileRef = 11BB9E6D2D8C8F5D00008DD7 /* Roboto-BoldItalic.ttf */; };
		11BB9EAC2D8C8F5D00008DD7 /* Roboto_SemiCondensed-ThinItalic.ttf in Resources */ = {isa = PBXBuildFile; fileRef = 11BB9E692D8C8F5D00008DD7 /* Roboto_SemiCondensed-ThinItalic.ttf */; };
		11BB9EAD2D8C8F5D00008DD7 /* Roboto_Condensed-Thin.ttf in Resources */ = {isa = PBXBuildFile; fileRef = 11BB9E562D8C8F5D00008DD7 /* Roboto_Condensed-Thin.ttf */; };
		11BB9EAE2D8C8F5D00008DD7 /* Roboto_Condensed-SemiBoldItalic.ttf in Resources */ = {isa = PBXBuildFile; fileRef = 11BB9E552D8C8F5D00008DD7 /* Roboto_Condensed-SemiBoldItalic.ttf */; };
		11BB9EAF2D8C8F5D00008DD7 /* Roboto-Thin.ttf in Resources */ = {isa = PBXBuildFile; fileRef = 11BB9E7A2D8C8F5D00008DD7 /* Roboto-Thin.ttf */; };
		11BB9EB02D8C8F5D00008DD7 /* Roboto_Condensed-ThinItalic.ttf in Resources */ = {isa = PBXBuildFile; fileRef = 11BB9E572D8C8F5D00008DD7 /* Roboto_Condensed-ThinItalic.ttf */; };
		11BB9EB12D8C8F5D00008DD7 /* Roboto_SemiCondensed-Black.ttf in Resources */ = {isa = PBXBuildFile; fileRef = 11BB9E582D8C8F5D00008DD7 /* Roboto_SemiCondensed-Black.ttf */; };
		11BB9EB22D8C8F5D00008DD7 /* Roboto_SemiCondensed-Regular.ttf in Resources */ = {isa = PBXBuildFile; fileRef = 11BB9E652D8C8F5D00008DD7 /* Roboto_SemiCondensed-Regular.ttf */; };
		11BB9EB32D8C8F5D00008DD7 /* Roboto-Regular.ttf in Resources */ = {isa = PBXBuildFile; fileRef = 11BB9E772D8C8F5D00008DD7 /* Roboto-Regular.ttf */; };
		11BB9EB42D8C8F5D00008DD7 /* Roboto-SemiBoldItalic.ttf in Resources */ = {isa = PBXBuildFile; fileRef = 11BB9E792D8C8F5D00008DD7 /* Roboto-SemiBoldItalic.ttf */; };
		11BB9EB52D8C8F5D00008DD7 /* Roboto_Condensed-LightItalic.ttf in Resources */ = {isa = PBXBuildFile; fileRef = 11BB9E502D8C8F5D00008DD7 /* Roboto_Condensed-LightItalic.ttf */; };
		11BB9EB72D8C8F5D00008DD7 /* Roboto_SemiCondensed-Thin.ttf in Resources */ = {isa = PBXBuildFile; fileRef = 11BB9E682D8C8F5D00008DD7 /* Roboto_SemiCondensed-Thin.ttf */; };
		11BB9EB82D8C8F5D00008DD7 /* Roboto-SemiBold.ttf in Resources */ = {isa = PBXBuildFile; fileRef = 11BB9E782D8C8F5D00008DD7 /* Roboto-SemiBold.ttf */; };
		11BB9EB92D8C8F5D00008DD7 /* Roboto_SemiCondensed-ExtraLight.ttf in Resources */ = {isa = PBXBuildFile; fileRef = 11BB9E5E2D8C8F5D00008DD7 /* Roboto_SemiCondensed-ExtraLight.ttf */; };
		11BB9EBA2D8C8F5D00008DD7 /* Roboto_Condensed-Regular.ttf in Resources */ = {isa = PBXBuildFile; fileRef = 11BB9E532D8C8F5D00008DD7 /* Roboto_Condensed-Regular.ttf */; };
		11BB9EBB2D8C8F5D00008DD7 /* Roboto_Condensed-Medium.ttf in Resources */ = {isa = PBXBuildFile; fileRef = 11BB9E512D8C8F5D00008DD7 /* Roboto_Condensed-Medium.ttf */; };
		11BB9EF32D8C8F7D00008DD7 /* Inter_24pt-Italic.ttf in Resources */ = {isa = PBXBuildFile; fileRef = 11BB9ED62D8C8F7D00008DD7 /* Inter_24pt-Italic.ttf */; };
		11BB9EF42D8C8F7D00008DD7 /* Inter_28pt-BlackItalic.ttf in Resources */ = {isa = PBXBuildFile; fileRef = 11BB9EE12D8C8F7D00008DD7 /* Inter_28pt-BlackItalic.ttf */; };
		11BB9EF52D8C8F7D00008DD7 /* Inter_28pt-ThinItalic.ttf in Resources */ = {isa = PBXBuildFile; fileRef = 11BB9EF12D8C8F7D00008DD7 /* Inter_28pt-ThinItalic.ttf */; };
		11BB9EF62D8C8F7D00008DD7 /* Inter_24pt-Light.ttf in Resources */ = {isa = PBXBuildFile; fileRef = 11BB9ED72D8C8F7D00008DD7 /* Inter_24pt-Light.ttf */; };
		11BB9EF72D8C8F7D00008DD7 /* Inter_28pt-MediumItalic.ttf in Resources */ = {isa = PBXBuildFile; fileRef = 11BB9EEC2D8C8F7D00008DD7 /* Inter_28pt-MediumItalic.ttf */; };
		11BB9EF82D8C8F7D00008DD7 /* Inter_18pt-Regular.ttf in Resources */ = {isa = PBXBuildFile; fileRef = 11BB9EC92D8C8F7D00008DD7 /* Inter_18pt-Regular.ttf */; };
		11BB9EF92D8C8F7D00008DD7 /* Inter_24pt-MediumItalic.ttf in Resources */ = {isa = PBXBuildFile; fileRef = 11BB9EDA2D8C8F7D00008DD7 /* Inter_24pt-MediumItalic.ttf */; };
		11BB9EFA2D8C8F7D00008DD7 /* Inter_28pt-ExtraBoldItalic.ttf in Resources */ = {isa = PBXBuildFile; fileRef = 11BB9EE52D8C8F7D00008DD7 /* Inter_28pt-ExtraBoldItalic.ttf */; };
		11BB9EFB2D8C8F7D00008DD7 /* Inter_18pt-ExtraBoldItalic.ttf in Resources */ = {isa = PBXBuildFile; fileRef = 11BB9EC12D8C8F7D00008DD7 /* Inter_18pt-ExtraBoldItalic.ttf */; };
		11BB9EFC2D8C8F7D00008DD7 /* Inter_24pt-BoldItalic.ttf in Resources */ = {isa = PBXBuildFile; fileRef = 11BB9ED12D8C8F7D00008DD7 /* Inter_24pt-BoldItalic.ttf */; };
		11BB9EFD2D8C8F7D00008DD7 /* Inter_28pt-SemiBold.ttf in Resources */ = {isa = PBXBuildFile; fileRef = 11BB9EEE2D8C8F7D00008DD7 /* Inter_28pt-SemiBold.ttf */; };
		11BB9EFE2D8C8F7D00008DD7 /* Inter_24pt-SemiBoldItalic.ttf in Resources */ = {isa = PBXBuildFile; fileRef = 11BB9EDD2D8C8F7D00008DD7 /* Inter_24pt-SemiBoldItalic.ttf */; };
		11BB9EFF2D8C8F7D00008DD7 /* Inter_18pt-ThinItalic.ttf in Resources */ = {isa = PBXBuildFile; fileRef = 11BB9ECD2D8C8F7D00008DD7 /* Inter_18pt-ThinItalic.ttf */; };
		11BB9F002D8C8F7D00008DD7 /* Inter_18pt-SemiBold.ttf in Resources */ = {isa = PBXBuildFile; fileRef = 11BB9ECA2D8C8F7D00008DD7 /* Inter_18pt-SemiBold.ttf */; };
		11BB9F012D8C8F7D00008DD7 /* Inter_28pt-Black.ttf in Resources */ = {isa = PBXBuildFile; fileRef = 11BB9EE02D8C8F7D00008DD7 /* Inter_28pt-Black.ttf */; };
		11BB9F022D8C8F7D00008DD7 /* Inter_28pt-ExtraLightItalic.ttf in Resources */ = {isa = PBXBuildFile; fileRef = 11BB9EE72D8C8F7D00008DD7 /* Inter_28pt-ExtraLightItalic.ttf */; };
		11BB9F032D8C8F7D00008DD7 /* Inter_18pt-Light.ttf in Resources */ = {isa = PBXBuildFile; fileRef = 11BB9EC52D8C8F7D00008DD7 /* Inter_18pt-Light.ttf */; };
		11BB9F042D8C8F7D00008DD7 /* Inter_18pt-SemiBoldItalic.ttf in Resources */ = {isa = PBXBuildFile; fileRef = 11BB9ECB2D8C8F7D00008DD7 /* Inter_18pt-SemiBoldItalic.ttf */; };
		11BB9F052D8C8F7D00008DD7 /* Inter_28pt-Italic.ttf in Resources */ = {isa = PBXBuildFile; fileRef = 11BB9EE82D8C8F7D00008DD7 /* Inter_28pt-Italic.ttf */; };
		11BB9F062D8C8F7D00008DD7 /* Inter_24pt-LightItalic.ttf in Resources */ = {isa = PBXBuildFile; fileRef = 11BB9ED82D8C8F7D00008DD7 /* Inter_24pt-LightItalic.ttf */; };
		11BB9F072D8C8F7D00008DD7 /* Inter_18pt-Black.ttf in Resources */ = {isa = PBXBuildFile; fileRef = 11BB9EBC2D8C8F7D00008DD7 /* Inter_18pt-Black.ttf */; };
		11BB9F082D8C8F7D00008DD7 /* Inter_28pt-BoldItalic.ttf in Resources */ = {isa = PBXBuildFile; fileRef = 11BB9EE32D8C8F7D00008DD7 /* Inter_28pt-BoldItalic.ttf */; };
		11BB9F092D8C8F7D00008DD7 /* Inter_24pt-ExtraBold.ttf in Resources */ = {isa = PBXBuildFile; fileRef = 11BB9ED22D8C8F7D00008DD7 /* Inter_24pt-ExtraBold.ttf */; };
		11BB9F0A2D8C8F7D00008DD7 /* Inter_28pt-ExtraLight.ttf in Resources */ = {isa = PBXBuildFile; fileRef = 11BB9EE62D8C8F7D00008DD7 /* Inter_28pt-ExtraLight.ttf */; };
		11BB9F0B2D8C8F7D00008DD7 /* Inter_18pt-ExtraLightItalic.ttf in Resources */ = {isa = PBXBuildFile; fileRef = 11BB9EC32D8C8F7D00008DD7 /* Inter_18pt-ExtraLightItalic.ttf */; };
		11BB9F0C2D8C8F7D00008DD7 /* Inter_18pt-ExtraBold.ttf in Resources */ = {isa = PBXBuildFile; fileRef = 11BB9EC02D8C8F7D00008DD7 /* Inter_18pt-ExtraBold.ttf */; };
		11BB9F0D2D8C8F7D00008DD7 /* Inter_18pt-Bold.ttf in Resources */ = {isa = PBXBuildFile; fileRef = 11BB9EBE2D8C8F7D00008DD7 /* Inter_18pt-Bold.ttf */; };
		11BB9F0E2D8C8F7D00008DD7 /* Inter_24pt-SemiBold.ttf in Resources */ = {isa = PBXBuildFile; fileRef = 11BB9EDC2D8C8F7D00008DD7 /* Inter_24pt-SemiBold.ttf */; };
		11BB9F0F2D8C8F7D00008DD7 /* Inter_24pt-BlackItalic.ttf in Resources */ = {isa = PBXBuildFile; fileRef = 11BB9ECF2D8C8F7D00008DD7 /* Inter_24pt-BlackItalic.ttf */; };
		11BB9F102D8C8F7D00008DD7 /* Inter_18pt-Italic.ttf in Resources */ = {isa = PBXBuildFile; fileRef = 11BB9EC42D8C8F7D00008DD7 /* Inter_18pt-Italic.ttf */; };
		11BB9F112D8C8F7D00008DD7 /* Inter_24pt-Regular.ttf in Resources */ = {isa = PBXBuildFile; fileRef = 11BB9EDB2D8C8F7D00008DD7 /* Inter_24pt-Regular.ttf */; };
		11BB9F122D8C8F7D00008DD7 /* Inter_28pt-Regular.ttf in Resources */ = {isa = PBXBuildFile; fileRef = 11BB9EED2D8C8F7D00008DD7 /* Inter_28pt-Regular.ttf */; };
		11BB9F132D8C8F7D00008DD7 /* Inter_24pt-Medium.ttf in Resources */ = {isa = PBXBuildFile; fileRef = 11BB9ED92D8C8F7D00008DD7 /* Inter_24pt-Medium.ttf */; };
		11BB9F142D8C8F7D00008DD7 /* Inter_18pt-BoldItalic.ttf in Resources */ = {isa = PBXBuildFile; fileRef = 11BB9EBF2D8C8F7D00008DD7 /* Inter_18pt-BoldItalic.ttf */; };
		11BB9F152D8C8F7D00008DD7 /* Inter_28pt-ExtraBold.ttf in Resources */ = {isa = PBXBuildFile; fileRef = 11BB9EE42D8C8F7D00008DD7 /* Inter_28pt-ExtraBold.ttf */; };
		11BB9F162D8C8F7D00008DD7 /* Inter_28pt-SemiBoldItalic.ttf in Resources */ = {isa = PBXBuildFile; fileRef = 11BB9EEF2D8C8F7D00008DD7 /* Inter_28pt-SemiBoldItalic.ttf */; };
		11BB9F172D8C8F7D00008DD7 /* Inter_24pt-Bold.ttf in Resources */ = {isa = PBXBuildFile; fileRef = 11BB9ED02D8C8F7D00008DD7 /* Inter_24pt-Bold.ttf */; };
		11BB9F182D8C8F7D00008DD7 /* Inter_24pt-Thin.ttf in Resources */ = {isa = PBXBuildFile; fileRef = 11BB9EDE2D8C8F7D00008DD7 /* Inter_24pt-Thin.ttf */; };
		11BB9F192D8C8F7D00008DD7 /* Inter_18pt-ExtraLight.ttf in Resources */ = {isa = PBXBuildFile; fileRef = 11BB9EC22D8C8F7D00008DD7 /* Inter_18pt-ExtraLight.ttf */; };
		11BB9F1A2D8C8F7D00008DD7 /* Inter_18pt-MediumItalic.ttf in Resources */ = {isa = PBXBuildFile; fileRef = 11BB9EC82D8C8F7D00008DD7 /* Inter_18pt-MediumItalic.ttf */; };
		11BB9F1B2D8C8F7D00008DD7 /* Inter_24pt-Black.ttf in Resources */ = {isa = PBXBuildFile; fileRef = 11BB9ECE2D8C8F7D00008DD7 /* Inter_24pt-Black.ttf */; };
		11BB9F1C2D8C8F7D00008DD7 /* Inter_24pt-ExtraLight.ttf in Resources */ = {isa = PBXBuildFile; fileRef = 11BB9ED42D8C8F7D00008DD7 /* Inter_24pt-ExtraLight.ttf */; };
		11BB9F1D2D8C8F7D00008DD7 /* Inter_28pt-Medium.ttf in Resources */ = {isa = PBXBuildFile; fileRef = 11BB9EEB2D8C8F7D00008DD7 /* Inter_28pt-Medium.ttf */; };
		11BB9F1E2D8C8F7D00008DD7 /* Inter_28pt-Bold.ttf in Resources */ = {isa = PBXBuildFile; fileRef = 11BB9EE22D8C8F7D00008DD7 /* Inter_28pt-Bold.ttf */; };
		11BB9F1F2D8C8F7D00008DD7 /* Inter_24pt-ExtraBoldItalic.ttf in Resources */ = {isa = PBXBuildFile; fileRef = 11BB9ED32D8C8F7D00008DD7 /* Inter_24pt-ExtraBoldItalic.ttf */; };
		11BB9F202D8C8F7D00008DD7 /* Inter_18pt-Medium.ttf in Resources */ = {isa = PBXBuildFile; fileRef = 11BB9EC72D8C8F7D00008DD7 /* Inter_18pt-Medium.ttf */; };
		11BB9F212D8C8F7D00008DD7 /* Inter_18pt-LightItalic.ttf in Resources */ = {isa = PBXBuildFile; fileRef = 11BB9EC62D8C8F7D00008DD7 /* Inter_18pt-LightItalic.ttf */; };
		11BB9F222D8C8F7D00008DD7 /* Inter_24pt-ExtraLightItalic.ttf in Resources */ = {isa = PBXBuildFile; fileRef = 11BB9ED52D8C8F7D00008DD7 /* Inter_24pt-ExtraLightItalic.ttf */; };
		11BB9F232D8C8F7D00008DD7 /* Inter_18pt-Thin.ttf in Resources */ = {isa = PBXBuildFile; fileRef = 11BB9ECC2D8C8F7D00008DD7 /* Inter_18pt-Thin.ttf */; };
		11BB9F242D8C8F7D00008DD7 /* Inter_24pt-ThinItalic.ttf in Resources */ = {isa = PBXBuildFile; fileRef = 11BB9EDF2D8C8F7D00008DD7 /* Inter_24pt-ThinItalic.ttf */; };
		11BB9F252D8C8F7D00008DD7 /* Inter_28pt-Thin.ttf in Resources */ = {isa = PBXBuildFile; fileRef = 11BB9EF02D8C8F7D00008DD7 /* Inter_28pt-Thin.ttf */; };
		11BB9F262D8C8F7D00008DD7 /* Inter_28pt-LightItalic.ttf in Resources */ = {isa = PBXBuildFile; fileRef = 11BB9EEA2D8C8F7D00008DD7 /* Inter_28pt-LightItalic.ttf */; };
		11BB9F272D8C8F7D00008DD7 /* Inter_18pt-BlackItalic.ttf in Resources */ = {isa = PBXBuildFile; fileRef = 11BB9EBD2D8C8F7D00008DD7 /* Inter_18pt-BlackItalic.ttf */; };
		11BB9F282D8C8F7D00008DD7 /* Inter_28pt-Light.ttf in Resources */ = {isa = PBXBuildFile; fileRef = 11BB9EE92D8C8F7D00008DD7 /* Inter_28pt-Light.ttf */; };
/* End PBXBuildFile section */

/* Begin PBXContainerItemProxy section */
		11A7E33C2D8B35C200D82AF2 /* PBXContainerItemProxy */ = {
			isa = PBXContainerItemProxy;
			containerPortal = 11A7E31D2D8B35BF00D82AF2 /* Project object */;
			proxyType = 1;
			remoteGlobalIDString = 11A7E3242D8B35BF00D82AF2;
			remoteInfo = OLSUN;
		};
		11A7E3462D8B35C200D82AF2 /* PBXContainerItemProxy */ = {
			isa = PBXContainerItemProxy;
			containerPortal = 11A7E31D2D8B35BF00D82AF2 /* Project object */;
			proxyType = 1;
			remoteGlobalIDString = 11A7E3242D8B35BF00D82AF2;
			remoteInfo = OLSUN;
		};
/* End PBXContainerItemProxy section */

/* Begin PBXFileReference section */
		11A7E3252D8B35BF00D82AF2 /* OLSUN.app */ = {isa = PBXFileReference; explicitFileType = wrapper.application; includeInIndex = 0; path = OLSUN.app; sourceTree = BUILT_PRODUCTS_DIR; };
		11A7E33B2D8B35C200D82AF2 /* OLSUNTests.xctest */ = {isa = PBXFileReference; explicitFileType = wrapper.cfbundle; includeInIndex = 0; path = OLSUNTests.xctest; sourceTree = BUILT_PRODUCTS_DIR; };
		11A7E3452D8B35C200D82AF2 /* OLSUNUITests.xctest */ = {isa = PBXFileReference; explicitFileType = wrapper.cfbundle; includeInIndex = 0; path = OLSUNUITests.xctest; sourceTree = BUILT_PRODUCTS_DIR; };
		11A7E3592D8B361500D82AF2 /* AppDelegate.swift */ = {isa = PBXFileReference; lastKnownFileType = sourcecode.swift; path = AppDelegate.swift; sourceTree = "<group>"; };
		11A7E35A2D8B361500D82AF2 /* Assets.xcassets */ = {isa = PBXFileReference; lastKnownFileType = folder.assetcatalog; path = Assets.xcassets; sourceTree = "<group>"; };
		11A7E35B2D8B361500D82AF2 /* Info.plist */ = {isa = PBXFileReference; lastKnownFileType = text.plist.xml; path = Info.plist; sourceTree = "<group>"; };
		11A7E35C2D8B361500D82AF2 /* SceneDelegate.swift */ = {isa = PBXFileReference; lastKnownFileType = sourcecode.swift; path = SceneDelegate.swift; sourceTree = "<group>"; };
		11A7E3642D8B361700D82AF2 /* OLSUNTests.swift */ = {isa = PBXFileReference; lastKnownFileType = sourcecode.swift; path = OLSUNTests.swift; sourceTree = "<group>"; };
		11A7E3672D8B361A00D82AF2 /* OLSUNUITests.swift */ = {isa = PBXFileReference; lastKnownFileType = sourcecode.swift; path = OLSUNUITests.swift; sourceTree = "<group>"; };
		11A7E3682D8B361A00D82AF2 /* OLSUNUITestsLaunchTests.swift */ = {isa = PBXFileReference; lastKnownFileType = sourcecode.swift; path = OLSUNUITestsLaunchTests.swift; sourceTree = "<group>"; };
		11A7E3712D8B36D100D82AF2 /* Colors.xcassets */ = {isa = PBXFileReference; lastKnownFileType = folder.assetcatalog; path = Colors.xcassets; sourceTree = "<group>"; };
		11A7E3762D8B373600D82AF2 /* UserDefaultsHelper.swift */ = {isa = PBXFileReference; lastKnownFileType = sourcecode.swift; path = UserDefaultsHelper.swift; sourceTree = "<group>"; };
		11A7E3782D8B374300D82AF2 /* UserDefaultsKey.swift */ = {isa = PBXFileReference; lastKnownFileType = sourcecode.swift; path = UserDefaultsKey.swift; sourceTree = "<group>"; };
		11A7E37A2D8B375600D82AF2 /* NotificationNameExtensions.swift */ = {isa = PBXFileReference; lastKnownFileType = sourcecode.swift; path = NotificationNameExtensions.swift; sourceTree = "<group>"; };
		11A7E37C2D8B376000D82AF2 /* Extensions.swift */ = {isa = PBXFileReference; lastKnownFileType = sourcecode.swift; path = Extensions.swift; sourceTree = "<group>"; };
		11A7E37E2D8B376E00D82AF2 /* LayoutExtensions.swift */ = {isa = PBXFileReference; lastKnownFileType = sourcecode.swift; path = LayoutExtensions.swift; sourceTree = "<group>"; };
		11A7E3822D8B37A000D82AF2 /* Coordinator.swift */ = {isa = PBXFileReference; lastKnownFileType = sourcecode.swift; path = Coordinator.swift; sourceTree = "<group>"; };
		11A7E3842D8B37AA00D82AF2 /* AppCoordinator.swift */ = {isa = PBXFileReference; lastKnownFileType = sourcecode.swift; path = AppCoordinator.swift; sourceTree = "<group>"; };
		11A7E3862D8B37C000D82AF2 /* BaseViewController.swift */ = {isa = PBXFileReference; lastKnownFileType = sourcecode.swift; path = BaseViewController.swift; sourceTree = "<group>"; };
		11A7E38A2D8B37FD00D82AF2 /* ReusableButton.swift */ = {isa = PBXFileReference; lastKnownFileType = sourcecode.swift; path = ReusableButton.swift; sourceTree = "<group>"; };
		11A7E38C2D8B380600D82AF2 /* ReusableLabel.swift */ = {isa = PBXFileReference; lastKnownFileType = sourcecode.swift; path = ReusableLabel.swift; sourceTree = "<group>"; };
		11A7E38E2D8B381000D82AF2 /* ReusableTextField.swift */ = {isa = PBXFileReference; lastKnownFileType = sourcecode.swift; path = ReusableTextField.swift; sourceTree = "<group>"; };
		11A7E3902D8B38EA00D82AF2 /* FontsKeys.swift */ = {isa = PBXFileReference; lastKnownFileType = sourcecode.swift; path = FontsKeys.swift; sourceTree = "<group>"; };
		11A7E3922D8B39C700D82AF2 /* AuthNavigation.swift */ = {isa = PBXFileReference; lastKnownFileType = sourcecode.swift; path = AuthNavigation.swift; sourceTree = "<group>"; };
		11A7E3942D8B39D200D82AF2 /* AuthCoordinator.swift */ = {isa = PBXFileReference; lastKnownFileType = sourcecode.swift; path = AuthCoordinator.swift; sourceTree = "<group>"; };
		11A7E39D2D8B3A8800D82AF2 /* LoginViewController.swift */ = {isa = PBXFileReference; lastKnownFileType = sourcecode.swift; path = LoginViewController.swift; sourceTree = "<group>"; };
		11A7E39F2D8B3A9C00D82AF2 /* LoginViewModel.swift */ = {isa = PBXFileReference; lastKnownFileType = sourcecode.swift; path = LoginViewModel.swift; sourceTree = "<group>"; };
		11BB9E212D8C8F4E00008DD7 /* WorkSans-Black.ttf */ = {isa = PBXFileReference; lastKnownFileType = file; path = "WorkSans-Black.ttf"; sourceTree = "<group>"; };
		11BB9E222D8C8F4E00008DD7 /* WorkSans-BlackItalic.ttf */ = {isa = PBXFileReference; lastKnownFileType = file; path = "WorkSans-BlackItalic.ttf"; sourceTree = "<group>"; };
		11BB9E232D8C8F4E00008DD7 /* WorkSans-Bold.ttf */ = {isa = PBXFileReference; lastKnownFileType = file; path = "WorkSans-Bold.ttf"; sourceTree = "<group>"; };
		11BB9E242D8C8F4E00008DD7 /* WorkSans-BoldItalic.ttf */ = {isa = PBXFileReference; lastKnownFileType = file; path = "WorkSans-BoldItalic.ttf"; sourceTree = "<group>"; };
		11BB9E252D8C8F4E00008DD7 /* WorkSans-ExtraBold.ttf */ = {isa = PBXFileReference; lastKnownFileType = file; path = "WorkSans-ExtraBold.ttf"; sourceTree = "<group>"; };
		11BB9E262D8C8F4E00008DD7 /* WorkSans-ExtraBoldItalic.ttf */ = {isa = PBXFileReference; lastKnownFileType = file; path = "WorkSans-ExtraBoldItalic.ttf"; sourceTree = "<group>"; };
		11BB9E272D8C8F4E00008DD7 /* WorkSans-ExtraLight.ttf */ = {isa = PBXFileReference; lastKnownFileType = file; path = "WorkSans-ExtraLight.ttf"; sourceTree = "<group>"; };
		11BB9E282D8C8F4E00008DD7 /* WorkSans-ExtraLightItalic.ttf */ = {isa = PBXFileReference; lastKnownFileType = file; path = "WorkSans-ExtraLightItalic.ttf"; sourceTree = "<group>"; };
		11BB9E292D8C8F4E00008DD7 /* WorkSans-Italic.ttf */ = {isa = PBXFileReference; lastKnownFileType = file; path = "WorkSans-Italic.ttf"; sourceTree = "<group>"; };
		11BB9E2A2D8C8F4E00008DD7 /* WorkSans-Light.ttf */ = {isa = PBXFileReference; lastKnownFileType = file; path = "WorkSans-Light.ttf"; sourceTree = "<group>"; };
		11BB9E2B2D8C8F4E00008DD7 /* WorkSans-LightItalic.ttf */ = {isa = PBXFileReference; lastKnownFileType = file; path = "WorkSans-LightItalic.ttf"; sourceTree = "<group>"; };
		11BB9E2C2D8C8F4E00008DD7 /* WorkSans-Medium.ttf */ = {isa = PBXFileReference; lastKnownFileType = file; path = "WorkSans-Medium.ttf"; sourceTree = "<group>"; };
		11BB9E2D2D8C8F4E00008DD7 /* WorkSans-MediumItalic.ttf */ = {isa = PBXFileReference; lastKnownFileType = file; path = "WorkSans-MediumItalic.ttf"; sourceTree = "<group>"; };
		11BB9E2E2D8C8F4E00008DD7 /* WorkSans-Regular.ttf */ = {isa = PBXFileReference; lastKnownFileType = file; path = "WorkSans-Regular.ttf"; sourceTree = "<group>"; };
		11BB9E2F2D8C8F4E00008DD7 /* WorkSans-SemiBold.ttf */ = {isa = PBXFileReference; lastKnownFileType = file; path = "WorkSans-SemiBold.ttf"; sourceTree = "<group>"; };
		11BB9E302D8C8F4E00008DD7 /* WorkSans-SemiBoldItalic.ttf */ = {isa = PBXFileReference; lastKnownFileType = file; path = "WorkSans-SemiBoldItalic.ttf"; sourceTree = "<group>"; };
		11BB9E312D8C8F4E00008DD7 /* WorkSans-Thin.ttf */ = {isa = PBXFileReference; lastKnownFileType = file; path = "WorkSans-Thin.ttf"; sourceTree = "<group>"; };
		11BB9E322D8C8F4E00008DD7 /* WorkSans-ThinItalic.ttf */ = {isa = PBXFileReference; lastKnownFileType = file; path = "WorkSans-ThinItalic.ttf"; sourceTree = "<group>"; };
		11BB9E462D8C8F5D00008DD7 /* Roboto_Condensed-Black.ttf */ = {isa = PBXFileReference; lastKnownFileType = file; path = "Roboto_Condensed-Black.ttf"; sourceTree = "<group>"; };
		11BB9E472D8C8F5D00008DD7 /* Roboto_Condensed-BlackItalic.ttf */ = {isa = PBXFileReference; lastKnownFileType = file; path = "Roboto_Condensed-BlackItalic.ttf"; sourceTree = "<group>"; };
		11BB9E482D8C8F5D00008DD7 /* Roboto_Condensed-Bold.ttf */ = {isa = PBXFileReference; lastKnownFileType = file; path = "Roboto_Condensed-Bold.ttf"; sourceTree = "<group>"; };
		11BB9E492D8C8F5D00008DD7 /* Roboto_Condensed-BoldItalic.ttf */ = {isa = PBXFileReference; lastKnownFileType = file; path = "Roboto_Condensed-BoldItalic.ttf"; sourceTree = "<group>"; };
		11BB9E4A2D8C8F5D00008DD7 /* Roboto_Condensed-ExtraBold.ttf */ = {isa = PBXFileReference; lastKnownFileType = file; path = "Roboto_Condensed-ExtraBold.ttf"; sourceTree = "<group>"; };
		11BB9E4B2D8C8F5D00008DD7 /* Roboto_Condensed-ExtraBoldItalic.ttf */ = {isa = PBXFileReference; lastKnownFileType = file; path = "Roboto_Condensed-ExtraBoldItalic.ttf"; sourceTree = "<group>"; };
		11BB9E4C2D8C8F5D00008DD7 /* Roboto_Condensed-ExtraLight.ttf */ = {isa = PBXFileReference; lastKnownFileType = file; path = "Roboto_Condensed-ExtraLight.ttf"; sourceTree = "<group>"; };
		11BB9E4D2D8C8F5D00008DD7 /* Roboto_Condensed-ExtraLightItalic.ttf */ = {isa = PBXFileReference; lastKnownFileType = file; path = "Roboto_Condensed-ExtraLightItalic.ttf"; sourceTree = "<group>"; };
		11BB9E4E2D8C8F5D00008DD7 /* Roboto_Condensed-Italic.ttf */ = {isa = PBXFileReference; lastKnownFileType = file; path = "Roboto_Condensed-Italic.ttf"; sourceTree = "<group>"; };
		11BB9E4F2D8C8F5D00008DD7 /* Roboto_Condensed-Light.ttf */ = {isa = PBXFileReference; lastKnownFileType = file; path = "Roboto_Condensed-Light.ttf"; sourceTree = "<group>"; };
		11BB9E502D8C8F5D00008DD7 /* Roboto_Condensed-LightItalic.ttf */ = {isa = PBXFileReference; lastKnownFileType = file; path = "Roboto_Condensed-LightItalic.ttf"; sourceTree = "<group>"; };
		11BB9E512D8C8F5D00008DD7 /* Roboto_Condensed-Medium.ttf */ = {isa = PBXFileReference; lastKnownFileType = file; path = "Roboto_Condensed-Medium.ttf"; sourceTree = "<group>"; };
		11BB9E522D8C8F5D00008DD7 /* Roboto_Condensed-MediumItalic.ttf */ = {isa = PBXFileReference; lastKnownFileType = file; path = "Roboto_Condensed-MediumItalic.ttf"; sourceTree = "<group>"; };
		11BB9E532D8C8F5D00008DD7 /* Roboto_Condensed-Regular.ttf */ = {isa = PBXFileReference; lastKnownFileType = file; path = "Roboto_Condensed-Regular.ttf"; sourceTree = "<group>"; };
		11BB9E542D8C8F5D00008DD7 /* Roboto_Condensed-SemiBold.ttf */ = {isa = PBXFileReference; lastKnownFileType = file; path = "Roboto_Condensed-SemiBold.ttf"; sourceTree = "<group>"; };
		11BB9E552D8C8F5D00008DD7 /* Roboto_Condensed-SemiBoldItalic.ttf */ = {isa = PBXFileReference; lastKnownFileType = file; path = "Roboto_Condensed-SemiBoldItalic.ttf"; sourceTree = "<group>"; };
		11BB9E562D8C8F5D00008DD7 /* Roboto_Condensed-Thin.ttf */ = {isa = PBXFileReference; lastKnownFileType = file; path = "Roboto_Condensed-Thin.ttf"; sourceTree = "<group>"; };
		11BB9E572D8C8F5D00008DD7 /* Roboto_Condensed-ThinItalic.ttf */ = {isa = PBXFileReference; lastKnownFileType = file; path = "Roboto_Condensed-ThinItalic.ttf"; sourceTree = "<group>"; };
		11BB9E582D8C8F5D00008DD7 /* Roboto_SemiCondensed-Black.ttf */ = {isa = PBXFileReference; lastKnownFileType = file; path = "Roboto_SemiCondensed-Black.ttf"; sourceTree = "<group>"; };
		11BB9E592D8C8F5D00008DD7 /* Roboto_SemiCondensed-BlackItalic.ttf */ = {isa = PBXFileReference; lastKnownFileType = file; path = "Roboto_SemiCondensed-BlackItalic.ttf"; sourceTree = "<group>"; };
		11BB9E5A2D8C8F5D00008DD7 /* Roboto_SemiCondensed-Bold.ttf */ = {isa = PBXFileReference; lastKnownFileType = file; path = "Roboto_SemiCondensed-Bold.ttf"; sourceTree = "<group>"; };
		11BB9E5B2D8C8F5D00008DD7 /* Roboto_SemiCondensed-BoldItalic.ttf */ = {isa = PBXFileReference; lastKnownFileType = file; path = "Roboto_SemiCondensed-BoldItalic.ttf"; sourceTree = "<group>"; };
		11BB9E5C2D8C8F5D00008DD7 /* Roboto_SemiCondensed-ExtraBold.ttf */ = {isa = PBXFileReference; lastKnownFileType = file; path = "Roboto_SemiCondensed-ExtraBold.ttf"; sourceTree = "<group>"; };
		11BB9E5D2D8C8F5D00008DD7 /* Roboto_SemiCondensed-ExtraBoldItalic.ttf */ = {isa = PBXFileReference; lastKnownFileType = file; path = "Roboto_SemiCondensed-ExtraBoldItalic.ttf"; sourceTree = "<group>"; };
		11BB9E5E2D8C8F5D00008DD7 /* Roboto_SemiCondensed-ExtraLight.ttf */ = {isa = PBXFileReference; lastKnownFileType = file; path = "Roboto_SemiCondensed-ExtraLight.ttf"; sourceTree = "<group>"; };
		11BB9E5F2D8C8F5D00008DD7 /* Roboto_SemiCondensed-ExtraLightItalic.ttf */ = {isa = PBXFileReference; lastKnownFileType = file; path = "Roboto_SemiCondensed-ExtraLightItalic.ttf"; sourceTree = "<group>"; };
		11BB9E602D8C8F5D00008DD7 /* Roboto_SemiCondensed-Italic.ttf */ = {isa = PBXFileReference; lastKnownFileType = file; path = "Roboto_SemiCondensed-Italic.ttf"; sourceTree = "<group>"; };
		11BB9E612D8C8F5D00008DD7 /* Roboto_SemiCondensed-Light.ttf */ = {isa = PBXFileReference; lastKnownFileType = file; path = "Roboto_SemiCondensed-Light.ttf"; sourceTree = "<group>"; };
		11BB9E622D8C8F5D00008DD7 /* Roboto_SemiCondensed-LightItalic.ttf */ = {isa = PBXFileReference; lastKnownFileType = file; path = "Roboto_SemiCondensed-LightItalic.ttf"; sourceTree = "<group>"; };
		11BB9E632D8C8F5D00008DD7 /* Roboto_SemiCondensed-Medium.ttf */ = {isa = PBXFileReference; lastKnownFileType = file; path = "Roboto_SemiCondensed-Medium.ttf"; sourceTree = "<group>"; };
		11BB9E642D8C8F5D00008DD7 /* Roboto_SemiCondensed-MediumItalic.ttf */ = {isa = PBXFileReference; lastKnownFileType = file; path = "Roboto_SemiCondensed-MediumItalic.ttf"; sourceTree = "<group>"; };
		11BB9E652D8C8F5D00008DD7 /* Roboto_SemiCondensed-Regular.ttf */ = {isa = PBXFileReference; lastKnownFileType = file; path = "Roboto_SemiCondensed-Regular.ttf"; sourceTree = "<group>"; };
		11BB9E662D8C8F5D00008DD7 /* Roboto_SemiCondensed-SemiBold.ttf */ = {isa = PBXFileReference; lastKnownFileType = file; path = "Roboto_SemiCondensed-SemiBold.ttf"; sourceTree = "<group>"; };
		11BB9E672D8C8F5D00008DD7 /* Roboto_SemiCondensed-SemiBoldItalic.ttf */ = {isa = PBXFileReference; lastKnownFileType = file; path = "Roboto_SemiCondensed-SemiBoldItalic.ttf"; sourceTree = "<group>"; };
		11BB9E682D8C8F5D00008DD7 /* Roboto_SemiCondensed-Thin.ttf */ = {isa = PBXFileReference; lastKnownFileType = file; path = "Roboto_SemiCondensed-Thin.ttf"; sourceTree = "<group>"; };
		11BB9E692D8C8F5D00008DD7 /* Roboto_SemiCondensed-ThinItalic.ttf */ = {isa = PBXFileReference; lastKnownFileType = file; path = "Roboto_SemiCondensed-ThinItalic.ttf"; sourceTree = "<group>"; };
		11BB9E6A2D8C8F5D00008DD7 /* Roboto-Black.ttf */ = {isa = PBXFileReference; lastKnownFileType = file; path = "Roboto-Black.ttf"; sourceTree = "<group>"; };
		11BB9E6B2D8C8F5D00008DD7 /* Roboto-BlackItalic.ttf */ = {isa = PBXFileReference; lastKnownFileType = file; path = "Roboto-BlackItalic.ttf"; sourceTree = "<group>"; };
		11BB9E6C2D8C8F5D00008DD7 /* Roboto-Bold.ttf */ = {isa = PBXFileReference; lastKnownFileType = file; path = "Roboto-Bold.ttf"; sourceTree = "<group>"; };
		11BB9E6D2D8C8F5D00008DD7 /* Roboto-BoldItalic.ttf */ = {isa = PBXFileReference; lastKnownFileType = file; path = "Roboto-BoldItalic.ttf"; sourceTree = "<group>"; };
		11BB9E6E2D8C8F5D00008DD7 /* Roboto-ExtraBold.ttf */ = {isa = PBXFileReference; lastKnownFileType = file; path = "Roboto-ExtraBold.ttf"; sourceTree = "<group>"; };
		11BB9E6F2D8C8F5D00008DD7 /* Roboto-ExtraBoldItalic.ttf */ = {isa = PBXFileReference; lastKnownFileType = file; path = "Roboto-ExtraBoldItalic.ttf"; sourceTree = "<group>"; };
		11BB9E702D8C8F5D00008DD7 /* Roboto-ExtraLight.ttf */ = {isa = PBXFileReference; lastKnownFileType = file; path = "Roboto-ExtraLight.ttf"; sourceTree = "<group>"; };
		11BB9E712D8C8F5D00008DD7 /* Roboto-ExtraLightItalic.ttf */ = {isa = PBXFileReference; lastKnownFileType = file; path = "Roboto-ExtraLightItalic.ttf"; sourceTree = "<group>"; };
		11BB9E722D8C8F5D00008DD7 /* Roboto-Italic.ttf */ = {isa = PBXFileReference; lastKnownFileType = file; path = "Roboto-Italic.ttf"; sourceTree = "<group>"; };
		11BB9E732D8C8F5D00008DD7 /* Roboto-Light.ttf */ = {isa = PBXFileReference; lastKnownFileType = file; path = "Roboto-Light.ttf"; sourceTree = "<group>"; };
		11BB9E742D8C8F5D00008DD7 /* Roboto-LightItalic.ttf */ = {isa = PBXFileReference; lastKnownFileType = file; path = "Roboto-LightItalic.ttf"; sourceTree = "<group>"; };
		11BB9E752D8C8F5D00008DD7 /* Roboto-Medium.ttf */ = {isa = PBXFileReference; lastKnownFileType = file; path = "Roboto-Medium.ttf"; sourceTree = "<group>"; };
		11BB9E762D8C8F5D00008DD7 /* Roboto-MediumItalic.ttf */ = {isa = PBXFileReference; lastKnownFileType = file; path = "Roboto-MediumItalic.ttf"; sourceTree = "<group>"; };
		11BB9E772D8C8F5D00008DD7 /* Roboto-Regular.ttf */ = {isa = PBXFileReference; lastKnownFileType = file; path = "Roboto-Regular.ttf"; sourceTree = "<group>"; };
		11BB9E782D8C8F5D00008DD7 /* Roboto-SemiBold.ttf */ = {isa = PBXFileReference; lastKnownFileType = file; path = "Roboto-SemiBold.ttf"; sourceTree = "<group>"; };
		11BB9E792D8C8F5D00008DD7 /* Roboto-SemiBoldItalic.ttf */ = {isa = PBXFileReference; lastKnownFileType = file; path = "Roboto-SemiBoldItalic.ttf"; sourceTree = "<group>"; };
		11BB9E7A2D8C8F5D00008DD7 /* Roboto-Thin.ttf */ = {isa = PBXFileReference; lastKnownFileType = file; path = "Roboto-Thin.ttf"; sourceTree = "<group>"; };
		11BB9E7B2D8C8F5D00008DD7 /* Roboto-ThinItalic.ttf */ = {isa = PBXFileReference; lastKnownFileType = file; path = "Roboto-ThinItalic.ttf"; sourceTree = "<group>"; };
		11BB9EBC2D8C8F7D00008DD7 /* Inter_18pt-Black.ttf */ = {isa = PBXFileReference; lastKnownFileType = file; path = "Inter_18pt-Black.ttf"; sourceTree = "<group>"; };
		11BB9EBD2D8C8F7D00008DD7 /* Inter_18pt-BlackItalic.ttf */ = {isa = PBXFileReference; lastKnownFileType = file; path = "Inter_18pt-BlackItalic.ttf"; sourceTree = "<group>"; };
		11BB9EBE2D8C8F7D00008DD7 /* Inter_18pt-Bold.ttf */ = {isa = PBXFileReference; lastKnownFileType = file; path = "Inter_18pt-Bold.ttf"; sourceTree = "<group>"; };
		11BB9EBF2D8C8F7D00008DD7 /* Inter_18pt-BoldItalic.ttf */ = {isa = PBXFileReference; lastKnownFileType = file; path = "Inter_18pt-BoldItalic.ttf"; sourceTree = "<group>"; };
		11BB9EC02D8C8F7D00008DD7 /* Inter_18pt-ExtraBold.ttf */ = {isa = PBXFileReference; lastKnownFileType = file; path = "Inter_18pt-ExtraBold.ttf"; sourceTree = "<group>"; };
		11BB9EC12D8C8F7D00008DD7 /* Inter_18pt-ExtraBoldItalic.ttf */ = {isa = PBXFileReference; lastKnownFileType = file; path = "Inter_18pt-ExtraBoldItalic.ttf"; sourceTree = "<group>"; };
		11BB9EC22D8C8F7D00008DD7 /* Inter_18pt-ExtraLight.ttf */ = {isa = PBXFileReference; lastKnownFileType = file; path = "Inter_18pt-ExtraLight.ttf"; sourceTree = "<group>"; };
		11BB9EC32D8C8F7D00008DD7 /* Inter_18pt-ExtraLightItalic.ttf */ = {isa = PBXFileReference; lastKnownFileType = file; path = "Inter_18pt-ExtraLightItalic.ttf"; sourceTree = "<group>"; };
		11BB9EC42D8C8F7D00008DD7 /* Inter_18pt-Italic.ttf */ = {isa = PBXFileReference; lastKnownFileType = file; path = "Inter_18pt-Italic.ttf"; sourceTree = "<group>"; };
		11BB9EC52D8C8F7D00008DD7 /* Inter_18pt-Light.ttf */ = {isa = PBXFileReference; lastKnownFileType = file; path = "Inter_18pt-Light.ttf"; sourceTree = "<group>"; };
		11BB9EC62D8C8F7D00008DD7 /* Inter_18pt-LightItalic.ttf */ = {isa = PBXFileReference; lastKnownFileType = file; path = "Inter_18pt-LightItalic.ttf"; sourceTree = "<group>"; };
		11BB9EC72D8C8F7D00008DD7 /* Inter_18pt-Medium.ttf */ = {isa = PBXFileReference; lastKnownFileType = file; path = "Inter_18pt-Medium.ttf"; sourceTree = "<group>"; };
		11BB9EC82D8C8F7D00008DD7 /* Inter_18pt-MediumItalic.ttf */ = {isa = PBXFileReference; lastKnownFileType = file; path = "Inter_18pt-MediumItalic.ttf"; sourceTree = "<group>"; };
		11BB9EC92D8C8F7D00008DD7 /* Inter_18pt-Regular.ttf */ = {isa = PBXFileReference; lastKnownFileType = file; path = "Inter_18pt-Regular.ttf"; sourceTree = "<group>"; };
		11BB9ECA2D8C8F7D00008DD7 /* Inter_18pt-SemiBold.ttf */ = {isa = PBXFileReference; lastKnownFileType = file; path = "Inter_18pt-SemiBold.ttf"; sourceTree = "<group>"; };
		11BB9ECB2D8C8F7D00008DD7 /* Inter_18pt-SemiBoldItalic.ttf */ = {isa = PBXFileReference; lastKnownFileType = file; path = "Inter_18pt-SemiBoldItalic.ttf"; sourceTree = "<group>"; };
		11BB9ECC2D8C8F7D00008DD7 /* Inter_18pt-Thin.ttf */ = {isa = PBXFileReference; lastKnownFileType = file; path = "Inter_18pt-Thin.ttf"; sourceTree = "<group>"; };
		11BB9ECD2D8C8F7D00008DD7 /* Inter_18pt-ThinItalic.ttf */ = {isa = PBXFileReference; lastKnownFileType = file; path = "Inter_18pt-ThinItalic.ttf"; sourceTree = "<group>"; };
		11BB9ECE2D8C8F7D00008DD7 /* Inter_24pt-Black.ttf */ = {isa = PBXFileReference; lastKnownFileType = file; path = "Inter_24pt-Black.ttf"; sourceTree = "<group>"; };
		11BB9ECF2D8C8F7D00008DD7 /* Inter_24pt-BlackItalic.ttf */ = {isa = PBXFileReference; lastKnownFileType = file; path = "Inter_24pt-BlackItalic.ttf"; sourceTree = "<group>"; };
		11BB9ED02D8C8F7D00008DD7 /* Inter_24pt-Bold.ttf */ = {isa = PBXFileReference; lastKnownFileType = file; path = "Inter_24pt-Bold.ttf"; sourceTree = "<group>"; };
		11BB9ED12D8C8F7D00008DD7 /* Inter_24pt-BoldItalic.ttf */ = {isa = PBXFileReference; lastKnownFileType = file; path = "Inter_24pt-BoldItalic.ttf"; sourceTree = "<group>"; };
		11BB9ED22D8C8F7D00008DD7 /* Inter_24pt-ExtraBold.ttf */ = {isa = PBXFileReference; lastKnownFileType = file; path = "Inter_24pt-ExtraBold.ttf"; sourceTree = "<group>"; };
		11BB9ED32D8C8F7D00008DD7 /* Inter_24pt-ExtraBoldItalic.ttf */ = {isa = PBXFileReference; lastKnownFileType = file; path = "Inter_24pt-ExtraBoldItalic.ttf"; sourceTree = "<group>"; };
		11BB9ED42D8C8F7D00008DD7 /* Inter_24pt-ExtraLight.ttf */ = {isa = PBXFileReference; lastKnownFileType = file; path = "Inter_24pt-ExtraLight.ttf"; sourceTree = "<group>"; };
		11BB9ED52D8C8F7D00008DD7 /* Inter_24pt-ExtraLightItalic.ttf */ = {isa = PBXFileReference; lastKnownFileType = file; path = "Inter_24pt-ExtraLightItalic.ttf"; sourceTree = "<group>"; };
		11BB9ED62D8C8F7D00008DD7 /* Inter_24pt-Italic.ttf */ = {isa = PBXFileReference; lastKnownFileType = file; path = "Inter_24pt-Italic.ttf"; sourceTree = "<group>"; };
		11BB9ED72D8C8F7D00008DD7 /* Inter_24pt-Light.ttf */ = {isa = PBXFileReference; lastKnownFileType = file; path = "Inter_24pt-Light.ttf"; sourceTree = "<group>"; };
		11BB9ED82D8C8F7D00008DD7 /* Inter_24pt-LightItalic.ttf */ = {isa = PBXFileReference; lastKnownFileType = file; path = "Inter_24pt-LightItalic.ttf"; sourceTree = "<group>"; };
		11BB9ED92D8C8F7D00008DD7 /* Inter_24pt-Medium.ttf */ = {isa = PBXFileReference; lastKnownFileType = file; path = "Inter_24pt-Medium.ttf"; sourceTree = "<group>"; };
		11BB9EDA2D8C8F7D00008DD7 /* Inter_24pt-MediumItalic.ttf */ = {isa = PBXFileReference; lastKnownFileType = file; path = "Inter_24pt-MediumItalic.ttf"; sourceTree = "<group>"; };
		11BB9EDB2D8C8F7D00008DD7 /* Inter_24pt-Regular.ttf */ = {isa = PBXFileReference; lastKnownFileType = file; path = "Inter_24pt-Regular.ttf"; sourceTree = "<group>"; };
		11BB9EDC2D8C8F7D00008DD7 /* Inter_24pt-SemiBold.ttf */ = {isa = PBXFileReference; lastKnownFileType = file; path = "Inter_24pt-SemiBold.ttf"; sourceTree = "<group>"; };
		11BB9EDD2D8C8F7D00008DD7 /* Inter_24pt-SemiBoldItalic.ttf */ = {isa = PBXFileReference; lastKnownFileType = file; path = "Inter_24pt-SemiBoldItalic.ttf"; sourceTree = "<group>"; };
		11BB9EDE2D8C8F7D00008DD7 /* Inter_24pt-Thin.ttf */ = {isa = PBXFileReference; lastKnownFileType = file; path = "Inter_24pt-Thin.ttf"; sourceTree = "<group>"; };
		11BB9EDF2D8C8F7D00008DD7 /* Inter_24pt-ThinItalic.ttf */ = {isa = PBXFileReference; lastKnownFileType = file; path = "Inter_24pt-ThinItalic.ttf"; sourceTree = "<group>"; };
		11BB9EE02D8C8F7D00008DD7 /* Inter_28pt-Black.ttf */ = {isa = PBXFileReference; lastKnownFileType = file; path = "Inter_28pt-Black.ttf"; sourceTree = "<group>"; };
		11BB9EE12D8C8F7D00008DD7 /* Inter_28pt-BlackItalic.ttf */ = {isa = PBXFileReference; lastKnownFileType = file; path = "Inter_28pt-BlackItalic.ttf"; sourceTree = "<group>"; };
		11BB9EE22D8C8F7D00008DD7 /* Inter_28pt-Bold.ttf */ = {isa = PBXFileReference; lastKnownFileType = file; path = "Inter_28pt-Bold.ttf"; sourceTree = "<group>"; };
		11BB9EE32D8C8F7D00008DD7 /* Inter_28pt-BoldItalic.ttf */ = {isa = PBXFileReference; lastKnownFileType = file; path = "Inter_28pt-BoldItalic.ttf"; sourceTree = "<group>"; };
		11BB9EE42D8C8F7D00008DD7 /* Inter_28pt-ExtraBold.ttf */ = {isa = PBXFileReference; lastKnownFileType = file; path = "Inter_28pt-ExtraBold.ttf"; sourceTree = "<group>"; };
		11BB9EE52D8C8F7D00008DD7 /* Inter_28pt-ExtraBoldItalic.ttf */ = {isa = PBXFileReference; lastKnownFileType = file; path = "Inter_28pt-ExtraBoldItalic.ttf"; sourceTree = "<group>"; };
		11BB9EE62D8C8F7D00008DD7 /* Inter_28pt-ExtraLight.ttf */ = {isa = PBXFileReference; lastKnownFileType = file; path = "Inter_28pt-ExtraLight.ttf"; sourceTree = "<group>"; };
		11BB9EE72D8C8F7D00008DD7 /* Inter_28pt-ExtraLightItalic.ttf */ = {isa = PBXFileReference; lastKnownFileType = file; path = "Inter_28pt-ExtraLightItalic.ttf"; sourceTree = "<group>"; };
		11BB9EE82D8C8F7D00008DD7 /* Inter_28pt-Italic.ttf */ = {isa = PBXFileReference; lastKnownFileType = file; path = "Inter_28pt-Italic.ttf"; sourceTree = "<group>"; };
		11BB9EE92D8C8F7D00008DD7 /* Inter_28pt-Light.ttf */ = {isa = PBXFileReference; lastKnownFileType = file; path = "Inter_28pt-Light.ttf"; sourceTree = "<group>"; };
		11BB9EEA2D8C8F7D00008DD7 /* Inter_28pt-LightItalic.ttf */ = {isa = PBXFileReference; lastKnownFileType = file; path = "Inter_28pt-LightItalic.ttf"; sourceTree = "<group>"; };
		11BB9EEB2D8C8F7D00008DD7 /* Inter_28pt-Medium.ttf */ = {isa = PBXFileReference; lastKnownFileType = file; path = "Inter_28pt-Medium.ttf"; sourceTree = "<group>"; };
		11BB9EEC2D8C8F7D00008DD7 /* Inter_28pt-MediumItalic.ttf */ = {isa = PBXFileReference; lastKnownFileType = file; path = "Inter_28pt-MediumItalic.ttf"; sourceTree = "<group>"; };
		11BB9EED2D8C8F7D00008DD7 /* Inter_28pt-Regular.ttf */ = {isa = PBXFileReference; lastKnownFileType = file; path = "Inter_28pt-Regular.ttf"; sourceTree = "<group>"; };
		11BB9EEE2D8C8F7D00008DD7 /* Inter_28pt-SemiBold.ttf */ = {isa = PBXFileReference; lastKnownFileType = file; path = "Inter_28pt-SemiBold.ttf"; sourceTree = "<group>"; };
		11BB9EEF2D8C8F7D00008DD7 /* Inter_28pt-SemiBoldItalic.ttf */ = {isa = PBXFileReference; lastKnownFileType = file; path = "Inter_28pt-SemiBoldItalic.ttf"; sourceTree = "<group>"; };
		11BB9EF02D8C8F7D00008DD7 /* Inter_28pt-Thin.ttf */ = {isa = PBXFileReference; lastKnownFileType = file; path = "Inter_28pt-Thin.ttf"; sourceTree = "<group>"; };
		11BB9EF12D8C8F7D00008DD7 /* Inter_28pt-ThinItalic.ttf */ = {isa = PBXFileReference; lastKnownFileType = file; path = "Inter_28pt-ThinItalic.ttf"; sourceTree = "<group>"; };
/* End PBXFileReference section */

/* Begin PBXFrameworksBuildPhase section */
		11A7E3222D8B35BF00D82AF2 /* Frameworks */ = {
			isa = PBXFrameworksBuildPhase;
			buildActionMask = 2147483647;
			files = (
			);
			runOnlyForDeploymentPostprocessing = 0;
		};
		11A7E3382D8B35C200D82AF2 /* Frameworks */ = {
			isa = PBXFrameworksBuildPhase;
			buildActionMask = 2147483647;
			files = (
			);
			runOnlyForDeploymentPostprocessing = 0;
		};
		11A7E3422D8B35C200D82AF2 /* Frameworks */ = {
			isa = PBXFrameworksBuildPhase;
			buildActionMask = 2147483647;
			files = (
			);
			runOnlyForDeploymentPostprocessing = 0;
		};
/* End PBXFrameworksBuildPhase section */

/* Begin PBXGroup section */
		11A7E31C2D8B35BF00D82AF2 = {
			isa = PBXGroup;
			children = (
				11A7E35E2D8B361500D82AF2 /* OLSUN */,
				11A7E3652D8B361700D82AF2 /* OLSUNTests */,
				11A7E3692D8B361A00D82AF2 /* OLSUNUITests */,
				11A7E3262D8B35BF00D82AF2 /* Products */,
			);
			sourceTree = "<group>";
		};
		11A7E3262D8B35BF00D82AF2 /* Products */ = {
			isa = PBXGroup;
			children = (
				11A7E3252D8B35BF00D82AF2 /* OLSUN.app */,
				11A7E33B2D8B35C200D82AF2 /* OLSUNTests.xctest */,
				11A7E3452D8B35C200D82AF2 /* OLSUNUITests.xctest */,
			);
			name = Products;
			sourceTree = "<group>";
		};
		11A7E35E2D8B361500D82AF2 /* OLSUN */ = {
			isa = PBXGroup;
			children = (
				11A7E36C2D8B364300D82AF2 /* App */,
				11A7E36F2D8B366A00D82AF2 /* Presentation */,
				11A7E36E2D8B366300D82AF2 /* Helpers */,
				11A7E36D2D8B365B00D82AF2 /* Resources */,
				11A7E35B2D8B361500D82AF2 /* Info.plist */,
			);
			path = OLSUN;
			sourceTree = "<group>";
		};
		11A7E3652D8B361700D82AF2 /* OLSUNTests */ = {
			isa = PBXGroup;
			children = (
				11A7E3642D8B361700D82AF2 /* OLSUNTests.swift */,
			);
			path = OLSUNTests;
			sourceTree = "<group>";
		};
		11A7E3692D8B361A00D82AF2 /* OLSUNUITests */ = {
			isa = PBXGroup;
			children = (
				11A7E3672D8B361A00D82AF2 /* OLSUNUITests.swift */,
				11A7E3682D8B361A00D82AF2 /* OLSUNUITestsLaunchTests.swift */,
			);
			path = OLSUNUITests;
			sourceTree = "<group>";
		};
		11A7E36C2D8B364300D82AF2 /* App */ = {
			isa = PBXGroup;
			children = (
				11A7E3592D8B361500D82AF2 /* AppDelegate.swift */,
				11A7E35C2D8B361500D82AF2 /* SceneDelegate.swift */,
				11A7E3822D8B37A000D82AF2 /* Coordinator.swift */,
				11A7E3842D8B37AA00D82AF2 /* AppCoordinator.swift */,
			);
			path = App;
			sourceTree = "<group>";
		};
		11A7E36D2D8B365B00D82AF2 /* Resources */ = {
			isa = PBXGroup;
			children = (
				11A7E3702D8B36A100D82AF2 /* Fonts */,
				11A7E35A2D8B361500D82AF2 /* Assets.xcassets */,
				11A7E3712D8B36D100D82AF2 /* Colors.xcassets */,
			);
			path = Resources;
			sourceTree = "<group>";
		};
		11A7E36E2D8B366300D82AF2 /* Helpers */ = {
			isa = PBXGroup;
			children = (
				11A7E3732D8B36F300D82AF2 /* Managers */,
				11A7E3752D8B370900D82AF2 /* Extensions */,
			);
			path = Helpers;
			sourceTree = "<group>";
		};
		11A7E36F2D8B366A00D82AF2 /* Presentation */ = {
			isa = PBXGroup;
			children = (
				11A7E3812D8B378100D82AF2 /* Auth */,
				11A7E3802D8B377C00D82AF2 /* Core */,
			);
			path = Presentation;
			sourceTree = "<group>";
		};
		11A7E3702D8B36A100D82AF2 /* Fonts */ = {
			isa = PBXGroup;
			children = (
				11BB9E332D8C8F4E00008DD7 /* WorkSans */,
				11BB9E7C2D8C8F5D00008DD7 /* Roboto */,
				11BB9EF22D8C8F7D00008DD7 /* Inter */,
				11A7E3902D8B38EA00D82AF2 /* FontsKeys.swift */,
			);
			path = Fonts;
			sourceTree = "<group>";
		};
		11A7E3732D8B36F300D82AF2 /* Managers */ = {
			isa = PBXGroup;
			children = (
				11A7E3742D8B36FC00D82AF2 /* UserDefaults */,
			);
			path = Managers;
			sourceTree = "<group>";
		};
		11A7E3742D8B36FC00D82AF2 /* UserDefaults */ = {
			isa = PBXGroup;
			children = (
				11A7E3762D8B373600D82AF2 /* UserDefaultsHelper.swift */,
				11A7E3782D8B374300D82AF2 /* UserDefaultsKey.swift */,
			);
			path = UserDefaults;
			sourceTree = "<group>";
		};
		11A7E3752D8B370900D82AF2 /* Extensions */ = {
			isa = PBXGroup;
			children = (
				11A7E37A2D8B375600D82AF2 /* NotificationNameExtensions.swift */,
				11A7E37C2D8B376000D82AF2 /* Extensions.swift */,
				11A7E37E2D8B376E00D82AF2 /* LayoutExtensions.swift */,
			);
			path = Extensions;
			sourceTree = "<group>";
		};
		11A7E3802D8B377C00D82AF2 /* Core */ = {
			isa = PBXGroup;
			children = (
				11A7E3862D8B37C000D82AF2 /* BaseViewController.swift */,
				11A7E3882D8B37C600D82AF2 /* ReusableViews */,
			);
			path = Core;
			sourceTree = "<group>";
		};
		11A7E3812D8B378100D82AF2 /* Auth */ = {
			isa = PBXGroup;
			children = (
				11A7E3922D8B39C700D82AF2 /* AuthNavigation.swift */,
				11A7E3942D8B39D200D82AF2 /* AuthCoordinator.swift */,
				11A7E3962D8B39D700D82AF2 /* Onboarding */,
				11A7E3972D8B39E000D82AF2 /* Login */,
				11A7E3982D8B39E500D82AF2 /* SignUp */,
				11A7E3992D8B39F700D82AF2 /* Models */,
			);
			path = Auth;
			sourceTree = "<group>";
		};
		11A7E3882D8B37C600D82AF2 /* ReusableViews */ = {
			isa = PBXGroup;
			children = (
				11A7E3892D8B37D100D82AF2 /* Views */,
			);
			path = ReusableViews;
			sourceTree = "<group>";
		};
		11A7E3892D8B37D100D82AF2 /* Views */ = {
			isa = PBXGroup;
			children = (
				11A7E38A2D8B37FD00D82AF2 /* ReusableButton.swift */,
				11A7E38C2D8B380600D82AF2 /* ReusableLabel.swift */,
				11A7E38E2D8B381000D82AF2 /* ReusableTextField.swift */,
			);
			path = Views;
			sourceTree = "<group>";
		};
		11A7E3962D8B39D700D82AF2 /* Onboarding */ = {
			isa = PBXGroup;
			children = (
				11A7E39A2D8B3A5D00D82AF2 /* ViewModules */,
			);
			path = Onboarding;
			sourceTree = "<group>";
		};
		11A7E3972D8B39E000D82AF2 /* Login */ = {
			isa = PBXGroup;
			children = (
				11A7E39B2D8B3A6300D82AF2 /* ViewModules */,
			);
			path = Login;
			sourceTree = "<group>";
		};
		11A7E3982D8B39E500D82AF2 /* SignUp */ = {
			isa = PBXGroup;
			children = (
				11A7E39C2D8B3A6C00D82AF2 /* ViewModels */,
			);
			path = SignUp;
			sourceTree = "<group>";
		};
		11A7E3992D8B39F700D82AF2 /* Models */ = {
			isa = PBXGroup;
			children = (
			);
			path = Models;
			sourceTree = "<group>";
		};
		11A7E39A2D8B3A5D00D82AF2 /* ViewModules */ = {
			isa = PBXGroup;
			children = (
			);
			path = ViewModules;
			sourceTree = "<group>";
		};
		11A7E39B2D8B3A6300D82AF2 /* ViewModules */ = {
			isa = PBXGroup;
			children = (
				11A7E39D2D8B3A8800D82AF2 /* LoginViewController.swift */,
				11A7E39F2D8B3A9C00D82AF2 /* LoginViewModel.swift */,
			);
			path = ViewModules;
			sourceTree = "<group>";
		};
		11A7E39C2D8B3A6C00D82AF2 /* ViewModels */ = {
			isa = PBXGroup;
			children = (
			);
			path = ViewModels;
			sourceTree = "<group>";
		};
		11BB9E332D8C8F4E00008DD7 /* WorkSans */ = {
			isa = PBXGroup;
			children = (
				11BB9E212D8C8F4E00008DD7 /* WorkSans-Black.ttf */,
				11BB9E222D8C8F4E00008DD7 /* WorkSans-BlackItalic.ttf */,
				11BB9E232D8C8F4E00008DD7 /* WorkSans-Bold.ttf */,
				11BB9E242D8C8F4E00008DD7 /* WorkSans-BoldItalic.ttf */,
				11BB9E252D8C8F4E00008DD7 /* WorkSans-ExtraBold.ttf */,
				11BB9E262D8C8F4E00008DD7 /* WorkSans-ExtraBoldItalic.ttf */,
				11BB9E272D8C8F4E00008DD7 /* WorkSans-ExtraLight.ttf */,
				11BB9E282D8C8F4E00008DD7 /* WorkSans-ExtraLightItalic.ttf */,
				11BB9E292D8C8F4E00008DD7 /* WorkSans-Italic.ttf */,
				11BB9E2A2D8C8F4E00008DD7 /* WorkSans-Light.ttf */,
				11BB9E2B2D8C8F4E00008DD7 /* WorkSans-LightItalic.ttf */,
				11BB9E2C2D8C8F4E00008DD7 /* WorkSans-Medium.ttf */,
				11BB9E2D2D8C8F4E00008DD7 /* WorkSans-MediumItalic.ttf */,
				11BB9E2E2D8C8F4E00008DD7 /* WorkSans-Regular.ttf */,
				11BB9E2F2D8C8F4E00008DD7 /* WorkSans-SemiBold.ttf */,
				11BB9E302D8C8F4E00008DD7 /* WorkSans-SemiBoldItalic.ttf */,
				11BB9E312D8C8F4E00008DD7 /* WorkSans-Thin.ttf */,
				11BB9E322D8C8F4E00008DD7 /* WorkSans-ThinItalic.ttf */,
			);
			path = WorkSans;
			sourceTree = "<group>";
		};
		11BB9E7C2D8C8F5D00008DD7 /* Roboto */ = {
			isa = PBXGroup;
			children = (
				11BB9E462D8C8F5D00008DD7 /* Roboto_Condensed-Black.ttf */,
				11BB9E472D8C8F5D00008DD7 /* Roboto_Condensed-BlackItalic.ttf */,
				11BB9E482D8C8F5D00008DD7 /* Roboto_Condensed-Bold.ttf */,
				11BB9E492D8C8F5D00008DD7 /* Roboto_Condensed-BoldItalic.ttf */,
				11BB9E4A2D8C8F5D00008DD7 /* Roboto_Condensed-ExtraBold.ttf */,
				11BB9E4B2D8C8F5D00008DD7 /* Roboto_Condensed-ExtraBoldItalic.ttf */,
				11BB9E4C2D8C8F5D00008DD7 /* Roboto_Condensed-ExtraLight.ttf */,
				11BB9E4D2D8C8F5D00008DD7 /* Roboto_Condensed-ExtraLightItalic.ttf */,
				11BB9E4E2D8C8F5D00008DD7 /* Roboto_Condensed-Italic.ttf */,
				11BB9E4F2D8C8F5D00008DD7 /* Roboto_Condensed-Light.ttf */,
				11BB9E502D8C8F5D00008DD7 /* Roboto_Condensed-LightItalic.ttf */,
				11BB9E512D8C8F5D00008DD7 /* Roboto_Condensed-Medium.ttf */,
				11BB9E522D8C8F5D00008DD7 /* Roboto_Condensed-MediumItalic.ttf */,
				11BB9E532D8C8F5D00008DD7 /* Roboto_Condensed-Regular.ttf */,
				11BB9E542D8C8F5D00008DD7 /* Roboto_Condensed-SemiBold.ttf */,
				11BB9E552D8C8F5D00008DD7 /* Roboto_Condensed-SemiBoldItalic.ttf */,
				11BB9E562D8C8F5D00008DD7 /* Roboto_Condensed-Thin.ttf */,
				11BB9E572D8C8F5D00008DD7 /* Roboto_Condensed-ThinItalic.ttf */,
				11BB9E582D8C8F5D00008DD7 /* Roboto_SemiCondensed-Black.ttf */,
				11BB9E592D8C8F5D00008DD7 /* Roboto_SemiCondensed-BlackItalic.ttf */,
				11BB9E5A2D8C8F5D00008DD7 /* Roboto_SemiCondensed-Bold.ttf */,
				11BB9E5B2D8C8F5D00008DD7 /* Roboto_SemiCondensed-BoldItalic.ttf */,
				11BB9E5C2D8C8F5D00008DD7 /* Roboto_SemiCondensed-ExtraBold.ttf */,
				11BB9E5D2D8C8F5D00008DD7 /* Roboto_SemiCondensed-ExtraBoldItalic.ttf */,
				11BB9E5E2D8C8F5D00008DD7 /* Roboto_SemiCondensed-ExtraLight.ttf */,
				11BB9E5F2D8C8F5D00008DD7 /* Roboto_SemiCondensed-ExtraLightItalic.ttf */,
				11BB9E602D8C8F5D00008DD7 /* Roboto_SemiCondensed-Italic.ttf */,
				11BB9E612D8C8F5D00008DD7 /* Roboto_SemiCondensed-Light.ttf */,
				11BB9E622D8C8F5D00008DD7 /* Roboto_SemiCondensed-LightItalic.ttf */,
				11BB9E632D8C8F5D00008DD7 /* Roboto_SemiCondensed-Medium.ttf */,
				11BB9E642D8C8F5D00008DD7 /* Roboto_SemiCondensed-MediumItalic.ttf */,
				11BB9E652D8C8F5D00008DD7 /* Roboto_SemiCondensed-Regular.ttf */,
				11BB9E662D8C8F5D00008DD7 /* Roboto_SemiCondensed-SemiBold.ttf */,
				11BB9E672D8C8F5D00008DD7 /* Roboto_SemiCondensed-SemiBoldItalic.ttf */,
				11BB9E682D8C8F5D00008DD7 /* Roboto_SemiCondensed-Thin.ttf */,
				11BB9E692D8C8F5D00008DD7 /* Roboto_SemiCondensed-ThinItalic.ttf */,
				11BB9E6A2D8C8F5D00008DD7 /* Roboto-Black.ttf */,
				11BB9E6B2D8C8F5D00008DD7 /* Roboto-BlackItalic.ttf */,
				11BB9E6C2D8C8F5D00008DD7 /* Roboto-Bold.ttf */,
				11BB9E6D2D8C8F5D00008DD7 /* Roboto-BoldItalic.ttf */,
				11BB9E6E2D8C8F5D00008DD7 /* Roboto-ExtraBold.ttf */,
				11BB9E6F2D8C8F5D00008DD7 /* Roboto-ExtraBoldItalic.ttf */,
				11BB9E702D8C8F5D00008DD7 /* Roboto-ExtraLight.ttf */,
				11BB9E712D8C8F5D00008DD7 /* Roboto-ExtraLightItalic.ttf */,
				11BB9E722D8C8F5D00008DD7 /* Roboto-Italic.ttf */,
				11BB9E732D8C8F5D00008DD7 /* Roboto-Light.ttf */,
				11BB9E742D8C8F5D00008DD7 /* Roboto-LightItalic.ttf */,
				11BB9E752D8C8F5D00008DD7 /* Roboto-Medium.ttf */,
				11BB9E762D8C8F5D00008DD7 /* Roboto-MediumItalic.ttf */,
				11BB9E772D8C8F5D00008DD7 /* Roboto-Regular.ttf */,
				11BB9E782D8C8F5D00008DD7 /* Roboto-SemiBold.ttf */,
				11BB9E792D8C8F5D00008DD7 /* Roboto-SemiBoldItalic.ttf */,
				11BB9E7A2D8C8F5D00008DD7 /* Roboto-Thin.ttf */,
				11BB9E7B2D8C8F5D00008DD7 /* Roboto-ThinItalic.ttf */,
			);
			path = Roboto;
			sourceTree = "<group>";
		};
		11BB9EF22D8C8F7D00008DD7 /* Inter */ = {
			isa = PBXGroup;
			children = (
				11BB9EBC2D8C8F7D00008DD7 /* Inter_18pt-Black.ttf */,
				11BB9EBD2D8C8F7D00008DD7 /* Inter_18pt-BlackItalic.ttf */,
				11BB9EBE2D8C8F7D00008DD7 /* Inter_18pt-Bold.ttf */,
				11BB9EBF2D8C8F7D00008DD7 /* Inter_18pt-BoldItalic.ttf */,
				11BB9EC02D8C8F7D00008DD7 /* Inter_18pt-ExtraBold.ttf */,
				11BB9EC12D8C8F7D00008DD7 /* Inter_18pt-ExtraBoldItalic.ttf */,
				11BB9EC22D8C8F7D00008DD7 /* Inter_18pt-ExtraLight.ttf */,
				11BB9EC32D8C8F7D00008DD7 /* Inter_18pt-ExtraLightItalic.ttf */,
				11BB9EC42D8C8F7D00008DD7 /* Inter_18pt-Italic.ttf */,
				11BB9EC52D8C8F7D00008DD7 /* Inter_18pt-Light.ttf */,
				11BB9EC62D8C8F7D00008DD7 /* Inter_18pt-LightItalic.ttf */,
				11BB9EC72D8C8F7D00008DD7 /* Inter_18pt-Medium.ttf */,
				11BB9EC82D8C8F7D00008DD7 /* Inter_18pt-MediumItalic.ttf */,
				11BB9EC92D8C8F7D00008DD7 /* Inter_18pt-Regular.ttf */,
				11BB9ECA2D8C8F7D00008DD7 /* Inter_18pt-SemiBold.ttf */,
				11BB9ECB2D8C8F7D00008DD7 /* Inter_18pt-SemiBoldItalic.ttf */,
				11BB9ECC2D8C8F7D00008DD7 /* Inter_18pt-Thin.ttf */,
				11BB9ECD2D8C8F7D00008DD7 /* Inter_18pt-ThinItalic.ttf */,
				11BB9ECE2D8C8F7D00008DD7 /* Inter_24pt-Black.ttf */,
				11BB9ECF2D8C8F7D00008DD7 /* Inter_24pt-BlackItalic.ttf */,
				11BB9ED02D8C8F7D00008DD7 /* Inter_24pt-Bold.ttf */,
				11BB9ED12D8C8F7D00008DD7 /* Inter_24pt-BoldItalic.ttf */,
				11BB9ED22D8C8F7D00008DD7 /* Inter_24pt-ExtraBold.ttf */,
				11BB9ED32D8C8F7D00008DD7 /* Inter_24pt-ExtraBoldItalic.ttf */,
				11BB9ED42D8C8F7D00008DD7 /* Inter_24pt-ExtraLight.ttf */,
				11BB9ED52D8C8F7D00008DD7 /* Inter_24pt-ExtraLightItalic.ttf */,
				11BB9ED62D8C8F7D00008DD7 /* Inter_24pt-Italic.ttf */,
				11BB9ED72D8C8F7D00008DD7 /* Inter_24pt-Light.ttf */,
				11BB9ED82D8C8F7D00008DD7 /* Inter_24pt-LightItalic.ttf */,
				11BB9ED92D8C8F7D00008DD7 /* Inter_24pt-Medium.ttf */,
				11BB9EDA2D8C8F7D00008DD7 /* Inter_24pt-MediumItalic.ttf */,
				11BB9EDB2D8C8F7D00008DD7 /* Inter_24pt-Regular.ttf */,
				11BB9EDC2D8C8F7D00008DD7 /* Inter_24pt-SemiBold.ttf */,
				11BB9EDD2D8C8F7D00008DD7 /* Inter_24pt-SemiBoldItalic.ttf */,
				11BB9EDE2D8C8F7D00008DD7 /* Inter_24pt-Thin.ttf */,
				11BB9EDF2D8C8F7D00008DD7 /* Inter_24pt-ThinItalic.ttf */,
				11BB9EE02D8C8F7D00008DD7 /* Inter_28pt-Black.ttf */,
				11BB9EE12D8C8F7D00008DD7 /* Inter_28pt-BlackItalic.ttf */,
				11BB9EE22D8C8F7D00008DD7 /* Inter_28pt-Bold.ttf */,
				11BB9EE32D8C8F7D00008DD7 /* Inter_28pt-BoldItalic.ttf */,
				11BB9EE42D8C8F7D00008DD7 /* Inter_28pt-ExtraBold.ttf */,
				11BB9EE52D8C8F7D00008DD7 /* Inter_28pt-ExtraBoldItalic.ttf */,
				11BB9EE62D8C8F7D00008DD7 /* Inter_28pt-ExtraLight.ttf */,
				11BB9EE72D8C8F7D00008DD7 /* Inter_28pt-ExtraLightItalic.ttf */,
				11BB9EE82D8C8F7D00008DD7 /* Inter_28pt-Italic.ttf */,
				11BB9EE92D8C8F7D00008DD7 /* Inter_28pt-Light.ttf */,
				11BB9EEA2D8C8F7D00008DD7 /* Inter_28pt-LightItalic.ttf */,
				11BB9EEB2D8C8F7D00008DD7 /* Inter_28pt-Medium.ttf */,
				11BB9EEC2D8C8F7D00008DD7 /* Inter_28pt-MediumItalic.ttf */,
				11BB9EED2D8C8F7D00008DD7 /* Inter_28pt-Regular.ttf */,
				11BB9EEE2D8C8F7D00008DD7 /* Inter_28pt-SemiBold.ttf */,
				11BB9EEF2D8C8F7D00008DD7 /* Inter_28pt-SemiBoldItalic.ttf */,
				11BB9EF02D8C8F7D00008DD7 /* Inter_28pt-Thin.ttf */,
				11BB9EF12D8C8F7D00008DD7 /* Inter_28pt-ThinItalic.ttf */,
			);
			path = Inter;
			sourceTree = "<group>";
		};
/* End PBXGroup section */

/* Begin PBXNativeTarget section */
		11A7E3242D8B35BF00D82AF2 /* OLSUN */ = {
			isa = PBXNativeTarget;
			buildConfigurationList = 11A7E34E2D8B35C200D82AF2 /* Build configuration list for PBXNativeTarget "OLSUN" */;
			buildPhases = (
				11A7E3212D8B35BF00D82AF2 /* Sources */,
				11A7E3222D8B35BF00D82AF2 /* Frameworks */,
				11A7E3232D8B35BF00D82AF2 /* Resources */,
			);
			buildRules = (
			);
			dependencies = (
			);
			name = OLSUN;
			packageProductDependencies = (
			);
			productName = OLSUN;
			productReference = 11A7E3252D8B35BF00D82AF2 /* OLSUN.app */;
			productType = "com.apple.product-type.application";
		};
		11A7E33A2D8B35C200D82AF2 /* OLSUNTests */ = {
			isa = PBXNativeTarget;
			buildConfigurationList = 11A7E3532D8B35C200D82AF2 /* Build configuration list for PBXNativeTarget "OLSUNTests" */;
			buildPhases = (
				11A7E3372D8B35C200D82AF2 /* Sources */,
				11A7E3382D8B35C200D82AF2 /* Frameworks */,
				11A7E3392D8B35C200D82AF2 /* Resources */,
			);
			buildRules = (
			);
			dependencies = (
				11A7E33D2D8B35C200D82AF2 /* PBXTargetDependency */,
			);
			name = OLSUNTests;
			packageProductDependencies = (
			);
			productName = OLSUNTests;
			productReference = 11A7E33B2D8B35C200D82AF2 /* OLSUNTests.xctest */;
			productType = "com.apple.product-type.bundle.unit-test";
		};
		11A7E3442D8B35C200D82AF2 /* OLSUNUITests */ = {
			isa = PBXNativeTarget;
			buildConfigurationList = 11A7E3562D8B35C200D82AF2 /* Build configuration list for PBXNativeTarget "OLSUNUITests" */;
			buildPhases = (
				11A7E3412D8B35C200D82AF2 /* Sources */,
				11A7E3422D8B35C200D82AF2 /* Frameworks */,
				11A7E3432D8B35C200D82AF2 /* Resources */,
			);
			buildRules = (
			);
			dependencies = (
				11A7E3472D8B35C200D82AF2 /* PBXTargetDependency */,
			);
			name = OLSUNUITests;
			packageProductDependencies = (
			);
			productName = OLSUNUITests;
			productReference = 11A7E3452D8B35C200D82AF2 /* OLSUNUITests.xctest */;
			productType = "com.apple.product-type.bundle.ui-testing";
		};
/* End PBXNativeTarget section */

/* Begin PBXProject section */
		11A7E31D2D8B35BF00D82AF2 /* Project object */ = {
			isa = PBXProject;
			attributes = {
				BuildIndependentTargetsInParallel = 1;
				LastSwiftUpdateCheck = 1620;
				LastUpgradeCheck = 1620;
				TargetAttributes = {
					11A7E3242D8B35BF00D82AF2 = {
						CreatedOnToolsVersion = 16.2;
					};
					11A7E33A2D8B35C200D82AF2 = {
						CreatedOnToolsVersion = 16.2;
						TestTargetID = 11A7E3242D8B35BF00D82AF2;
					};
					11A7E3442D8B35C200D82AF2 = {
						CreatedOnToolsVersion = 16.2;
						TestTargetID = 11A7E3242D8B35BF00D82AF2;
					};
				};
			};
			buildConfigurationList = 11A7E3202D8B35BF00D82AF2 /* Build configuration list for PBXProject "OLSUN" */;
			developmentRegion = en;
			hasScannedForEncodings = 0;
			knownRegions = (
				en,
				Base,
			);
			mainGroup = 11A7E31C2D8B35BF00D82AF2;
			minimizedProjectReferenceProxies = 1;
			preferredProjectObjectVersion = 77;
			productRefGroup = 11A7E3262D8B35BF00D82AF2 /* Products */;
			projectDirPath = "";
			projectRoot = "";
			targets = (
				11A7E3242D8B35BF00D82AF2 /* OLSUN */,
				11A7E33A2D8B35C200D82AF2 /* OLSUNTests */,
				11A7E3442D8B35C200D82AF2 /* OLSUNUITests */,
			);
		};
/* End PBXProject section */

/* Begin PBXResourcesBuildPhase section */
		11A7E3232D8B35BF00D82AF2 /* Resources */ = {
			isa = PBXResourcesBuildPhase;
			buildActionMask = 2147483647;
			files = (
				11BB9E342D8C8F4E00008DD7 /* WorkSans-BlackItalic.ttf in Resources */,
				11BB9E352D8C8F4E00008DD7 /* WorkSans-ExtraLight.ttf in Resources */,
				11BB9E362D8C8F4E00008DD7 /* WorkSans-Black.ttf in Resources */,
				11BB9E372D8C8F4E00008DD7 /* WorkSans-Italic.ttf in Resources */,
				11BB9E382D8C8F4E00008DD7 /* WorkSans-Light.ttf in Resources */,
				11BB9E392D8C8F4E00008DD7 /* WorkSans-MediumItalic.ttf in Resources */,
				11BB9E3A2D8C8F4E00008DD7 /* WorkSans-Bold.ttf in Resources */,
				11BB9E3B2D8C8F4E00008DD7 /* WorkSans-ExtraBold.ttf in Resources */,
				11BB9E3C2D8C8F4E00008DD7 /* WorkSans-Medium.ttf in Resources */,
				11BB9E3D2D8C8F4E00008DD7 /* WorkSans-ThinItalic.ttf in Resources */,
				11BB9E3E2D8C8F4E00008DD7 /* WorkSans-ExtraLightItalic.ttf in Resources */,
				11BB9E3F2D8C8F4E00008DD7 /* WorkSans-LightItalic.ttf in Resources */,
				11BB9E402D8C8F4E00008DD7 /* WorkSans-BoldItalic.ttf in Resources */,
				11BB9E412D8C8F4E00008DD7 /* WorkSans-ExtraBoldItalic.ttf in Resources */,
				11BB9E422D8C8F4E00008DD7 /* WorkSans-SemiBold.ttf in Resources */,
				11BB9E432D8C8F4E00008DD7 /* WorkSans-Regular.ttf in Resources */,
				11BB9E442D8C8F4E00008DD7 /* WorkSans-SemiBoldItalic.ttf in Resources */,
				11BB9E452D8C8F4E00008DD7 /* WorkSans-Thin.ttf in Resources */,
				11BB9E822D8C8F5D00008DD7 /* Roboto_Condensed-Italic.ttf in Resources */,
				11BB9E832D8C8F5D00008DD7 /* Roboto-ExtraBold.ttf in Resources */,
				11BB9E842D8C8F5D00008DD7 /* Roboto_SemiCondensed-ExtraLightItalic.ttf in Resources */,
				11BB9EF32D8C8F7D00008DD7 /* Inter_24pt-Italic.ttf in Resources */,
				11BB9EF42D8C8F7D00008DD7 /* Inter_28pt-BlackItalic.ttf in Resources */,
				11BB9EF52D8C8F7D00008DD7 /* Inter_28pt-ThinItalic.ttf in Resources */,
				11BB9EF62D8C8F7D00008DD7 /* Inter_24pt-Light.ttf in Resources */,
				11BB9EF72D8C8F7D00008DD7 /* Inter_28pt-MediumItalic.ttf in Resources */,
				11BB9EF82D8C8F7D00008DD7 /* Inter_18pt-Regular.ttf in Resources */,
				11BB9EF92D8C8F7D00008DD7 /* Inter_24pt-MediumItalic.ttf in Resources */,
				11BB9EFA2D8C8F7D00008DD7 /* Inter_28pt-ExtraBoldItalic.ttf in Resources */,
				11BB9EFB2D8C8F7D00008DD7 /* Inter_18pt-ExtraBoldItalic.ttf in Resources */,
				11BB9EFC2D8C8F7D00008DD7 /* Inter_24pt-BoldItalic.ttf in Resources */,
				11BB9EFD2D8C8F7D00008DD7 /* Inter_28pt-SemiBold.ttf in Resources */,
				11BB9EFE2D8C8F7D00008DD7 /* Inter_24pt-SemiBoldItalic.ttf in Resources */,
				11BB9EFF2D8C8F7D00008DD7 /* Inter_18pt-ThinItalic.ttf in Resources */,
				11BB9F002D8C8F7D00008DD7 /* Inter_18pt-SemiBold.ttf in Resources */,
				11BB9F012D8C8F7D00008DD7 /* Inter_28pt-Black.ttf in Resources */,
				11BB9F022D8C8F7D00008DD7 /* Inter_28pt-ExtraLightItalic.ttf in Resources */,
				11BB9F032D8C8F7D00008DD7 /* Inter_18pt-Light.ttf in Resources */,
				11BB9F042D8C8F7D00008DD7 /* Inter_18pt-SemiBoldItalic.ttf in Resources */,
				11BB9F052D8C8F7D00008DD7 /* Inter_28pt-Italic.ttf in Resources */,
				11BB9F062D8C8F7D00008DD7 /* Inter_24pt-LightItalic.ttf in Resources */,
				11BB9F072D8C8F7D00008DD7 /* Inter_18pt-Black.ttf in Resources */,
				11BB9F082D8C8F7D00008DD7 /* Inter_28pt-BoldItalic.ttf in Resources */,
				11BB9F092D8C8F7D00008DD7 /* Inter_24pt-ExtraBold.ttf in Resources */,
				11BB9F0A2D8C8F7D00008DD7 /* Inter_28pt-ExtraLight.ttf in Resources */,
				11BB9F0B2D8C8F7D00008DD7 /* Inter_18pt-ExtraLightItalic.ttf in Resources */,
				11BB9F0C2D8C8F7D00008DD7 /* Inter_18pt-ExtraBold.ttf in Resources */,
				11BB9F0D2D8C8F7D00008DD7 /* Inter_18pt-Bold.ttf in Resources */,
				11BB9F0E2D8C8F7D00008DD7 /* Inter_24pt-SemiBold.ttf in Resources */,
				11BB9F0F2D8C8F7D00008DD7 /* Inter_24pt-BlackItalic.ttf in Resources */,
				11BB9F102D8C8F7D00008DD7 /* Inter_18pt-Italic.ttf in Resources */,
				11BB9F112D8C8F7D00008DD7 /* Inter_24pt-Regular.ttf in Resources */,
				11BB9F122D8C8F7D00008DD7 /* Inter_28pt-Regular.ttf in Resources */,
				11BB9F132D8C8F7D00008DD7 /* Inter_24pt-Medium.ttf in Resources */,
				11BB9F142D8C8F7D00008DD7 /* Inter_18pt-BoldItalic.ttf in Resources */,
				11BB9F152D8C8F7D00008DD7 /* Inter_28pt-ExtraBold.ttf in Resources */,
				11BB9F162D8C8F7D00008DD7 /* Inter_28pt-SemiBoldItalic.ttf in Resources */,
				11BB9F172D8C8F7D00008DD7 /* Inter_24pt-Bold.ttf in Resources */,
				11BB9F182D8C8F7D00008DD7 /* Inter_24pt-Thin.ttf in Resources */,
				11BB9F192D8C8F7D00008DD7 /* Inter_18pt-ExtraLight.ttf in Resources */,
				11BB9F1A2D8C8F7D00008DD7 /* Inter_18pt-MediumItalic.ttf in Resources */,
				11BB9F1B2D8C8F7D00008DD7 /* Inter_24pt-Black.ttf in Resources */,
				11BB9F1C2D8C8F7D00008DD7 /* Inter_24pt-ExtraLight.ttf in Resources */,
				11BB9F1D2D8C8F7D00008DD7 /* Inter_28pt-Medium.ttf in Resources */,
				11BB9F1E2D8C8F7D00008DD7 /* Inter_28pt-Bold.ttf in Resources */,
				11BB9F1F2D8C8F7D00008DD7 /* Inter_24pt-ExtraBoldItalic.ttf in Resources */,
				11BB9F202D8C8F7D00008DD7 /* Inter_18pt-Medium.ttf in Resources */,
				11BB9F212D8C8F7D00008DD7 /* Inter_18pt-LightItalic.ttf in Resources */,
				11BB9F222D8C8F7D00008DD7 /* Inter_24pt-ExtraLightItalic.ttf in Resources */,
				11BB9F232D8C8F7D00008DD7 /* Inter_18pt-Thin.ttf in Resources */,
				11BB9F242D8C8F7D00008DD7 /* Inter_24pt-ThinItalic.ttf in Resources */,
				11BB9F252D8C8F7D00008DD7 /* Inter_28pt-Thin.ttf in Resources */,
				11BB9F262D8C8F7D00008DD7 /* Inter_28pt-LightItalic.ttf in Resources */,
				11BB9F272D8C8F7D00008DD7 /* Inter_18pt-BlackItalic.ttf in Resources */,
				11BB9F282D8C8F7D00008DD7 /* Inter_28pt-Light.ttf in Resources */,
				11BB9E852D8C8F5D00008DD7 /* Roboto_Condensed-SemiBold.ttf in Resources */,
				11BB9E862D8C8F5D00008DD7 /* Roboto_SemiCondensed-Medium.ttf in Resources */,
				11BB9E872D8C8F5D00008DD7 /* Roboto_SemiCondensed-SemiBold.ttf in Resources */,
				11BB9E882D8C8F5D00008DD7 /* Roboto_SemiCondensed-BoldItalic.ttf in Resources */,
				11BB9E892D8C8F5D00008DD7 /* Roboto_SemiCondensed-ExtraBold.ttf in Resources */,
				11BB9E8A2D8C8F5D00008DD7 /* Roboto-ThinItalic.ttf in Resources */,
				11BB9E8B2D8C8F5D00008DD7 /* Roboto_Condensed-Bold.ttf in Resources */,
				11BB9E8C2D8C8F5D00008DD7 /* Roboto-ExtraLightItalic.ttf in Resources */,
				11BB9E8D2D8C8F5D00008DD7 /* Roboto_Condensed-MediumItalic.ttf in Resources */,
				11BB9E8E2D8C8F5D00008DD7 /* Roboto_Condensed-BlackItalic.ttf in Resources */,
				11BB9E8F2D8C8F5D00008DD7 /* Roboto_Condensed-BoldItalic.ttf in Resources */,
				11BB9E912D8C8F5D00008DD7 /* Roboto_SemiCondensed-Light.ttf in Resources */,
				11BB9E922D8C8F5D00008DD7 /* Roboto_Condensed-ExtraBoldItalic.ttf in Resources */,
				11BB9E932D8C8F5D00008DD7 /* Roboto_Condensed-Light.ttf in Resources */,
				11BB9E942D8C8F5D00008DD7 /* Roboto-MediumItalic.ttf in Resources */,
				11BB9E952D8C8F5D00008DD7 /* Roboto_SemiCondensed-LightItalic.ttf in Resources */,
				11BB9E962D8C8F5D00008DD7 /* Roboto_SemiCondensed-Italic.ttf in Resources */,
				11BB9E972D8C8F5D00008DD7 /* Roboto-Medium.ttf in Resources */,
				11BB9E982D8C8F5D00008DD7 /* Roboto_SemiCondensed-Bold.ttf in Resources */,
				11BB9E992D8C8F5D00008DD7 /* Roboto_Condensed-ExtraBold.ttf in Resources */,
				11BB9E9A2D8C8F5D00008DD7 /* Roboto_SemiCondensed-ExtraBoldItalic.ttf in Resources */,
				11BB9E9B2D8C8F5D00008DD7 /* Roboto_SemiCondensed-BlackItalic.ttf in Resources */,
				11BB9E9C2D8C8F5D00008DD7 /* Roboto-LightItalic.ttf in Resources */,
				11BB9E9D2D8C8F5D00008DD7 /* Roboto_SemiCondensed-MediumItalic.ttf in Resources */,
				11BB9E9E2D8C8F5D00008DD7 /* Roboto-ExtraBoldItalic.ttf in Resources */,
				11BB9E9F2D8C8F5D00008DD7 /* Roboto-Italic.ttf in Resources */,
				11BB9EA02D8C8F5D00008DD7 /* Roboto-Light.ttf in Resources */,
				11BB9EA12D8C8F5D00008DD7 /* Roboto-ExtraLight.ttf in Resources */,
				11BB9EA22D8C8F5D00008DD7 /* Roboto-Bold.ttf in Resources */,
				11BB9EA32D8C8F5D00008DD7 /* Roboto_SemiCondensed-SemiBoldItalic.ttf in Resources */,
				11BB9EA42D8C8F5D00008DD7 /* Roboto_Condensed-ExtraLight.ttf in Resources */,
				11BB9EA52D8C8F5D00008DD7 /* Roboto-Black.ttf in Resources */,
				11BB9EA62D8C8F5D00008DD7 /* Roboto_Condensed-Black.ttf in Resources */,
				11BB9EA82D8C8F5D00008DD7 /* Roboto-BlackItalic.ttf in Resources */,
				11BB9EA92D8C8F5D00008DD7 /* Roboto_Condensed-ExtraLightItalic.ttf in Resources */,
				11BB9EAA2D8C8F5D00008DD7 /* Roboto-BoldItalic.ttf in Resources */,
				11BB9EAC2D8C8F5D00008DD7 /* Roboto_SemiCondensed-ThinItalic.ttf in Resources */,
				11BB9EAD2D8C8F5D00008DD7 /* Roboto_Condensed-Thin.ttf in Resources */,
				11BB9EAE2D8C8F5D00008DD7 /* Roboto_Condensed-SemiBoldItalic.ttf in Resources */,
				11BB9EAF2D8C8F5D00008DD7 /* Roboto-Thin.ttf in Resources */,
				11BB9EB02D8C8F5D00008DD7 /* Roboto_Condensed-ThinItalic.ttf in Resources */,
				11BB9EB12D8C8F5D00008DD7 /* Roboto_SemiCondensed-Black.ttf in Resources */,
				11BB9EB22D8C8F5D00008DD7 /* Roboto_SemiCondensed-Regular.ttf in Resources */,
				11BB9EB32D8C8F5D00008DD7 /* Roboto-Regular.ttf in Resources */,
				11BB9EB42D8C8F5D00008DD7 /* Roboto-SemiBoldItalic.ttf in Resources */,
				11BB9EB52D8C8F5D00008DD7 /* Roboto_Condensed-LightItalic.ttf in Resources */,
				11BB9EB72D8C8F5D00008DD7 /* Roboto_SemiCondensed-Thin.ttf in Resources */,
				11BB9EB82D8C8F5D00008DD7 /* Roboto-SemiBold.ttf in Resources */,
				11BB9EB92D8C8F5D00008DD7 /* Roboto_SemiCondensed-ExtraLight.ttf in Resources */,
				11BB9EBA2D8C8F5D00008DD7 /* Roboto_Condensed-Regular.ttf in Resources */,
				11BB9EBB2D8C8F5D00008DD7 /* Roboto_Condensed-Medium.ttf in Resources */,
				11A7E3622D8B361500D82AF2 /* Assets.xcassets in Resources */,
				11A7E3722D8B36D100D82AF2 /* Colors.xcassets in Resources */,
			);
			runOnlyForDeploymentPostprocessing = 0;
		};
		11A7E3392D8B35C200D82AF2 /* Resources */ = {
			isa = PBXResourcesBuildPhase;
			buildActionMask = 2147483647;
			files = (
			);
			runOnlyForDeploymentPostprocessing = 0;
		};
		11A7E3432D8B35C200D82AF2 /* Resources */ = {
			isa = PBXResourcesBuildPhase;
			buildActionMask = 2147483647;
			files = (
			);
			runOnlyForDeploymentPostprocessing = 0;
		};
/* End PBXResourcesBuildPhase section */

/* Begin PBXSourcesBuildPhase section */
		11A7E3212D8B35BF00D82AF2 /* Sources */ = {
			isa = PBXSourcesBuildPhase;
			buildActionMask = 2147483647;
			files = (
				11A7E39E2D8B3A8800D82AF2 /* LoginViewController.swift in Sources */,
				11A7E37B2D8B375600D82AF2 /* NotificationNameExtensions.swift in Sources */,
				11A7E3932D8B39C700D82AF2 /* AuthNavigation.swift in Sources */,
				11A7E35F2D8B361500D82AF2 /* AppDelegate.swift in Sources */,
				11A7E38B2D8B37FD00D82AF2 /* ReusableButton.swift in Sources */,
				11A7E3952D8B39D200D82AF2 /* AuthCoordinator.swift in Sources */,
				11A7E3872D8B37C000D82AF2 /* BaseViewController.swift in Sources */,
				11A7E3852D8B37AA00D82AF2 /* AppCoordinator.swift in Sources */,
				11A7E3A02D8B3A9C00D82AF2 /* LoginViewModel.swift in Sources */,
				11A7E38D2D8B380600D82AF2 /* ReusableLabel.swift in Sources */,
				11A7E38F2D8B381000D82AF2 /* ReusableTextField.swift in Sources */,
				11A7E3912D8B38EA00D82AF2 /* FontsKeys.swift in Sources */,
				11A7E3602D8B361500D82AF2 /* SceneDelegate.swift in Sources */,
				11A7E3772D8B373600D82AF2 /* UserDefaultsHelper.swift in Sources */,
				11A7E3792D8B374300D82AF2 /* UserDefaultsKey.swift in Sources */,
				11A7E37D2D8B376000D82AF2 /* Extensions.swift in Sources */,
				11A7E37F2D8B376E00D82AF2 /* LayoutExtensions.swift in Sources */,
				11A7E3832D8B37A000D82AF2 /* Coordinator.swift in Sources */,
			);
			runOnlyForDeploymentPostprocessing = 0;
		};
		11A7E3372D8B35C200D82AF2 /* Sources */ = {
			isa = PBXSourcesBuildPhase;
			buildActionMask = 2147483647;
			files = (
				11A7E3662D8B361700D82AF2 /* OLSUNTests.swift in Sources */,
			);
			runOnlyForDeploymentPostprocessing = 0;
		};
		11A7E3412D8B35C200D82AF2 /* Sources */ = {
			isa = PBXSourcesBuildPhase;
			buildActionMask = 2147483647;
			files = (
				11A7E36A2D8B361A00D82AF2 /* OLSUNUITests.swift in Sources */,
				11A7E36B2D8B361A00D82AF2 /* OLSUNUITestsLaunchTests.swift in Sources */,
			);
			runOnlyForDeploymentPostprocessing = 0;
		};
/* End PBXSourcesBuildPhase section */

/* Begin PBXTargetDependency section */
		11A7E33D2D8B35C200D82AF2 /* PBXTargetDependency */ = {
			isa = PBXTargetDependency;
			target = 11A7E3242D8B35BF00D82AF2 /* OLSUN */;
			targetProxy = 11A7E33C2D8B35C200D82AF2 /* PBXContainerItemProxy */;
		};
		11A7E3472D8B35C200D82AF2 /* PBXTargetDependency */ = {
			isa = PBXTargetDependency;
			target = 11A7E3242D8B35BF00D82AF2 /* OLSUN */;
			targetProxy = 11A7E3462D8B35C200D82AF2 /* PBXContainerItemProxy */;
		};
/* End PBXTargetDependency section */

/* Begin XCBuildConfiguration section */
		11A7E34F2D8B35C200D82AF2 /* Debug */ = {
			isa = XCBuildConfiguration;
			buildSettings = {
				ASSETCATALOG_COMPILER_APPICON_NAME = AppIcon;
				ASSETCATALOG_COMPILER_GLOBAL_ACCENT_COLOR_NAME = AccentColor;
				CODE_SIGN_STYLE = Automatic;
				CURRENT_PROJECT_VERSION = 1;
				DEVELOPMENT_TEAM = 5V565SJ9S9;
				GENERATE_INFOPLIST_FILE = YES;
				INFOPLIST_FILE = OLSUN/Info.plist;
				INFOPLIST_KEY_UIApplicationSupportsIndirectInputEvents = YES;
				INFOPLIST_KEY_UILaunchStoryboardName = LaunchScreen;
				INFOPLIST_KEY_UISupportedInterfaceOrientations = UIInterfaceOrientationPortrait;
				INFOPLIST_KEY_UISupportedInterfaceOrientations_iPad = "UIInterfaceOrientationPortrait UIInterfaceOrientationPortraitUpsideDown";
				IPHONEOS_DEPLOYMENT_TARGET = 17.6;
				LD_RUNPATH_SEARCH_PATHS = (
					"$(inherited)",
					"@executable_path/Frameworks",
				);
				MARKETING_VERSION = 1.0;
				PRODUCT_BUNDLE_IDENTIFIER = com.example.personal.OLSUN;
				PRODUCT_NAME = "$(TARGET_NAME)";
				SUPPORTED_PLATFORMS = "iphoneos iphonesimulator";
				SUPPORTS_MACCATALYST = NO;
				SUPPORTS_MAC_DESIGNED_FOR_IPHONE_IPAD = NO;
				SUPPORTS_XR_DESIGNED_FOR_IPHONE_IPAD = NO;
				SWIFT_EMIT_LOC_STRINGS = YES;
				SWIFT_VERSION = 5.0;
				TARGETED_DEVICE_FAMILY = "1,2";
			};
			name = Debug;
		};
		11A7E3502D8B35C200D82AF2 /* Release */ = {
			isa = XCBuildConfiguration;
			buildSettings = {
				ASSETCATALOG_COMPILER_APPICON_NAME = AppIcon;
				ASSETCATALOG_COMPILER_GLOBAL_ACCENT_COLOR_NAME = AccentColor;
				CODE_SIGN_STYLE = Automatic;
				CURRENT_PROJECT_VERSION = 1;
				DEVELOPMENT_TEAM = 5V565SJ9S9;
				GENERATE_INFOPLIST_FILE = YES;
				INFOPLIST_FILE = OLSUN/Info.plist;
				INFOPLIST_KEY_UIApplicationSupportsIndirectInputEvents = YES;
				INFOPLIST_KEY_UILaunchStoryboardName = LaunchScreen;
				INFOPLIST_KEY_UISupportedInterfaceOrientations = UIInterfaceOrientationPortrait;
				INFOPLIST_KEY_UISupportedInterfaceOrientations_iPad = "UIInterfaceOrientationPortrait UIInterfaceOrientationPortraitUpsideDown";
				IPHONEOS_DEPLOYMENT_TARGET = 17.6;
				LD_RUNPATH_SEARCH_PATHS = (
					"$(inherited)",
					"@executable_path/Frameworks",
				);
				MARKETING_VERSION = 1.0;
				PRODUCT_BUNDLE_IDENTIFIER = com.example.personal.OLSUN;
				PRODUCT_NAME = "$(TARGET_NAME)";
				SUPPORTED_PLATFORMS = "iphoneos iphonesimulator";
				SUPPORTS_MACCATALYST = NO;
				SUPPORTS_MAC_DESIGNED_FOR_IPHONE_IPAD = NO;
				SUPPORTS_XR_DESIGNED_FOR_IPHONE_IPAD = NO;
				SWIFT_EMIT_LOC_STRINGS = YES;
				SWIFT_VERSION = 5.0;
				TARGETED_DEVICE_FAMILY = "1,2";
			};
			name = Release;
		};
		11A7E3512D8B35C200D82AF2 /* Debug */ = {
			isa = XCBuildConfiguration;
			buildSettings = {
				ALWAYS_SEARCH_USER_PATHS = NO;
				ASSETCATALOG_COMPILER_GENERATE_SWIFT_ASSET_SYMBOL_EXTENSIONS = YES;
				CLANG_ANALYZER_NONNULL = YES;
				CLANG_ANALYZER_NUMBER_OBJECT_CONVERSION = YES_AGGRESSIVE;
				CLANG_CXX_LANGUAGE_STANDARD = "gnu++20";
				CLANG_ENABLE_MODULES = YES;
				CLANG_ENABLE_OBJC_ARC = YES;
				CLANG_ENABLE_OBJC_WEAK = YES;
				CLANG_WARN_BLOCK_CAPTURE_AUTORELEASING = YES;
				CLANG_WARN_BOOL_CONVERSION = YES;
				CLANG_WARN_COMMA = YES;
				CLANG_WARN_CONSTANT_CONVERSION = YES;
				CLANG_WARN_DEPRECATED_OBJC_IMPLEMENTATIONS = YES;
				CLANG_WARN_DIRECT_OBJC_ISA_USAGE = YES_ERROR;
				CLANG_WARN_DOCUMENTATION_COMMENTS = YES;
				CLANG_WARN_EMPTY_BODY = YES;
				CLANG_WARN_ENUM_CONVERSION = YES;
				CLANG_WARN_INFINITE_RECURSION = YES;
				CLANG_WARN_INT_CONVERSION = YES;
				CLANG_WARN_NON_LITERAL_NULL_CONVERSION = YES;
				CLANG_WARN_OBJC_IMPLICIT_RETAIN_SELF = YES;
				CLANG_WARN_OBJC_LITERAL_CONVERSION = YES;
				CLANG_WARN_OBJC_ROOT_CLASS = YES_ERROR;
				CLANG_WARN_QUOTED_INCLUDE_IN_FRAMEWORK_HEADER = YES;
				CLANG_WARN_RANGE_LOOP_ANALYSIS = YES;
				CLANG_WARN_STRICT_PROTOTYPES = YES;
				CLANG_WARN_SUSPICIOUS_MOVE = YES;
				CLANG_WARN_UNGUARDED_AVAILABILITY = YES_AGGRESSIVE;
				CLANG_WARN_UNREACHABLE_CODE = YES;
				CLANG_WARN__DUPLICATE_METHOD_MATCH = YES;
				COPY_PHASE_STRIP = NO;
				DEBUG_INFORMATION_FORMAT = dwarf;
				ENABLE_STRICT_OBJC_MSGSEND = YES;
				ENABLE_TESTABILITY = YES;
				ENABLE_USER_SCRIPT_SANDBOXING = YES;
				GCC_C_LANGUAGE_STANDARD = gnu17;
				GCC_DYNAMIC_NO_PIC = NO;
				GCC_NO_COMMON_BLOCKS = YES;
				GCC_OPTIMIZATION_LEVEL = 0;
				GCC_PREPROCESSOR_DEFINITIONS = (
					"DEBUG=1",
					"$(inherited)",
				);
				GCC_WARN_64_TO_32_BIT_CONVERSION = YES;
				GCC_WARN_ABOUT_RETURN_TYPE = YES_ERROR;
				GCC_WARN_UNDECLARED_SELECTOR = YES;
				GCC_WARN_UNINITIALIZED_AUTOS = YES_AGGRESSIVE;
				GCC_WARN_UNUSED_FUNCTION = YES;
				GCC_WARN_UNUSED_VARIABLE = YES;
				IPHONEOS_DEPLOYMENT_TARGET = 18.2;
				LOCALIZATION_PREFERS_STRING_CATALOGS = YES;
				MTL_ENABLE_DEBUG_INFO = INCLUDE_SOURCE;
				MTL_FAST_MATH = YES;
				ONLY_ACTIVE_ARCH = YES;
				SDKROOT = iphoneos;
				SWIFT_ACTIVE_COMPILATION_CONDITIONS = "DEBUG $(inherited)";
				SWIFT_OPTIMIZATION_LEVEL = "-Onone";
			};
			name = Debug;
		};
		11A7E3522D8B35C200D82AF2 /* Release */ = {
			isa = XCBuildConfiguration;
			buildSettings = {
				ALWAYS_SEARCH_USER_PATHS = NO;
				ASSETCATALOG_COMPILER_GENERATE_SWIFT_ASSET_SYMBOL_EXTENSIONS = YES;
				CLANG_ANALYZER_NONNULL = YES;
				CLANG_ANALYZER_NUMBER_OBJECT_CONVERSION = YES_AGGRESSIVE;
				CLANG_CXX_LANGUAGE_STANDARD = "gnu++20";
				CLANG_ENABLE_MODULES = YES;
				CLANG_ENABLE_OBJC_ARC = YES;
				CLANG_ENABLE_OBJC_WEAK = YES;
				CLANG_WARN_BLOCK_CAPTURE_AUTORELEASING = YES;
				CLANG_WARN_BOOL_CONVERSION = YES;
				CLANG_WARN_COMMA = YES;
				CLANG_WARN_CONSTANT_CONVERSION = YES;
				CLANG_WARN_DEPRECATED_OBJC_IMPLEMENTATIONS = YES;
				CLANG_WARN_DIRECT_OBJC_ISA_USAGE = YES_ERROR;
				CLANG_WARN_DOCUMENTATION_COMMENTS = YES;
				CLANG_WARN_EMPTY_BODY = YES;
				CLANG_WARN_ENUM_CONVERSION = YES;
				CLANG_WARN_INFINITE_RECURSION = YES;
				CLANG_WARN_INT_CONVERSION = YES;
				CLANG_WARN_NON_LITERAL_NULL_CONVERSION = YES;
				CLANG_WARN_OBJC_IMPLICIT_RETAIN_SELF = YES;
				CLANG_WARN_OBJC_LITERAL_CONVERSION = YES;
				CLANG_WARN_OBJC_ROOT_CLASS = YES_ERROR;
				CLANG_WARN_QUOTED_INCLUDE_IN_FRAMEWORK_HEADER = YES;
				CLANG_WARN_RANGE_LOOP_ANALYSIS = YES;
				CLANG_WARN_STRICT_PROTOTYPES = YES;
				CLANG_WARN_SUSPICIOUS_MOVE = YES;
				CLANG_WARN_UNGUARDED_AVAILABILITY = YES_AGGRESSIVE;
				CLANG_WARN_UNREACHABLE_CODE = YES;
				CLANG_WARN__DUPLICATE_METHOD_MATCH = YES;
				COPY_PHASE_STRIP = NO;
				DEBUG_INFORMATION_FORMAT = "dwarf-with-dsym";
				ENABLE_NS_ASSERTIONS = NO;
				ENABLE_STRICT_OBJC_MSGSEND = YES;
				ENABLE_USER_SCRIPT_SANDBOXING = YES;
				GCC_C_LANGUAGE_STANDARD = gnu17;
				GCC_NO_COMMON_BLOCKS = YES;
				GCC_WARN_64_TO_32_BIT_CONVERSION = YES;
				GCC_WARN_ABOUT_RETURN_TYPE = YES_ERROR;
				GCC_WARN_UNDECLARED_SELECTOR = YES;
				GCC_WARN_UNINITIALIZED_AUTOS = YES_AGGRESSIVE;
				GCC_WARN_UNUSED_FUNCTION = YES;
				GCC_WARN_UNUSED_VARIABLE = YES;
				IPHONEOS_DEPLOYMENT_TARGET = 18.2;
				LOCALIZATION_PREFERS_STRING_CATALOGS = YES;
				MTL_ENABLE_DEBUG_INFO = NO;
				MTL_FAST_MATH = YES;
				SDKROOT = iphoneos;
				SWIFT_COMPILATION_MODE = wholemodule;
				VALIDATE_PRODUCT = YES;
			};
			name = Release;
		};
		11A7E3542D8B35C200D82AF2 /* Debug */ = {
			isa = XCBuildConfiguration;
			buildSettings = {
				BUNDLE_LOADER = "$(TEST_HOST)";
				CODE_SIGN_STYLE = Automatic;
				CURRENT_PROJECT_VERSION = 1;
				DEVELOPMENT_TEAM = 5V565SJ9S9;
				GENERATE_INFOPLIST_FILE = YES;
				IPHONEOS_DEPLOYMENT_TARGET = 18.2;
				MARKETING_VERSION = 1.0;
				PRODUCT_BUNDLE_IDENTIFIER = com.example.personal.OLSUNTests;
				PRODUCT_NAME = "$(TARGET_NAME)";
				SWIFT_EMIT_LOC_STRINGS = NO;
				SWIFT_VERSION = 5.0;
				TARGETED_DEVICE_FAMILY = "1,2";
				TEST_HOST = "$(BUILT_PRODUCTS_DIR)/OLSUN.app/$(BUNDLE_EXECUTABLE_FOLDER_PATH)/OLSUN";
			};
			name = Debug;
		};
		11A7E3552D8B35C200D82AF2 /* Release */ = {
			isa = XCBuildConfiguration;
			buildSettings = {
				BUNDLE_LOADER = "$(TEST_HOST)";
				CODE_SIGN_STYLE = Automatic;
				CURRENT_PROJECT_VERSION = 1;
				DEVELOPMENT_TEAM = 5V565SJ9S9;
				GENERATE_INFOPLIST_FILE = YES;
				IPHONEOS_DEPLOYMENT_TARGET = 18.2;
				MARKETING_VERSION = 1.0;
				PRODUCT_BUNDLE_IDENTIFIER = com.example.personal.OLSUNTests;
				PRODUCT_NAME = "$(TARGET_NAME)";
				SWIFT_EMIT_LOC_STRINGS = NO;
				SWIFT_VERSION = 5.0;
				TARGETED_DEVICE_FAMILY = "1,2";
				TEST_HOST = "$(BUILT_PRODUCTS_DIR)/OLSUN.app/$(BUNDLE_EXECUTABLE_FOLDER_PATH)/OLSUN";
			};
			name = Release;
		};
		11A7E3572D8B35C200D82AF2 /* Debug */ = {
			isa = XCBuildConfiguration;
			buildSettings = {
				CODE_SIGN_STYLE = Automatic;
				CURRENT_PROJECT_VERSION = 1;
				DEVELOPMENT_TEAM = 5V565SJ9S9;
				GENERATE_INFOPLIST_FILE = YES;
				MARKETING_VERSION = 1.0;
				PRODUCT_BUNDLE_IDENTIFIER = com.example.personal.OLSUNUITests;
				PRODUCT_NAME = "$(TARGET_NAME)";
				SWIFT_EMIT_LOC_STRINGS = NO;
				SWIFT_VERSION = 5.0;
				TARGETED_DEVICE_FAMILY = "1,2";
				TEST_TARGET_NAME = OLSUN;
			};
			name = Debug;
		};
		11A7E3582D8B35C200D82AF2 /* Release */ = {
			isa = XCBuildConfiguration;
			buildSettings = {
				CODE_SIGN_STYLE = Automatic;
				CURRENT_PROJECT_VERSION = 1;
				DEVELOPMENT_TEAM = 5V565SJ9S9;
				GENERATE_INFOPLIST_FILE = YES;
				MARKETING_VERSION = 1.0;
				PRODUCT_BUNDLE_IDENTIFIER = com.example.personal.OLSUNUITests;
				PRODUCT_NAME = "$(TARGET_NAME)";
				SWIFT_EMIT_LOC_STRINGS = NO;
				SWIFT_VERSION = 5.0;
				TARGETED_DEVICE_FAMILY = "1,2";
				TEST_TARGET_NAME = OLSUN;
			};
			name = Release;
		};
/* End XCBuildConfiguration section */

/* Begin XCConfigurationList section */
		11A7E3202D8B35BF00D82AF2 /* Build configuration list for PBXProject "OLSUN" */ = {
			isa = XCConfigurationList;
			buildConfigurations = (
				11A7E3512D8B35C200D82AF2 /* Debug */,
				11A7E3522D8B35C200D82AF2 /* Release */,
			);
			defaultConfigurationIsVisible = 0;
			defaultConfigurationName = Release;
		};
		11A7E34E2D8B35C200D82AF2 /* Build configuration list for PBXNativeTarget "OLSUN" */ = {
			isa = XCConfigurationList;
			buildConfigurations = (
				11A7E34F2D8B35C200D82AF2 /* Debug */,
				11A7E3502D8B35C200D82AF2 /* Release */,
			);
			defaultConfigurationIsVisible = 0;
			defaultConfigurationName = Release;
		};
		11A7E3532D8B35C200D82AF2 /* Build configuration list for PBXNativeTarget "OLSUNTests" */ = {
			isa = XCConfigurationList;
			buildConfigurations = (
				11A7E3542D8B35C200D82AF2 /* Debug */,
				11A7E3552D8B35C200D82AF2 /* Release */,
			);
			defaultConfigurationIsVisible = 0;
			defaultConfigurationName = Release;
		};
		11A7E3562D8B35C200D82AF2 /* Build configuration list for PBXNativeTarget "OLSUNUITests" */ = {
			isa = XCConfigurationList;
			buildConfigurations = (
				11A7E3572D8B35C200D82AF2 /* Debug */,
				11A7E3582D8B35C200D82AF2 /* Release */,
			);
			defaultConfigurationIsVisible = 0;
			defaultConfigurationName = Release;
		};
/* End XCConfigurationList section */
	};
	rootObject = 11A7E31D2D8B35BF00D82AF2 /* Project object */;
}
